{
  "version": 4,
  "terraform_version": "1.10.5",
  "serial": 347,
  "lineage": "612f1913-32ab-dce1-4fe5-2761be68ef4b",
  "outputs": {
    "bucket_name": {
      "value": "wnb-tf-file-storage-thankful-jawfish",
      "type": "string"
    },
    "url": {
      "value": "https://wnb.wnbserver2109841136.com",
      "type": "string"
    }
  },
  "resources": [
    {
      "mode": "data",
      "type": "aws_eks_cluster",
      "name": "app_cluster",
      "provider": "provider[\"registry.terraform.io/hashicorp/aws\"]",
      "instances": [
        {
          "schema_version": 0,
          "attributes": {
            "arn": "arn:aws:eks:us-east-1:571600843687:cluster/wnb-tf",
            "certificate_authority": [
              {
                "data": "LS0tLS1CRUdJTiBDRVJUSUZJQ0FURS0tLS0tCk1JSURCVENDQWUyZ0F3SUJBZ0lJS1JodGRVckwxRVV3RFFZSktvWklodmNOQVFFTEJRQXdGVEVUTUJFR0ExVUUKQXhNS2EzVmlaWEp1WlhSbGN6QWVGdzB5TlRBeE16RXdNekkwTWpWYUZ3MHpOVEF4TWprd016STVNalZhTUJVeApFekFSQmdOVkJBTVRDbXQxWW1WeWJtVjBaWE13Z2dFaU1BMEdDU3FHU0liM0RRRUJBUVVBQTRJQkR3QXdnZ0VLCkFvSUJBUUM5dUJReWJDUDMzQjVGQkhrU1A5a3hINy9CdXNDUzBXSysvSlR5bTFRMktIeU1PMTcrQ3ZvcDFETVkKRUozK25BU2FMSlJNRzhpTTZZek5kM2txK0l6a21FbHR0SjNVbE9lTXJuMlBKUHhMZGt2T0Rxdi9ZOUpLaDJjOQpONmZyMm42Mmg1WU0rN0lpLy85REdnVXArR0cyK09xVEVtaFdyc3pBcitsZjBQcGUxeUJEN0h6Kys2NGRuSThIClVobm5Od2NsNno2T3lJTllDemlxTnlsbm1NTy9RY0o3ZlAwYU1rc1g4RTcrbFdFa3I2dm9DaVYrMlc4ZXVITWEKbVNXeDF3TVVQZEVPNXR6SmZxeEI0a2NNcis3YWt2dlkyYkcyd2RtUXA3bjNic3VVNEJxQ3JCUXA3bjFxUDhTawp5Z09FRm9yUmNGNm5lSis3T1Y0aEtIVHdzT3dMQWdNQkFBR2pXVEJYTUE0R0ExVWREd0VCL3dRRUF3SUNwREFQCkJnTlZIUk1CQWY4RUJUQURBUUgvTUIwR0ExVWREZ1FXQkJUQ3lrcWZPTTBpdEF0QWNiREUzSHdXRWROeFdEQVYKQmdOVkhSRUVEakFNZ2dwcmRXSmxjbTVsZEdWek1BMEdDU3FHU0liM0RRRUJDd1VBQTRJQkFRQ1VxM3RPREJIcApPRXBzZW5lUkpmbDRHWno3bHBweCtWWEdnRjZZZzVmYlFFQndtd2szbjQ2aDVrU0YySUZHRVZvRXBCUDcwZlZGCjh1NzROZHBHZ05tVkl0RTRxMGJzWUE0L21Mb2YwV0RaRXlDS25FanFndXhLQ0Rmem5ta2FGeTNxczQzd2EzRUwKTW1hTW8wbkN1dnc0WEZodHFBaXRsU0F4bFFrVWpxNDY3V29SNEZQc3VjcVMzUTVFUnFvMWNWY2RUSURmYVdBMwpGYzFEQkx1cTgzOW4yUzZwVzdxYTQ1Tkc1bStDU05MT2x6eHpJWE1qZXBzYmZZR252QUw0TEx0dE9URy9FbGRxClVXZ2MyM2ovNEo3Wm9UYndjckhFUzZUSmhGU0ttUTBnUmhnNkVoUFZrY3RZak5KK1BUQjJUUVlsUWxFbno2b1cKRmFnVXFCRFJ5aklMCi0tLS0tRU5EIENFUlRJRklDQVRFLS0tLS0K"
              }
            ],
            "cluster_id": null,
            "created_at": "2025-01-31 03:24:55.97 +0000 UTC",
            "enabled_cluster_log_types": [
              "api",
              "audit",
              "controllerManager",
              "scheduler"
            ],
            "endpoint": "https://D596CA6691F65F0271A4D4050ABF0911.gr7.us-east-1.eks.amazonaws.com",
            "id": "wnb-tf",
            "identity": [
              {
                "oidc": [
                  {
                    "issuer": "https://oidc.eks.us-east-1.amazonaws.com/id/D596CA6691F65F0271A4D4050ABF0911"
                  }
                ]
              }
            ],
            "kubernetes_network_config": [
              {
                "ip_family": "ipv4",
                "service_ipv4_cidr": "172.20.0.0/16",
                "service_ipv6_cidr": ""
              }
            ],
            "name": "wnb-tf",
            "outpost_config": [],
            "platform_version": "eks.2",
            "role_arn": "arn:aws:iam::571600843687:role/wnb-tf20250131024148878600000003",
            "status": "ACTIVE",
            "tags": {
              "Enviroment": "dev",
              "Example": "PublicDnsExternal",
              "GithubOrg": "terraform-aws-wandb",
              "GithubRepo": "wandb",
              "TerraformModule": "terraform-aws-wandb/module/app_eks",
              "TerraformNamespace": "wnb-tf"
            },
            "version": "1.32",
            "vpc_config": [
              {
                "cluster_security_group_id": "sg-00b53196b987a7b1a",
                "endpoint_private_access": true,
                "endpoint_public_access": true,
                "public_access_cidrs": [
                  "0.0.0.0/0"
                ],
                "security_group_ids": [
                  "sg-020b8e2564196924f"
                ],
                "subnet_ids": [
                  "subnet-05024a9be99979c8c",
                  "subnet-0fe7c88ba77ec5d34"
                ],
                "vpc_id": "vpc-054f2a122628623a2"
              }
            ]
          },
          "sensitive_attributes": []
        }
      ]
    },
    {
      "mode": "data",
      "type": "aws_eks_cluster_auth",
      "name": "app_cluster",
      "provider": "provider[\"registry.terraform.io/hashicorp/aws\"]",
      "instances": [
        {
          "schema_version": 0,
          "attributes": {
            "id": "wnb-tf",
            "name": "wnb-tf",
            "token": "k8s-aws-v1.aHR0cHM6Ly9zdHMuYW1hem9uYXdzLmNvbS8_QWN0aW9uPUdldENhbGxlcklkZW50aXR5JlZlcnNpb249MjAxMS0wNi0xNSZYLUFtei1BbGdvcml0aG09QVdTNC1ITUFDLVNIQTI1NiZYLUFtei1DcmVkZW50aWFsPUFLSUFZS0ZRUVdPVFdRUTUzSkpTJTJGMjAyNTAyMDElMkZ1cy1lYXN0LTElMkZzdHMlMkZhd3M0X3JlcXVlc3QmWC1BbXotRGF0ZT0yMDI1MDIwMVQwMDA5MjlaJlgtQW16LUV4cGlyZXM9MCZYLUFtei1TaWduZWRIZWFkZXJzPWhvc3QlM0J4LWs4cy1hd3MtaWQmWC1BbXotU2lnbmF0dXJlPTgxYWE2ZjdlZTkxOTE1OTA3YjY0ZTViMWI1MzZmYWRmYjk4ZDJiNjcyMjg0NzJlZGZkODZhNDBjZGZiMmQ1ZGM"
          },
          "sensitive_attributes": [
            [
              {
                "type": "get_attr",
                "value": "token"
              }
            ]
          ]
        }
      ]
    },
    {
      "module": "module.wandb_infra",
      "mode": "data",
      "type": "aws_s3_bucket",
      "name": "file_storage",
      "provider": "provider[\"registry.terraform.io/hashicorp/aws\"]",
      "instances": [
        {
          "schema_version": 0,
          "attributes": {
            "arn": "arn:aws:s3:::wnb-tf-file-storage-thankful-jawfish",
            "bucket": "wnb-tf-file-storage-thankful-jawfish",
            "bucket_domain_name": "wnb-tf-file-storage-thankful-jawfish.s3.amazonaws.com",
            "bucket_regional_domain_name": "wnb-tf-file-storage-thankful-jawfish.s3.amazonaws.com",
            "hosted_zone_id": "Z3AQBSTGFYJSTF",
            "id": "wnb-tf-file-storage-thankful-jawfish",
            "region": "us-east-1",
            "website_domain": null,
            "website_endpoint": null
          },
          "sensitive_attributes": []
        }
      ]
    },
    {
      "module": "module.wandb_infra",
      "mode": "data",
      "type": "aws_sqs_queue",
      "name": "file_storage",
      "provider": "provider[\"registry.terraform.io/hashicorp/aws\"]",
      "instances": [
        {
          "index_key": 0,
          "schema_version": 0,
          "attributes": {
            "arn": "arn:aws:sqs:us-east-1:571600843687:wnb-tf-file-storage-thankful-jawfish",
            "id": "https://sqs.us-east-1.amazonaws.com/571600843687/wnb-tf-file-storage-thankful-jawfish",
            "name": "wnb-tf-file-storage-thankful-jawfish",
            "tags": {
              "Enviroment": "dev",
              "Example": "PublicDnsExternal",
              "GithubOrg": "wandb",
              "GithubRepo": "terraform-aws-wandb"
            },
            "url": "https://sqs.us-east-1.amazonaws.com/571600843687/wnb-tf-file-storage-thankful-jawfish"
          },
          "sensitive_attributes": []
        }
      ]
    },
    {
      "module": "module.wandb_infra",
      "mode": "managed",
      "type": "aws_autoscaling_attachment",
      "name": "autoscaling_attachment",
      "provider": "provider[\"registry.terraform.io/hashicorp/aws\"]",
      "instances": [
        {
          "index_key": "primary",
          "schema_version": 0,
          "attributes": {
            "alb_target_group_arn": null,
            "autoscaling_group_name": "eks-wnb-tf-primary2025013103351184210000000b-58ca5d36-a4bb-6ab0-27e7-a8ff4d4180ed",
            "elb": null,
            "id": "eks-wnb-tf-primary2025013103351184210000000b-58ca5d36-a4bb-6ab0-27e7-a8ff4d4180ed-2025013103370978290000000e",
            "lb_target_group_arn": "arn:aws:elasticloadbalancing:us-east-1:571600843687:targetgroup/wnb-tf-tg-app/dbe6bcb05b8c690c"
          },
          "sensitive_attributes": [],
          "private": "bnVsbA==",
          "dependencies": [
            "module.wandb_infra.module.app_eks.aws_iam_role.node",
            "module.wandb_infra.module.app_eks.aws_security_group.primary_workers",
            "module.wandb_infra.module.app_eks.data.aws_iam_policy_document.node_assume",
            "module.wandb_infra.module.app_eks.module.eks.aws_cloudwatch_log_group.this",
            "module.wandb_infra.module.app_eks.module.eks.aws_eks_cluster.this",
            "module.wandb_infra.module.app_eks.module.eks.aws_iam_role.cluster",
            "module.wandb_infra.module.app_eks.module.eks.aws_iam_role.workers",
            "module.wandb_infra.module.app_eks.module.eks.aws_iam_role_policy_attachment.cluster_AmazonEKSClusterPolicy",
            "module.wandb_infra.module.app_eks.module.eks.aws_iam_role_policy_attachment.cluster_AmazonEKSServicePolicy",
            "module.wandb_infra.module.app_eks.module.eks.aws_iam_role_policy_attachment.cluster_AmazonEKSVPCResourceControllerPolicy",
            "module.wandb_infra.module.app_eks.module.eks.aws_iam_role_policy_attachment.workers_AmazonEC2ContainerRegistryReadOnly",
            "module.wandb_infra.module.app_eks.module.eks.aws_iam_role_policy_attachment.workers_AmazonEKSWorkerNodePolicy",
            "module.wandb_infra.module.app_eks.module.eks.aws_iam_role_policy_attachment.workers_AmazonEKS_CNI_Policy",
            "module.wandb_infra.module.app_eks.module.eks.aws_security_group.cluster",
            "module.wandb_infra.module.app_eks.module.eks.aws_security_group.workers",
            "module.wandb_infra.module.app_eks.module.eks.aws_security_group_rule.cluster_egress_internet",
            "module.wandb_infra.module.app_eks.module.eks.aws_security_group_rule.cluster_https_worker_ingress",
            "module.wandb_infra.module.app_eks.module.eks.data.aws_ami.eks_worker",
            "module.wandb_infra.module.app_eks.module.eks.data.aws_ami.eks_worker_windows",
            "module.wandb_infra.module.app_eks.module.eks.data.aws_iam_policy_document.cluster_assume_role_policy",
            "module.wandb_infra.module.app_eks.module.eks.data.aws_iam_policy_document.workers_assume_role_policy",
            "module.wandb_infra.module.app_eks.module.eks.data.aws_iam_role.custom_cluster_iam_role",
            "module.wandb_infra.module.app_eks.module.eks.data.aws_partition.current",
            "module.wandb_infra.module.app_eks.module.eks.module.node_groups.aws_eks_node_group.workers",
            "module.wandb_infra.module.app_eks.module.eks.module.node_groups.aws_launch_template.workers",
            "module.wandb_infra.module.app_eks.module.eks.module.node_groups.data.cloudinit_config.workers_userdata",
            "module.wandb_infra.module.app_lb.aws_lb_target_group.app",
            "module.wandb_infra.module.kms.aws_kms_key.key",
            "module.wandb_infra.module.kms.data.aws_caller_identity.current",
            "module.wandb_infra.module.networking.data.aws_availability_zones.available",
            "module.wandb_infra.module.networking.module.vpc.aws_subnet.private",
            "module.wandb_infra.module.networking.module.vpc.aws_vpc.this",
            "module.wandb_infra.module.networking.module.vpc.aws_vpc_ipv4_cidr_block_association.this"
          ]
        }
      ]
    },
    {
      "module": "module.wandb_infra.module.acm",
      "mode": "managed",
      "type": "aws_acm_certificate",
      "name": "this",
      "provider": "provider[\"registry.terraform.io/hashicorp/aws\"]",
      "instances": [
        {
          "index_key": 0,
          "schema_version": 0,
          "attributes": {
            "arn": "arn:aws:acm:us-east-1:571600843687:certificate/f26735a3-0315-4b08-99d7-041287cdf58d",
            "certificate_authority_arn": "",
            "certificate_body": null,
            "certificate_chain": null,
            "domain_name": "sub.wnb.wnbserver210984.com",
            "domain_validation_options": [
              {
                "domain_name": "sub.wnb.wnbserver210984.com",
                "resource_record_name": "_f9a5c9a6345cc1d061b198f9b161daf5.sub.wnb.wnbserver210984.com.",
                "resource_record_type": "CNAME",
                "resource_record_value": "_74abe40793a5ed6d01b975763dbc8575.zfyfvmchrl.acm-validations.aws."
              }
            ],
            "early_renewal_duration": "",
            "id": "arn:aws:acm:us-east-1:571600843687:certificate/f26735a3-0315-4b08-99d7-041287cdf58d",
            "key_algorithm": "RSA_2048",
            "not_after": "",
            "not_before": "",
            "options": [
              {
                "certificate_transparency_logging_preference": "ENABLED"
              }
            ],
            "pending_renewal": false,
            "private_key": null,
            "renewal_eligibility": "INELIGIBLE",
            "renewal_summary": [],
            "status": "PENDING_VALIDATION",
            "subject_alternative_names": [
              "sub.wnb.wnbserver210984.com"
            ],
            "tags": null,
            "tags_all": {
              "Enviroment": "dev",
              "Example": "PublicDnsExternal",
              "GithubOrg": "wandb",
              "GithubRepo": "terraform-aws-wandb"
            },
            "type": "AMAZON_ISSUED",
            "validation_emails": [],
            "validation_method": "DNS",
            "validation_option": []
          },
          "sensitive_attributes": [
            [
              {
                "type": "get_attr",
                "value": "private_key"
              }
            ]
          ],
          "private": "bnVsbA==",
          "create_before_destroy": true
        }
      ]
    },
    {
      "module": "module.wandb_infra.module.acm",
      "mode": "managed",
      "type": "aws_route53_record",
      "name": "validation",
      "provider": "provider[\"registry.terraform.io/hashicorp/aws\"]",
      "instances": [
        {
          "index_key": 0,
          "schema_version": 2,
          "attributes": {
            "alias": [],
            "allow_overwrite": true,
            "cidr_routing_policy": [],
            "failover_routing_policy": [],
            "fqdn": "_f9a5c9a6345cc1d061b198f9b161daf5.sub.wnb.wnbserver210984.com",
            "geolocation_routing_policy": [],
            "health_check_id": "",
            "id": "Z03463481TCJL2H7MD5P2__f9a5c9a6345cc1d061b198f9b161daf5.sub.wnb.wnbserver210984.com._CNAME",
            "latency_routing_policy": [],
            "multivalue_answer_routing_policy": false,
            "name": "_f9a5c9a6345cc1d061b198f9b161daf5.sub.wnb.wnbserver210984.com",
            "records": [
              "_74abe40793a5ed6d01b975763dbc8575.zfyfvmchrl.acm-validations.aws."
            ],
            "set_identifier": "",
            "ttl": 60,
            "type": "CNAME",
            "weighted_routing_policy": [],
            "zone_id": "Z03463481TCJL2H7MD5P2"
          },
          "sensitive_attributes": [],
          "private": "eyJzY2hlbWFfdmVyc2lvbiI6IjIifQ==",
          "dependencies": [
            "module.wandb_infra.module.acm.aws_acm_certificate.this"
          ]
        }
      ]
    },
    {
      "module": "module.wandb_infra.module.app_eks",
      "mode": "data",
      "type": "aws_caller_identity",
      "name": "current",
      "provider": "provider[\"registry.terraform.io/hashicorp/aws\"]",
      "instances": [
        {
          "schema_version": 0,
          "attributes": {
            "account_id": "571600843687",
            "arn": "arn:aws:iam::571600843687:user/wnbtestuser",
            "id": "571600843687",
            "user_id": "AIDAYKFQQWOTYDKWKC4G5"
          },
          "sensitive_attributes": []
        }
      ]
    },
    {
      "module": "module.wandb_infra.module.app_eks",
      "mode": "data",
      "type": "aws_iam_policy_document",
      "name": "node_IMDSv2",
      "provider": "provider[\"registry.terraform.io/hashicorp/aws\"]",
      "instances": [
        {
          "schema_version": 0,
          "attributes": {
            "id": "2852281476",
            "json": "{\n  \"Version\": \"2012-10-17\",\n  \"Statement\": [\n    {\n      \"Sid\": \"\",\n      \"Effect\": \"Allow\",\n      \"Action\": \"ec2:DescribeInstanceAttribute\",\n      \"Resource\": \"*\"\n    }\n  ]\n}",
            "override_json": null,
            "override_policy_documents": null,
            "policy_id": null,
            "source_json": null,
            "source_policy_documents": null,
            "statement": [
              {
                "actions": [
                  "ec2:DescribeInstanceAttribute"
                ],
                "condition": [],
                "effect": "Allow",
                "not_actions": [],
                "not_principals": [],
                "not_resources": [],
                "principals": [],
                "resources": [
                  "*"
                ],
                "sid": ""
              }
            ],
            "version": "2012-10-17"
          },
          "sensitive_attributes": []
        }
      ]
    },
    {
      "module": "module.wandb_infra.module.app_eks",
      "mode": "data",
      "type": "aws_iam_policy_document",
      "name": "node_assume",
      "provider": "provider[\"registry.terraform.io/hashicorp/aws\"]",
      "instances": [
        {
          "schema_version": 0,
          "attributes": {
            "id": "1250222887",
            "json": "{\n  \"Version\": \"2012-10-17\",\n  \"Statement\": [\n    {\n      \"Sid\": \"aa1\",\n      \"Effect\": \"Allow\",\n      \"Action\": \"sts:AssumeRole\",\n      \"Principal\": {\n        \"Service\": \"ec2.amazonaws.com\"\n      }\n    }\n  ]\n}",
            "override_json": null,
            "override_policy_documents": null,
            "policy_id": null,
            "source_json": null,
            "source_policy_documents": null,
            "statement": [
              {
                "actions": [
                  "sts:AssumeRole"
                ],
                "condition": [],
                "effect": "Allow",
                "not_actions": [],
                "not_principals": [],
                "not_resources": [],
                "principals": [
                  {
                    "identifiers": [
                      "ec2.amazonaws.com"
                    ],
                    "type": "Service"
                  }
                ],
                "resources": [],
                "sid": "aa1"
              }
            ],
            "version": "2012-10-17"
          },
          "sensitive_attributes": []
        }
      ]
    },
    {
      "module": "module.wandb_infra.module.app_eks",
      "mode": "data",
      "type": "aws_iam_policy_document",
      "name": "node_cloudwatch",
      "provider": "provider[\"registry.terraform.io/hashicorp/aws\"]",
      "instances": [
        {
          "schema_version": 0,
          "attributes": {
            "id": "1046747789",
            "json": "{\n  \"Version\": \"2012-10-17\",\n  \"Statement\": [\n    {\n      \"Sid\": \"\",\n      \"Effect\": \"Allow\",\n      \"Action\": [\n        \"logs:PutLogEvents\",\n        \"logs:DescribeLogStreams\",\n        \"logs:CreateLogStream\",\n        \"logs:CreateLogGroup\"\n      ],\n      \"Resource\": \"arn:aws:logs:*:*:*\"\n    },\n    {\n      \"Sid\": \"\",\n      \"Effect\": \"Allow\",\n      \"Action\": \"cloudwatch:PutMetricData\",\n      \"Resource\": \"*\"\n    }\n  ]\n}",
            "override_json": null,
            "override_policy_documents": null,
            "policy_id": null,
            "source_json": null,
            "source_policy_documents": null,
            "statement": [
              {
                "actions": [
                  "logs:CreateLogGroup",
                  "logs:CreateLogStream",
                  "logs:DescribeLogStreams",
                  "logs:PutLogEvents"
                ],
                "condition": [],
                "effect": "Allow",
                "not_actions": [],
                "not_principals": [],
                "not_resources": [],
                "principals": [],
                "resources": [
                  "arn:aws:logs:*:*:*"
                ],
                "sid": ""
              },
              {
                "actions": [
                  "cloudwatch:PutMetricData"
                ],
                "condition": [],
                "effect": "Allow",
                "not_actions": [],
                "not_principals": [],
                "not_resources": [],
                "principals": [],
                "resources": [
                  "*"
                ],
                "sid": ""
              }
            ],
            "version": "2012-10-17"
          },
          "sensitive_attributes": []
        }
      ]
    },
    {
      "module": "module.wandb_infra.module.app_eks",
      "mode": "data",
      "type": "aws_iam_policy_document",
      "name": "node_kms",
      "provider": "provider[\"registry.terraform.io/hashicorp/aws\"]",
      "instances": [
        {
          "schema_version": 0,
          "attributes": {
            "id": "630037239",
            "json": "{\n  \"Version\": \"2012-10-17\",\n  \"Statement\": [\n    {\n      \"Sid\": \"\",\n      \"Effect\": \"Allow\",\n      \"Action\": [\n        \"kms:ReEncrypt*\",\n        \"kms:GenerateDataKey*\",\n        \"kms:Encrypt\",\n        \"kms:DescribeKey\",\n        \"kms:Decrypt\"\n      ],\n      \"Resource\": \"arn:aws:kms:us-east-1:571600843687:key/ab04a8fa-4c24-4a87-a61a-c4c6e73190b3\"\n    }\n  ]\n}",
            "override_json": null,
            "override_policy_documents": null,
            "policy_id": null,
            "source_json": null,
            "source_policy_documents": null,
            "statement": [
              {
                "actions": [
                  "kms:Decrypt",
                  "kms:DescribeKey",
                  "kms:Encrypt",
                  "kms:GenerateDataKey*",
                  "kms:ReEncrypt*"
                ],
                "condition": [],
                "effect": "Allow",
                "not_actions": [],
                "not_principals": [],
                "not_resources": [],
                "principals": [],
                "resources": [
                  "arn:aws:kms:us-east-1:571600843687:key/ab04a8fa-4c24-4a87-a61a-c4c6e73190b3"
                ],
                "sid": ""
              }
            ],
            "version": "2012-10-17"
          },
          "sensitive_attributes": []
        }
      ]
    },
    {
      "module": "module.wandb_infra.module.app_eks",
      "mode": "data",
      "type": "aws_iam_policy_document",
      "name": "node_s3",
      "provider": "provider[\"registry.terraform.io/hashicorp/aws\"]",
      "instances": [
        {
          "schema_version": 0,
          "attributes": {
            "id": "701534997",
            "json": "{\n  \"Version\": \"2012-10-17\",\n  \"Statement\": [\n    {\n      \"Sid\": \"\",\n      \"Effect\": \"Allow\",\n      \"Action\": \"s3:*\",\n      \"Resource\": [\n        \"arn:aws:s3:::wnb-tf-file-storage-thankful-jawfish/*\",\n        \"arn:aws:s3:::wnb-tf-file-storage-thankful-jawfish\"\n      ]\n    }\n  ]\n}",
            "override_json": null,
            "override_policy_documents": null,
            "policy_id": null,
            "source_json": null,
            "source_policy_documents": null,
            "statement": [
              {
                "actions": [
                  "s3:*"
                ],
                "condition": [],
                "effect": "Allow",
                "not_actions": [],
                "not_principals": [],
                "not_resources": [],
                "principals": [],
                "resources": [
                  "arn:aws:s3:::wnb-tf-file-storage-thankful-jawfish",
                  "arn:aws:s3:::wnb-tf-file-storage-thankful-jawfish/*"
                ],
                "sid": ""
              }
            ],
            "version": "2012-10-17"
          },
          "sensitive_attributes": []
        }
      ]
    },
    {
      "module": "module.wandb_infra.module.app_eks",
      "mode": "data",
      "type": "aws_iam_policy_document",
      "name": "node_sqs",
      "provider": "provider[\"registry.terraform.io/hashicorp/aws\"]",
      "instances": [
        {
          "schema_version": 0,
          "attributes": {
            "id": "2217806859",
            "json": "{\n  \"Version\": \"2012-10-17\",\n  \"Statement\": [\n    {\n      \"Sid\": \"\",\n      \"Effect\": \"Allow\",\n      \"Action\": \"sqs:*\",\n      \"Resource\": \"arn:aws:sqs:us-east-1:571600843687:wnb-tf-file-storage-thankful-jawfish\"\n    }\n  ]\n}",
            "override_json": null,
            "override_policy_documents": null,
            "policy_id": null,
            "source_json": null,
            "source_policy_documents": null,
            "statement": [
              {
                "actions": [
                  "sqs:*"
                ],
                "condition": [],
                "effect": "Allow",
                "not_actions": [],
                "not_principals": [],
                "not_resources": [],
                "principals": [],
                "resources": [
                  "arn:aws:sqs:us-east-1:571600843687:wnb-tf-file-storage-thankful-jawfish"
                ],
                "sid": ""
              }
            ],
            "version": "2012-10-17"
          },
          "sensitive_attributes": []
        }
      ]
    },
    {
      "module": "module.wandb_infra.module.app_eks",
      "mode": "managed",
      "type": "aws_eks_addon",
      "name": "eks",
      "provider": "provider[\"registry.terraform.io/hashicorp/aws\"]",
      "instances": [
        {
          "schema_version": 0,
          "attributes": {
            "addon_name": "aws-ebs-csi-driver",
            "addon_version": "v1.39.0-eksbuild.1",
            "arn": "arn:aws:eks:us-east-1:571600843687:addon/wnb-tf/aws-ebs-csi-driver/98ca5d37-8a2a-f3ff-3dcf-96b8f3842169",
            "cluster_name": "wnb-tf",
            "configuration_values": "",
            "created_at": "2025-01-31T03:37:09Z",
            "id": "wnb-tf:aws-ebs-csi-driver",
            "modified_at": "2025-01-31T03:38:01Z",
            "preserve": null,
            "resolve_conflicts": null,
            "service_account_role_arn": "",
            "tags": {},
            "tags_all": {
              "Enviroment": "dev",
              "Example": "PublicDnsExternal",
              "GithubOrg": "wandb",
              "GithubRepo": "terraform-aws-wandb"
            },
            "timeouts": null
          },
          "sensitive_attributes": [],
          "private": "eyJlMmJmYjczMC1lY2FhLTExZTYtOGY4OC0zNDM2M2JjN2M0YzAiOnsiY3JlYXRlIjoxMjAwMDAwMDAwMDAwLCJkZWxldGUiOjI0MDAwMDAwMDAwMDAsInVwZGF0ZSI6MTIwMDAwMDAwMDAwMH19",
          "dependencies": [
            "data.aws_eks_cluster.app_cluster",
            "data.aws_eks_cluster_auth.app_cluster",
            "module.wandb_infra.module.app_eks.aws_iam_role.node",
            "module.wandb_infra.module.app_eks.aws_security_group.primary_workers",
            "module.wandb_infra.module.app_eks.data.aws_iam_policy_document.node_assume",
            "module.wandb_infra.module.app_eks.module.eks.aws_autoscaling_group.workers",
            "module.wandb_infra.module.app_eks.module.eks.aws_autoscaling_group.workers_launch_template",
            "module.wandb_infra.module.app_eks.module.eks.aws_cloudwatch_log_group.this",
            "module.wandb_infra.module.app_eks.module.eks.aws_eks_cluster.this",
            "module.wandb_infra.module.app_eks.module.eks.aws_iam_instance_profile.workers",
            "module.wandb_infra.module.app_eks.module.eks.aws_iam_instance_profile.workers_launch_template",
            "module.wandb_infra.module.app_eks.module.eks.aws_iam_openid_connect_provider.oidc_provider",
            "module.wandb_infra.module.app_eks.module.eks.aws_iam_policy.cluster_deny_log_group",
            "module.wandb_infra.module.app_eks.module.eks.aws_iam_policy.cluster_elb_sl_role_creation",
            "module.wandb_infra.module.app_eks.module.eks.aws_iam_role.cluster",
            "module.wandb_infra.module.app_eks.module.eks.aws_iam_role.workers",
            "module.wandb_infra.module.app_eks.module.eks.aws_iam_role_policy_attachment.cluster_AmazonEKSClusterPolicy",
            "module.wandb_infra.module.app_eks.module.eks.aws_iam_role_policy_attachment.cluster_AmazonEKSServicePolicy",
            "module.wandb_infra.module.app_eks.module.eks.aws_iam_role_policy_attachment.cluster_AmazonEKSVPCResourceControllerPolicy",
            "module.wandb_infra.module.app_eks.module.eks.aws_iam_role_policy_attachment.cluster_deny_log_group",
            "module.wandb_infra.module.app_eks.module.eks.aws_iam_role_policy_attachment.cluster_elb_sl_role_creation",
            "module.wandb_infra.module.app_eks.module.eks.aws_iam_role_policy_attachment.workers_AmazonEC2ContainerRegistryReadOnly",
            "module.wandb_infra.module.app_eks.module.eks.aws_iam_role_policy_attachment.workers_AmazonEKSWorkerNodePolicy",
            "module.wandb_infra.module.app_eks.module.eks.aws_iam_role_policy_attachment.workers_AmazonEKS_CNI_Policy",
            "module.wandb_infra.module.app_eks.module.eks.aws_iam_role_policy_attachment.workers_additional_policies",
            "module.wandb_infra.module.app_eks.module.eks.aws_launch_configuration.workers",
            "module.wandb_infra.module.app_eks.module.eks.aws_launch_template.workers_launch_template",
            "module.wandb_infra.module.app_eks.module.eks.aws_security_group.cluster",
            "module.wandb_infra.module.app_eks.module.eks.aws_security_group.workers",
            "module.wandb_infra.module.app_eks.module.eks.aws_security_group_rule.cluster_egress_internet",
            "module.wandb_infra.module.app_eks.module.eks.aws_security_group_rule.cluster_https_worker_ingress",
            "module.wandb_infra.module.app_eks.module.eks.aws_security_group_rule.cluster_primary_ingress_workers",
            "module.wandb_infra.module.app_eks.module.eks.aws_security_group_rule.cluster_private_access_cidrs_source",
            "module.wandb_infra.module.app_eks.module.eks.aws_security_group_rule.cluster_private_access_sg_source",
            "module.wandb_infra.module.app_eks.module.eks.aws_security_group_rule.workers_egress_internet",
            "module.wandb_infra.module.app_eks.module.eks.aws_security_group_rule.workers_ingress_cluster",
            "module.wandb_infra.module.app_eks.module.eks.aws_security_group_rule.workers_ingress_cluster_https",
            "module.wandb_infra.module.app_eks.module.eks.aws_security_group_rule.workers_ingress_cluster_kubelet",
            "module.wandb_infra.module.app_eks.module.eks.aws_security_group_rule.workers_ingress_cluster_primary",
            "module.wandb_infra.module.app_eks.module.eks.aws_security_group_rule.workers_ingress_self",
            "module.wandb_infra.module.app_eks.module.eks.data.aws_ami.eks_worker",
            "module.wandb_infra.module.app_eks.module.eks.data.aws_ami.eks_worker_windows",
            "module.wandb_infra.module.app_eks.module.eks.data.aws_caller_identity.current",
            "module.wandb_infra.module.app_eks.module.eks.data.aws_iam_instance_profile.custom_worker_group_iam_instance_profile",
            "module.wandb_infra.module.app_eks.module.eks.data.aws_iam_instance_profile.custom_worker_group_launch_template_iam_instance_profile",
            "module.wandb_infra.module.app_eks.module.eks.data.aws_iam_policy_document.cluster_assume_role_policy",
            "module.wandb_infra.module.app_eks.module.eks.data.aws_iam_policy_document.cluster_deny_log_group",
            "module.wandb_infra.module.app_eks.module.eks.data.aws_iam_policy_document.cluster_elb_sl_role_creation",
            "module.wandb_infra.module.app_eks.module.eks.data.aws_iam_policy_document.workers_assume_role_policy",
            "module.wandb_infra.module.app_eks.module.eks.data.aws_iam_role.custom_cluster_iam_role",
            "module.wandb_infra.module.app_eks.module.eks.data.aws_partition.current",
            "module.wandb_infra.module.app_eks.module.eks.data.http.wait_for_cluster",
            "module.wandb_infra.module.app_eks.module.eks.kubernetes_config_map.aws_auth",
            "module.wandb_infra.module.app_eks.module.eks.local_file.kubeconfig",
            "module.wandb_infra.module.app_eks.module.eks.module.fargate.aws_eks_fargate_profile.this",
            "module.wandb_infra.module.app_eks.module.eks.module.fargate.aws_iam_role.eks_fargate_pod",
            "module.wandb_infra.module.app_eks.module.eks.module.fargate.aws_iam_role_policy_attachment.eks_fargate_pod",
            "module.wandb_infra.module.app_eks.module.eks.module.fargate.data.aws_iam_policy_document.eks_fargate_pod_assume_role",
            "module.wandb_infra.module.app_eks.module.eks.module.fargate.data.aws_iam_role.custom_fargate_iam_role",
            "module.wandb_infra.module.app_eks.module.eks.module.fargate.data.aws_partition.current",
            "module.wandb_infra.module.app_eks.module.eks.module.node_groups.aws_eks_node_group.workers",
            "module.wandb_infra.module.app_eks.module.eks.module.node_groups.aws_launch_template.workers",
            "module.wandb_infra.module.app_eks.module.eks.module.node_groups.data.cloudinit_config.workers_userdata",
            "module.wandb_infra.module.kms.aws_kms_key.key",
            "module.wandb_infra.module.kms.data.aws_caller_identity.current",
            "module.wandb_infra.module.networking.data.aws_availability_zones.available",
            "module.wandb_infra.module.networking.module.vpc.aws_subnet.private",
            "module.wandb_infra.module.networking.module.vpc.aws_vpc.this",
            "module.wandb_infra.module.networking.module.vpc.aws_vpc_ipv4_cidr_block_association.this"
          ]
        }
      ]
    },
    {
      "module": "module.wandb_infra.module.app_eks",
      "mode": "managed",
      "type": "aws_iam_policy",
      "name": "node_IMDSv2",
      "provider": "provider[\"registry.terraform.io/hashicorp/aws\"]",
      "instances": [
        {
          "schema_version": 0,
          "attributes": {
            "arn": "arn:aws:iam::571600843687:policy/wnb-tf-IMDSv2",
            "description": "",
            "id": "arn:aws:iam::571600843687:policy/wnb-tf-IMDSv2",
            "name": "wnb-tf-IMDSv2",
            "name_prefix": "",
            "path": "/",
            "policy": "{\"Statement\":[{\"Action\":\"ec2:DescribeInstanceAttribute\",\"Effect\":\"Allow\",\"Resource\":\"*\",\"Sid\":\"\"}],\"Version\":\"2012-10-17\"}",
            "policy_id": "ANPAYKFQQWOT4EUAQ5NSW",
            "tags": {},
            "tags_all": {
              "Enviroment": "dev",
              "Example": "PublicDnsExternal",
              "GithubOrg": "wandb",
              "GithubRepo": "terraform-aws-wandb"
            }
          },
          "sensitive_attributes": [],
          "private": "bnVsbA==",
          "dependencies": [
            "module.wandb_infra.module.app_eks.data.aws_iam_policy_document.node_IMDSv2"
          ]
        }
      ]
    },
    {
      "module": "module.wandb_infra.module.app_eks",
      "mode": "managed",
      "type": "aws_iam_policy",
      "name": "node_cloudwatch",
      "provider": "provider[\"registry.terraform.io/hashicorp/aws\"]",
      "instances": [
        {
          "schema_version": 0,
          "attributes": {
            "arn": "arn:aws:iam::571600843687:policy/wnb-tf-cloudwatch",
            "description": "",
            "id": "arn:aws:iam::571600843687:policy/wnb-tf-cloudwatch",
            "name": "wnb-tf-cloudwatch",
            "name_prefix": "",
            "path": "/",
            "policy": "{\"Statement\":[{\"Action\":[\"logs:PutLogEvents\",\"logs:DescribeLogStreams\",\"logs:CreateLogStream\",\"logs:CreateLogGroup\"],\"Effect\":\"Allow\",\"Resource\":\"arn:aws:logs:*:*:*\",\"Sid\":\"\"},{\"Action\":\"cloudwatch:PutMetricData\",\"Effect\":\"Allow\",\"Resource\":\"*\",\"Sid\":\"\"}],\"Version\":\"2012-10-17\"}",
            "policy_id": "ANPAYKFQQWOTU7X6T477M",
            "tags": {},
            "tags_all": {
              "Enviroment": "dev",
              "Example": "PublicDnsExternal",
              "GithubOrg": "wandb",
              "GithubRepo": "terraform-aws-wandb"
            }
          },
          "sensitive_attributes": [],
          "private": "bnVsbA==",
          "dependencies": [
            "module.wandb_infra.module.app_eks.data.aws_iam_policy_document.node_cloudwatch"
          ]
        }
      ]
    },
    {
      "module": "module.wandb_infra.module.app_eks",
      "mode": "managed",
      "type": "aws_iam_policy",
      "name": "node_kms",
      "provider": "provider[\"registry.terraform.io/hashicorp/aws\"]",
      "instances": [
        {
          "schema_version": 0,
          "attributes": {
            "arn": "arn:aws:iam::571600843687:policy/wnb-tf-kms",
            "description": "",
            "id": "arn:aws:iam::571600843687:policy/wnb-tf-kms",
            "name": "wnb-tf-kms",
            "name_prefix": "",
            "path": "/",
            "policy": "{\"Statement\":[{\"Action\":[\"kms:ReEncrypt*\",\"kms:GenerateDataKey*\",\"kms:Encrypt\",\"kms:DescribeKey\",\"kms:Decrypt\"],\"Effect\":\"Allow\",\"Resource\":\"arn:aws:kms:us-east-1:571600843687:key/ab04a8fa-4c24-4a87-a61a-c4c6e73190b3\",\"Sid\":\"\"}],\"Version\":\"2012-10-17\"}",
            "policy_id": "ANPAYKFQQWOTW3SL2LIBB",
            "tags": {},
            "tags_all": {
              "Enviroment": "dev",
              "Example": "PublicDnsExternal",
              "GithubOrg": "wandb",
              "GithubRepo": "terraform-aws-wandb"
            }
          },
          "sensitive_attributes": [],
          "private": "bnVsbA==",
          "dependencies": [
            "module.wandb_infra.module.app_eks.aws_iam_role.node",
            "module.wandb_infra.module.app_eks.data.aws_caller_identity.current",
            "module.wandb_infra.module.app_eks.data.aws_iam_policy_document.node_assume",
            "module.wandb_infra.module.app_eks.data.aws_iam_policy_document.node_kms",
            "module.wandb_infra.module.kms.aws_kms_key.key",
            "module.wandb_infra.module.kms.data.aws_caller_identity.current"
          ]
        }
      ]
    },
    {
      "module": "module.wandb_infra.module.app_eks",
      "mode": "managed",
      "type": "aws_iam_policy",
      "name": "node_s3",
      "provider": "provider[\"registry.terraform.io/hashicorp/aws\"]",
      "instances": [
        {
          "schema_version": 0,
          "attributes": {
            "arn": "arn:aws:iam::571600843687:policy/wnb-tf-s3",
            "description": "",
            "id": "arn:aws:iam::571600843687:policy/wnb-tf-s3",
            "name": "wnb-tf-s3",
            "name_prefix": "",
            "path": "/",
            "policy": "{\"Statement\":[{\"Action\":\"s3:*\",\"Effect\":\"Allow\",\"Resource\":[\"arn:aws:s3:::wnb-tf-file-storage-thankful-jawfish/*\",\"arn:aws:s3:::wnb-tf-file-storage-thankful-jawfish\"],\"Sid\":\"\"}],\"Version\":\"2012-10-17\"}",
            "policy_id": "ANPAYKFQQWOTW575FO6GS",
            "tags": {},
            "tags_all": {
              "Enviroment": "dev",
              "Example": "PublicDnsExternal",
              "GithubOrg": "wandb",
              "GithubRepo": "terraform-aws-wandb"
            }
          },
          "sensitive_attributes": [],
          "private": "bnVsbA==",
          "dependencies": [
            "module.wandb_infra.data.aws_s3_bucket.file_storage",
            "module.wandb_infra.module.app_eks.data.aws_iam_policy_document.node_s3",
            "module.wandb_infra.module.file_storage.aws_s3_bucket.file_storage",
            "module.wandb_infra.module.file_storage.aws_s3_bucket_acl.file_storage",
            "module.wandb_infra.module.file_storage.aws_s3_bucket_cors_configuration.file_storage",
            "module.wandb_infra.module.file_storage.aws_s3_bucket_notification.file_storage",
            "module.wandb_infra.module.file_storage.aws_s3_bucket_ownership_controls.file_storage",
            "module.wandb_infra.module.file_storage.aws_s3_bucket_public_access_block.file_storage",
            "module.wandb_infra.module.file_storage.aws_s3_bucket_server_side_encryption_configuration.file_storage",
            "module.wandb_infra.module.file_storage.aws_sqs_queue.file_storage",
            "module.wandb_infra.module.file_storage.aws_sqs_queue_policy.file_storage",
            "module.wandb_infra.module.file_storage.random_pet.file_storage",
            "module.wandb_infra.module.kms.aws_kms_key.key",
            "module.wandb_infra.module.kms.data.aws_caller_identity.current"
          ]
        }
      ]
    },
    {
      "module": "module.wandb_infra.module.app_eks",
      "mode": "managed",
      "type": "aws_iam_policy",
      "name": "node_sqs",
      "provider": "provider[\"registry.terraform.io/hashicorp/aws\"]",
      "instances": [
        {
          "schema_version": 0,
          "attributes": {
            "arn": "arn:aws:iam::571600843687:policy/wnb-tf-sqs",
            "description": "",
            "id": "arn:aws:iam::571600843687:policy/wnb-tf-sqs",
            "name": "wnb-tf-sqs",
            "name_prefix": "",
            "path": "/",
            "policy": "{\"Statement\":[{\"Action\":\"sqs:*\",\"Effect\":\"Allow\",\"Resource\":\"arn:aws:sqs:us-east-1:571600843687:wnb-tf-file-storage-thankful-jawfish\",\"Sid\":\"\"}],\"Version\":\"2012-10-17\"}",
            "policy_id": "ANPAYKFQQWOTXK35IG2WH",
            "tags": {},
            "tags_all": {
              "Enviroment": "dev",
              "Example": "PublicDnsExternal",
              "GithubOrg": "wandb",
              "GithubRepo": "terraform-aws-wandb"
            }
          },
          "sensitive_attributes": [],
          "private": "bnVsbA==",
          "dependencies": [
            "module.wandb_infra.data.aws_sqs_queue.file_storage",
            "module.wandb_infra.module.app_eks.aws_iam_role.node",
            "module.wandb_infra.module.app_eks.data.aws_caller_identity.current",
            "module.wandb_infra.module.app_eks.data.aws_iam_policy_document.node_assume",
            "module.wandb_infra.module.app_eks.data.aws_iam_policy_document.node_sqs",
            "module.wandb_infra.module.file_storage.aws_s3_bucket.file_storage",
            "module.wandb_infra.module.file_storage.aws_s3_bucket_acl.file_storage",
            "module.wandb_infra.module.file_storage.aws_s3_bucket_cors_configuration.file_storage",
            "module.wandb_infra.module.file_storage.aws_s3_bucket_notification.file_storage",
            "module.wandb_infra.module.file_storage.aws_s3_bucket_ownership_controls.file_storage",
            "module.wandb_infra.module.file_storage.aws_s3_bucket_public_access_block.file_storage",
            "module.wandb_infra.module.file_storage.aws_s3_bucket_server_side_encryption_configuration.file_storage",
            "module.wandb_infra.module.file_storage.aws_sqs_queue.file_storage",
            "module.wandb_infra.module.file_storage.aws_sqs_queue_policy.file_storage",
            "module.wandb_infra.module.file_storage.random_pet.file_storage",
            "module.wandb_infra.module.kms.aws_kms_key.key",
            "module.wandb_infra.module.kms.data.aws_caller_identity.current"
          ]
        }
      ]
    },
    {
      "module": "module.wandb_infra.module.app_eks",
      "mode": "managed",
      "type": "aws_iam_role",
      "name": "node",
      "provider": "provider[\"registry.terraform.io/hashicorp/aws\"]",
      "instances": [
        {
          "schema_version": 0,
          "attributes": {
            "arn": "arn:aws:iam::571600843687:role/wnb-tf-node",
            "assume_role_policy": "{\"Statement\":[{\"Action\":\"sts:AssumeRole\",\"Effect\":\"Allow\",\"Principal\":{\"Service\":\"ec2.amazonaws.com\"},\"Sid\":\"aa1\"}],\"Version\":\"2012-10-17\"}",
            "create_date": "2025-01-31T02:41:49Z",
            "description": "",
            "force_detach_policies": false,
            "id": "wnb-tf-node",
            "inline_policy": [],
            "managed_policy_arns": [
              "arn:aws:iam::571600843687:policy/wnb-tf-IMDSv2",
              "arn:aws:iam::571600843687:policy/wnb-tf-cloudwatch",
              "arn:aws:iam::571600843687:policy/wnb-tf-kms",
              "arn:aws:iam::571600843687:policy/wnb-tf-s3",
              "arn:aws:iam::571600843687:policy/wnb-tf-sqs",
              "arn:aws:iam::aws:policy/AmazonEC2ContainerRegistryReadOnly",
              "arn:aws:iam::aws:policy/AmazonEKSWorkerNodePolicy",
              "arn:aws:iam::aws:policy/AmazonEKS_CNI_Policy",
              "arn:aws:iam::aws:policy/service-role/AmazonEBSCSIDriverPolicy"
            ],
            "max_session_duration": 3600,
            "name": "wnb-tf-node",
            "name_prefix": "",
            "path": "/",
            "permissions_boundary": null,
            "role_last_used": [
              {
                "last_used_date": "2025-01-31T23:57:55Z",
                "region": "us-east-1"
              }
            ],
            "tags": {},
            "tags_all": {
              "Enviroment": "dev",
              "Example": "PublicDnsExternal",
              "GithubOrg": "wandb",
              "GithubRepo": "terraform-aws-wandb"
            },
            "unique_id": "AROAYKFQQWOTQ7T45SCM7"
          },
          "sensitive_attributes": [],
          "private": "bnVsbA==",
          "dependencies": [
            "module.wandb_infra.module.app_eks.data.aws_iam_policy_document.node_assume"
          ],
          "create_before_destroy": true
        }
      ]
    },
    {
      "module": "module.wandb_infra.module.app_eks",
      "mode": "managed",
      "type": "aws_iam_role_policy_attachment",
      "name": "ebs_csi",
      "provider": "provider[\"registry.terraform.io/hashicorp/aws\"]",
      "instances": [
        {
          "schema_version": 0,
          "attributes": {
            "id": "wnb-tf-node-20250131024150072300000007",
            "policy_arn": "arn:aws:iam::aws:policy/service-role/AmazonEBSCSIDriverPolicy",
            "role": "wnb-tf-node"
          },
          "sensitive_attributes": [],
          "private": "bnVsbA==",
          "dependencies": [
            "module.wandb_infra.module.app_eks.aws_iam_role.node",
            "module.wandb_infra.module.app_eks.data.aws_iam_policy_document.node_assume"
          ]
        }
      ]
    },
    {
      "module": "module.wandb_infra.module.app_eks",
      "mode": "managed",
      "type": "aws_iam_role_policy_attachment",
      "name": "ec2_container_registry",
      "provider": "provider[\"registry.terraform.io/hashicorp/aws\"]",
      "instances": [
        {
          "schema_version": 0,
          "attributes": {
            "id": "wnb-tf-node-20250131024149842100000006",
            "policy_arn": "arn:aws:iam::aws:policy/AmazonEC2ContainerRegistryReadOnly",
            "role": "wnb-tf-node"
          },
          "sensitive_attributes": [],
          "private": "bnVsbA==",
          "dependencies": [
            "module.wandb_infra.module.app_eks.aws_iam_role.node",
            "module.wandb_infra.module.app_eks.data.aws_iam_policy_document.node_assume"
          ]
        }
      ]
    },
    {
      "module": "module.wandb_infra.module.app_eks",
      "mode": "managed",
      "type": "aws_iam_role_policy_attachment",
      "name": "eks_cni",
      "provider": "provider[\"registry.terraform.io/hashicorp/aws\"]",
      "instances": [
        {
          "schema_version": 0,
          "attributes": {
            "id": "wnb-tf-node-2025013102415033980000000b",
            "policy_arn": "arn:aws:iam::aws:policy/AmazonEKS_CNI_Policy",
            "role": "wnb-tf-node"
          },
          "sensitive_attributes": [],
          "private": "bnVsbA==",
          "dependencies": [
            "module.wandb_infra.module.app_eks.aws_iam_role.node",
            "module.wandb_infra.module.app_eks.data.aws_iam_policy_document.node_assume"
          ]
        }
      ]
    },
    {
      "module": "module.wandb_infra.module.app_eks",
      "mode": "managed",
      "type": "aws_iam_role_policy_attachment",
      "name": "eks_worker_node",
      "provider": "provider[\"registry.terraform.io/hashicorp/aws\"]",
      "instances": [
        {
          "schema_version": 0,
          "attributes": {
            "id": "wnb-tf-node-2025013102415033860000000a",
            "policy_arn": "arn:aws:iam::aws:policy/AmazonEKSWorkerNodePolicy",
            "role": "wnb-tf-node"
          },
          "sensitive_attributes": [],
          "private": "bnVsbA==",
          "dependencies": [
            "module.wandb_infra.module.app_eks.aws_iam_role.node",
            "module.wandb_infra.module.app_eks.data.aws_iam_policy_document.node_assume"
          ]
        }
      ]
    },
    {
      "module": "module.wandb_infra.module.app_eks",
      "mode": "managed",
      "type": "aws_iam_role_policy_attachment",
      "name": "node_IMDSv2",
      "provider": "provider[\"registry.terraform.io/hashicorp/aws\"]",
      "instances": [
        {
          "schema_version": 0,
          "attributes": {
            "id": "wnb-tf-node-20250131024150338600000009",
            "policy_arn": "arn:aws:iam::571600843687:policy/wnb-tf-IMDSv2",
            "role": "wnb-tf-node"
          },
          "sensitive_attributes": [],
          "private": "bnVsbA==",
          "dependencies": [
            "module.wandb_infra.module.app_eks.aws_iam_policy.node_IMDSv2",
            "module.wandb_infra.module.app_eks.aws_iam_role.node",
            "module.wandb_infra.module.app_eks.data.aws_iam_policy_document.node_IMDSv2",
            "module.wandb_infra.module.app_eks.data.aws_iam_policy_document.node_assume"
          ]
        }
      ]
    },
    {
      "module": "module.wandb_infra.module.app_eks",
      "mode": "managed",
      "type": "aws_iam_role_policy_attachment",
      "name": "node_cloudwatch",
      "provider": "provider[\"registry.terraform.io/hashicorp/aws\"]",
      "instances": [
        {
          "schema_version": 0,
          "attributes": {
            "id": "wnb-tf-node-20250131024149828300000005",
            "policy_arn": "arn:aws:iam::571600843687:policy/wnb-tf-cloudwatch",
            "role": "wnb-tf-node"
          },
          "sensitive_attributes": [],
          "private": "bnVsbA==",
          "dependencies": [
            "module.wandb_infra.module.app_eks.aws_iam_policy.node_cloudwatch",
            "module.wandb_infra.module.app_eks.aws_iam_role.node",
            "module.wandb_infra.module.app_eks.data.aws_iam_policy_document.node_assume",
            "module.wandb_infra.module.app_eks.data.aws_iam_policy_document.node_cloudwatch"
          ]
        }
      ]
    },
    {
      "module": "module.wandb_infra.module.app_eks",
      "mode": "managed",
      "type": "aws_iam_role_policy_attachment",
      "name": "node_kms",
      "provider": "provider[\"registry.terraform.io/hashicorp/aws\"]",
      "instances": [
        {
          "schema_version": 0,
          "attributes": {
            "id": "wnb-tf-node-20250131032454283900000002",
            "policy_arn": "arn:aws:iam::571600843687:policy/wnb-tf-kms",
            "role": "wnb-tf-node"
          },
          "sensitive_attributes": [],
          "private": "bnVsbA==",
          "dependencies": [
            "module.wandb_infra.module.app_eks.aws_iam_policy.node_kms",
            "module.wandb_infra.module.app_eks.aws_iam_role.node",
            "module.wandb_infra.module.app_eks.data.aws_caller_identity.current",
            "module.wandb_infra.module.app_eks.data.aws_iam_policy_document.node_assume",
            "module.wandb_infra.module.app_eks.data.aws_iam_policy_document.node_kms",
            "module.wandb_infra.module.kms.aws_kms_key.key",
            "module.wandb_infra.module.kms.data.aws_caller_identity.current"
          ]
        }
      ]
    },
    {
      "module": "module.wandb_infra.module.app_eks",
      "mode": "managed",
      "type": "aws_iam_role_policy_attachment",
      "name": "node_s3",
      "provider": "provider[\"registry.terraform.io/hashicorp/aws\"]",
      "instances": [
        {
          "schema_version": 0,
          "attributes": {
            "id": "wnb-tf-node-20250131032454549500000003",
            "policy_arn": "arn:aws:iam::571600843687:policy/wnb-tf-s3",
            "role": "wnb-tf-node"
          },
          "sensitive_attributes": [],
          "private": "bnVsbA==",
          "dependencies": [
            "module.wandb_infra.data.aws_s3_bucket.file_storage",
            "module.wandb_infra.module.app_eks.aws_iam_policy.node_s3",
            "module.wandb_infra.module.app_eks.aws_iam_role.node",
            "module.wandb_infra.module.app_eks.data.aws_iam_policy_document.node_assume",
            "module.wandb_infra.module.app_eks.data.aws_iam_policy_document.node_s3",
            "module.wandb_infra.module.file_storage.aws_s3_bucket.file_storage",
            "module.wandb_infra.module.file_storage.aws_s3_bucket_acl.file_storage",
            "module.wandb_infra.module.file_storage.aws_s3_bucket_cors_configuration.file_storage",
            "module.wandb_infra.module.file_storage.aws_s3_bucket_notification.file_storage",
            "module.wandb_infra.module.file_storage.aws_s3_bucket_ownership_controls.file_storage",
            "module.wandb_infra.module.file_storage.aws_s3_bucket_public_access_block.file_storage",
            "module.wandb_infra.module.file_storage.aws_s3_bucket_server_side_encryption_configuration.file_storage",
            "module.wandb_infra.module.file_storage.aws_sqs_queue.file_storage",
            "module.wandb_infra.module.file_storage.aws_sqs_queue_policy.file_storage",
            "module.wandb_infra.module.file_storage.random_pet.file_storage",
            "module.wandb_infra.module.kms.aws_kms_key.key",
            "module.wandb_infra.module.kms.data.aws_caller_identity.current"
          ]
        }
      ]
    },
    {
      "module": "module.wandb_infra.module.app_eks",
      "mode": "managed",
      "type": "aws_iam_role_policy_attachment",
      "name": "node_sqs",
      "provider": "provider[\"registry.terraform.io/hashicorp/aws\"]",
      "instances": [
        {
          "schema_version": 0,
          "attributes": {
            "id": "wnb-tf-node-20250131032454695400000004",
            "policy_arn": "arn:aws:iam::571600843687:policy/wnb-tf-sqs",
            "role": "wnb-tf-node"
          },
          "sensitive_attributes": [],
          "private": "bnVsbA==",
          "dependencies": [
            "module.wandb_infra.data.aws_sqs_queue.file_storage",
            "module.wandb_infra.module.app_eks.aws_iam_policy.node_sqs",
            "module.wandb_infra.module.app_eks.aws_iam_role.node",
            "module.wandb_infra.module.app_eks.data.aws_caller_identity.current",
            "module.wandb_infra.module.app_eks.data.aws_iam_policy_document.node_assume",
            "module.wandb_infra.module.app_eks.data.aws_iam_policy_document.node_sqs",
            "module.wandb_infra.module.file_storage.aws_s3_bucket.file_storage",
            "module.wandb_infra.module.file_storage.aws_s3_bucket_acl.file_storage",
            "module.wandb_infra.module.file_storage.aws_s3_bucket_cors_configuration.file_storage",
            "module.wandb_infra.module.file_storage.aws_s3_bucket_notification.file_storage",
            "module.wandb_infra.module.file_storage.aws_s3_bucket_ownership_controls.file_storage",
            "module.wandb_infra.module.file_storage.aws_s3_bucket_public_access_block.file_storage",
            "module.wandb_infra.module.file_storage.aws_s3_bucket_server_side_encryption_configuration.file_storage",
            "module.wandb_infra.module.file_storage.aws_sqs_queue.file_storage",
            "module.wandb_infra.module.file_storage.aws_sqs_queue_policy.file_storage",
            "module.wandb_infra.module.file_storage.random_pet.file_storage",
            "module.wandb_infra.module.kms.aws_kms_key.key",
            "module.wandb_infra.module.kms.data.aws_caller_identity.current"
          ]
        }
      ]
    },
    {
      "module": "module.wandb_infra.module.app_eks",
      "mode": "managed",
      "type": "aws_security_group",
      "name": "primary_workers",
      "provider": "provider[\"registry.terraform.io/hashicorp/aws\"]",
      "instances": [
        {
          "schema_version": 1,
          "attributes": {
            "arn": "arn:aws:ec2:us-east-1:571600843687:security-group/sg-0f135f7cc62eec2ce",
            "description": "EKS primary workers security group.",
            "egress": [],
            "id": "sg-0f135f7cc62eec2ce",
            "ingress": [
              {
                "cidr_blocks": [],
                "description": "Allow container NodePort service to receive load balancer traffic.",
                "from_port": 32543,
                "ipv6_cidr_blocks": [],
                "prefix_list_ids": [],
                "protocol": "tcp",
                "security_groups": [
                  "sg-0bc7bb590407faacd"
                ],
                "self": false,
                "to_port": 32543
              }
            ],
            "name": "wnb-tf-primary-workers",
            "name_prefix": "",
            "owner_id": "571600843687",
            "revoke_rules_on_delete": false,
            "tags": {},
            "tags_all": {
              "Enviroment": "dev",
              "Example": "PublicDnsExternal",
              "GithubOrg": "wandb",
              "GithubRepo": "terraform-aws-wandb"
            },
            "timeouts": null,
            "vpc_id": "vpc-054f2a122628623a2"
          },
          "sensitive_attributes": [],
          "private": "eyJlMmJmYjczMC1lY2FhLTExZTYtOGY4OC0zNDM2M2JjN2M0YzAiOnsiY3JlYXRlIjo2MDAwMDAwMDAwMDAsImRlbGV0ZSI6OTAwMDAwMDAwMDAwfSwic2NoZW1hX3ZlcnNpb24iOiIxIn0=",
          "dependencies": [
            "module.wandb_infra.module.networking.module.vpc.aws_vpc.this"
          ],
          "create_before_destroy": true
        }
      ]
    },
    {
      "module": "module.wandb_infra.module.app_eks",
      "mode": "managed",
      "type": "aws_security_group_rule",
      "name": "database",
      "provider": "provider[\"registry.terraform.io/hashicorp/aws\"]",
      "instances": [
        {
          "schema_version": 2,
          "attributes": {
            "cidr_blocks": null,
            "description": "Allow inbound traffic from EKS workers to database",
            "from_port": 3306,
            "id": "sgrule-1616105107",
            "ipv6_cidr_blocks": null,
            "prefix_list_ids": null,
            "protocol": "tcp",
            "security_group_id": "sg-09cf4c02a41879792",
            "security_group_rule_id": "sgr-0ca947fe7de51feff",
            "self": false,
            "source_security_group_id": "sg-0f135f7cc62eec2ce",
            "timeouts": null,
            "to_port": 3306,
            "type": "ingress"
          },
          "sensitive_attributes": [],
          "private": "eyJlMmJmYjczMC1lY2FhLTExZTYtOGY4OC0zNDM2M2JjN2M0YzAiOnsiY3JlYXRlIjozMDAwMDAwMDAwMDB9LCJzY2hlbWFfdmVyc2lvbiI6IjIifQ==",
          "dependencies": [
            "module.wandb_infra.module.app_eks.aws_security_group.primary_workers",
            "module.wandb_infra.module.database.module.aurora.aws_security_group.this",
            "module.wandb_infra.module.networking.module.vpc.aws_vpc.this"
          ]
        }
      ]
    },
    {
      "module": "module.wandb_infra.module.app_eks",
      "mode": "managed",
      "type": "aws_security_group_rule",
      "name": "elasticache",
      "provider": "provider[\"registry.terraform.io/hashicorp/aws\"]",
      "instances": [
        {
          "index_key": 0,
          "schema_version": 2,
          "attributes": {
            "cidr_blocks": null,
            "description": "Allow inbound traffic from EKS workers to elasticache",
            "from_port": 6379,
            "id": "sgrule-1500767833",
            "ipv6_cidr_blocks": null,
            "prefix_list_ids": null,
            "protocol": "tcp",
            "security_group_id": "sg-0a52288cc5a749f4f",
            "security_group_rule_id": "sgr-0e8a1ca1d4a3faba1",
            "self": false,
            "source_security_group_id": "sg-0f135f7cc62eec2ce",
            "timeouts": null,
            "to_port": 6379,
            "type": "ingress"
          },
          "sensitive_attributes": [],
          "private": "eyJlMmJmYjczMC1lY2FhLTExZTYtOGY4OC0zNDM2M2JjN2M0YzAiOnsiY3JlYXRlIjozMDAwMDAwMDAwMDB9LCJzY2hlbWFfdmVyc2lvbiI6IjIifQ==",
          "dependencies": [
            "module.wandb_infra.module.app_eks.aws_security_group.primary_workers",
            "module.wandb_infra.module.networking.module.vpc.aws_vpc.this",
            "module.wandb_infra.module.redis.aws_security_group.redis"
          ]
        }
      ]
    },
    {
      "module": "module.wandb_infra.module.app_eks",
      "mode": "managed",
      "type": "aws_security_group_rule",
      "name": "lb",
      "provider": "provider[\"registry.terraform.io/hashicorp/aws\"]",
      "instances": [
        {
          "schema_version": 2,
          "attributes": {
            "cidr_blocks": null,
            "description": "Allow container NodePort service to receive load balancer traffic.",
            "from_port": 32543,
            "id": "sgrule-3627692825",
            "ipv6_cidr_blocks": null,
            "prefix_list_ids": null,
            "protocol": "tcp",
            "security_group_id": "sg-0f135f7cc62eec2ce",
            "security_group_rule_id": "sgr-0f26e6e212377a427",
            "self": false,
            "source_security_group_id": "sg-0bc7bb590407faacd",
            "timeouts": null,
            "to_port": 32543,
            "type": "ingress"
          },
          "sensitive_attributes": [],
          "private": "eyJlMmJmYjczMC1lY2FhLTExZTYtOGY4OC0zNDM2M2JjN2M0YzAiOnsiY3JlYXRlIjozMDAwMDAwMDAwMDB9LCJzY2hlbWFfdmVyc2lvbiI6IjIifQ==",
          "dependencies": [
            "module.wandb_infra.module.app_eks.aws_security_group.primary_workers",
            "module.wandb_infra.module.app_lb.aws_security_group.inbound",
            "module.wandb_infra.module.networking.module.vpc.aws_vpc.this"
          ]
        }
      ]
    },
    {
      "module": "module.wandb_infra.module.app_eks.module.eks",
      "mode": "data",
      "type": "aws_ami",
      "name": "eks_worker",
      "provider": "provider[\"registry.terraform.io/hashicorp/aws\"]",
      "instances": []
    },
    {
      "module": "module.wandb_infra.module.app_eks.module.eks",
      "mode": "data",
      "type": "aws_ami",
      "name": "eks_worker_windows",
      "provider": "provider[\"registry.terraform.io/hashicorp/aws\"]",
      "instances": []
    },
    {
      "module": "module.wandb_infra.module.app_eks.module.eks",
      "mode": "data",
      "type": "aws_caller_identity",
      "name": "current",
      "provider": "provider[\"registry.terraform.io/hashicorp/aws\"]",
      "instances": [
        {
          "schema_version": 0,
          "attributes": {
            "account_id": "571600843687",
            "arn": "arn:aws:iam::571600843687:user/wnbtestuser",
            "id": "571600843687",
            "user_id": "AIDAYKFQQWOTYDKWKC4G5"
          },
          "sensitive_attributes": []
        }
      ]
    },
    {
      "module": "module.wandb_infra.module.app_eks.module.eks",
      "mode": "data",
      "type": "aws_iam_instance_profile",
      "name": "custom_worker_group_iam_instance_profile",
      "provider": "provider[\"registry.terraform.io/hashicorp/aws\"]",
      "instances": []
    },
    {
      "module": "module.wandb_infra.module.app_eks.module.eks",
      "mode": "data",
      "type": "aws_iam_instance_profile",
      "name": "custom_worker_group_launch_template_iam_instance_profile",
      "provider": "provider[\"registry.terraform.io/hashicorp/aws\"]",
      "instances": []
    },
    {
      "module": "module.wandb_infra.module.app_eks.module.eks",
      "mode": "data",
      "type": "aws_iam_policy_document",
      "name": "cluster_assume_role_policy",
      "provider": "provider[\"registry.terraform.io/hashicorp/aws\"]",
      "instances": [
        {
          "schema_version": 0,
          "attributes": {
            "id": "2764486067",
            "json": "{\n  \"Version\": \"2012-10-17\",\n  \"Statement\": [\n    {\n      \"Sid\": \"EKSClusterAssumeRole\",\n      \"Effect\": \"Allow\",\n      \"Action\": \"sts:AssumeRole\",\n      \"Principal\": {\n        \"Service\": \"eks.amazonaws.com\"\n      }\n    }\n  ]\n}",
            "override_json": null,
            "override_policy_documents": null,
            "policy_id": null,
            "source_json": null,
            "source_policy_documents": null,
            "statement": [
              {
                "actions": [
                  "sts:AssumeRole"
                ],
                "condition": [],
                "effect": "Allow",
                "not_actions": [],
                "not_principals": [],
                "not_resources": [],
                "principals": [
                  {
                    "identifiers": [
                      "eks.amazonaws.com"
                    ],
                    "type": "Service"
                  }
                ],
                "resources": [],
                "sid": "EKSClusterAssumeRole"
              }
            ],
            "version": "2012-10-17"
          },
          "sensitive_attributes": []
        }
      ]
    },
    {
      "module": "module.wandb_infra.module.app_eks.module.eks",
      "mode": "data",
      "type": "aws_iam_policy_document",
      "name": "cluster_deny_log_group",
      "provider": "provider[\"registry.terraform.io/hashicorp/aws\"]",
      "instances": [
        {
          "index_key": 0,
          "schema_version": 0,
          "attributes": {
            "id": "2675893060",
            "json": "{\n  \"Version\": \"2012-10-17\",\n  \"Statement\": [\n    {\n      \"Sid\": \"\",\n      \"Effect\": \"Deny\",\n      \"Action\": \"logs:CreateLogGroup\",\n      \"Resource\": \"*\"\n    }\n  ]\n}",
            "override_json": null,
            "override_policy_documents": null,
            "policy_id": null,
            "source_json": null,
            "source_policy_documents": null,
            "statement": [
              {
                "actions": [
                  "logs:CreateLogGroup"
                ],
                "condition": [],
                "effect": "Deny",
                "not_actions": [],
                "not_principals": [],
                "not_resources": [],
                "principals": [],
                "resources": [
                  "*"
                ],
                "sid": ""
              }
            ],
            "version": "2012-10-17"
          },
          "sensitive_attributes": []
        }
      ]
    },
    {
      "module": "module.wandb_infra.module.app_eks.module.eks",
      "mode": "data",
      "type": "aws_iam_policy_document",
      "name": "cluster_elb_sl_role_creation",
      "provider": "provider[\"registry.terraform.io/hashicorp/aws\"]",
      "instances": [
        {
          "index_key": 0,
          "schema_version": 0,
          "attributes": {
            "id": "3709839417",
            "json": "{\n  \"Version\": \"2012-10-17\",\n  \"Statement\": [\n    {\n      \"Sid\": \"\",\n      \"Effect\": \"Allow\",\n      \"Action\": [\n        \"ec2:DescribeInternetGateways\",\n        \"ec2:DescribeAddresses\",\n        \"ec2:DescribeAccountAttributes\"\n      ],\n      \"Resource\": \"*\"\n    }\n  ]\n}",
            "override_json": null,
            "override_policy_documents": null,
            "policy_id": null,
            "source_json": null,
            "source_policy_documents": null,
            "statement": [
              {
                "actions": [
                  "ec2:DescribeAccountAttributes",
                  "ec2:DescribeAddresses",
                  "ec2:DescribeInternetGateways"
                ],
                "condition": [],
                "effect": "Allow",
                "not_actions": [],
                "not_principals": [],
                "not_resources": [],
                "principals": [],
                "resources": [
                  "*"
                ],
                "sid": ""
              }
            ],
            "version": "2012-10-17"
          },
          "sensitive_attributes": []
        }
      ]
    },
    {
      "module": "module.wandb_infra.module.app_eks.module.eks",
      "mode": "data",
      "type": "aws_iam_policy_document",
      "name": "workers_assume_role_policy",
      "provider": "provider[\"registry.terraform.io/hashicorp/aws\"]",
      "instances": [
        {
          "schema_version": 0,
          "attributes": {
            "id": "3778018924",
            "json": "{\n  \"Version\": \"2012-10-17\",\n  \"Statement\": [\n    {\n      \"Sid\": \"EKSWorkerAssumeRole\",\n      \"Effect\": \"Allow\",\n      \"Action\": \"sts:AssumeRole\",\n      \"Principal\": {\n        \"Service\": \"ec2.amazonaws.com\"\n      }\n    }\n  ]\n}",
            "override_json": null,
            "override_policy_documents": null,
            "policy_id": null,
            "source_json": null,
            "source_policy_documents": null,
            "statement": [
              {
                "actions": [
                  "sts:AssumeRole"
                ],
                "condition": [],
                "effect": "Allow",
                "not_actions": [],
                "not_principals": [],
                "not_resources": [],
                "principals": [
                  {
                    "identifiers": [
                      "ec2.amazonaws.com"
                    ],
                    "type": "Service"
                  }
                ],
                "resources": [],
                "sid": "EKSWorkerAssumeRole"
              }
            ],
            "version": "2012-10-17"
          },
          "sensitive_attributes": []
        }
      ]
    },
    {
      "module": "module.wandb_infra.module.app_eks.module.eks",
      "mode": "data",
      "type": "aws_iam_role",
      "name": "custom_cluster_iam_role",
      "provider": "provider[\"registry.terraform.io/hashicorp/aws\"]",
      "instances": []
    },
    {
      "module": "module.wandb_infra.module.app_eks.module.eks",
      "mode": "data",
      "type": "aws_partition",
      "name": "current",
      "provider": "provider[\"registry.terraform.io/hashicorp/aws\"]",
      "instances": [
        {
          "schema_version": 0,
          "attributes": {
            "dns_suffix": "amazonaws.com",
            "id": "aws",
            "partition": "aws",
            "reverse_dns_prefix": "com.amazonaws"
          },
          "sensitive_attributes": []
        }
      ]
    },
    {
      "module": "module.wandb_infra.module.app_eks.module.eks",
      "mode": "data",
      "type": "http",
      "name": "wait_for_cluster",
      "provider": "provider[\"registry.terraform.io/terraform-aws-modules/http\"]",
      "instances": [
        {
          "index_key": 0,
          "schema_version": 0,
          "attributes": {
            "body": "ok",
            "ca_certificate": "-----BEGIN CERTIFICATE-----\nMIIDBTCCAe2gAwIBAgIIKRhtdUrL1EUwDQYJKoZIhvcNAQELBQAwFTETMBEGA1UE\nAxMKa3ViZXJuZXRlczAeFw0yNTAxMzEwMzI0MjVaFw0zNTAxMjkwMzI5MjVaMBUx\nEzARBgNVBAMTCmt1YmVybmV0ZXMwggEiMA0GCSqGSIb3DQEBAQUAA4IBDwAwggEK\nAoIBAQC9uBQybCP33B5FBHkSP9kxH7/BusCS0WK+/JTym1Q2KHyMO17+Cvop1DMY\nEJ3+nASaLJRMG8iM6YzNd3kq+IzkmElttJ3UlOeMrn2PJPxLdkvODqv/Y9JKh2c9\nN6fr2n62h5YM+7Ii//9DGgUp+GG2+OqTEmhWrszAr+lf0Ppe1yBD7Hz++64dnI8H\nUhnnNwcl6z6OyINYCziqNylnmMO/QcJ7fP0aMksX8E7+lWEkr6voCiV+2W8euHMa\nmSWx1wMUPdEO5tzJfqxB4kcMr+7akvvY2bG2wdmQp7n3bsuU4BqCrBQp7n1qP8Sk\nygOEForRcF6neJ+7OV4hKHTwsOwLAgMBAAGjWTBXMA4GA1UdDwEB/wQEAwICpDAP\nBgNVHRMBAf8EBTADAQH/MB0GA1UdDgQWBBTCykqfOM0itAtAcbDE3HwWEdNxWDAV\nBgNVHREEDjAMggprdWJlcm5ldGVzMA0GCSqGSIb3DQEBCwUAA4IBAQCUq3tODBHp\nOEpseneRJfl4GZz7lppx+VXGgF6Yg5fbQEBwmwk3n46h5kSF2IFGEVoEpBP70fVF\n8u74NdpGgNmVItE4q0bsYA4/mLof0WDZEyCKnEjqguxKCDfznmkaFy3qs43wa3EL\nMmaMo0nCuvw4XFhtqAitlSAxlQkUjq467WoR4FPsucqS3Q5ERqo1cVcdTIDfaWA3\nFc1DBLuq839n2S6pW7qa45NG5m+CSNLOlzxzIXMjepsbfYGnvAL4LLttOTG/Eldq\nUWgc23j/4J7ZoTbwcrHES6TJhFSKmQ0gRhg6EhPVkctYjNJ+PTB2TQYlQlEnz6oW\nFagUqBDRyjIL\n-----END CERTIFICATE-----\n",
            "id": "https://D596CA6691F65F0271A4D4050ABF0911.gr7.us-east-1.eks.amazonaws.com/healthz",
            "insecure": false,
            "request_headers": null,
            "response_headers": {
              "Audit-Id": "c137b94c-0e0a-41c1-b753-1b5807da6742",
              "Cache-Control": "no-cache, private",
              "Content-Length": "2",
              "Content-Type": "text/plain; charset=utf-8",
              "Date": "Sat, 01 Feb 2025 00:09:29 GMT",
              "X-Content-Type-Options": "nosniff",
              "X-Kubernetes-Pf-Flowschema-Uid": "77b10998-e09c-44a2-b130-53e627265dde",
              "X-Kubernetes-Pf-Prioritylevel-Uid": "bea131a9-5c2b-41c7-b418-f255103ab554"
            },
            "timeout": 300,
            "url": "https://D596CA6691F65F0271A4D4050ABF0911.gr7.us-east-1.eks.amazonaws.com/healthz"
          },
          "sensitive_attributes": []
        }
      ]
    },
    {
      "module": "module.wandb_infra.module.app_eks.module.eks",
      "mode": "managed",
      "type": "aws_autoscaling_group",
      "name": "workers",
      "provider": "provider[\"registry.terraform.io/hashicorp/aws\"]",
      "instances": []
    },
    {
      "module": "module.wandb_infra.module.app_eks.module.eks",
      "mode": "managed",
      "type": "aws_autoscaling_group",
      "name": "workers_launch_template",
      "provider": "provider[\"registry.terraform.io/hashicorp/aws\"]",
      "instances": []
    },
    {
      "module": "module.wandb_infra.module.app_eks.module.eks",
      "mode": "managed",
      "type": "aws_cloudwatch_log_group",
      "name": "this",
      "provider": "provider[\"registry.terraform.io/hashicorp/aws\"]",
      "instances": [
        {
          "index_key": 0,
          "schema_version": 0,
          "attributes": {
            "arn": "arn:aws:logs:us-east-1:571600843687:log-group:/aws/eks/wnb-tf/cluster",
            "id": "/aws/eks/wnb-tf/cluster",
            "kms_key_id": "",
            "name": "/aws/eks/wnb-tf/cluster",
            "name_prefix": "",
            "retention_in_days": 30,
            "skip_destroy": false,
            "tags": {
              "GithubOrg": "terraform-aws-wandb",
              "GithubRepo": "wandb",
              "TerraformModule": "terraform-aws-wandb/module/app_eks",
              "TerraformNamespace": "wnb-tf"
            },
            "tags_all": {
              "Enviroment": "dev",
              "Example": "PublicDnsExternal",
              "GithubOrg": "terraform-aws-wandb",
              "GithubRepo": "wandb",
              "TerraformModule": "terraform-aws-wandb/module/app_eks",
              "TerraformNamespace": "wnb-tf"
            }
          },
          "sensitive_attributes": [],
          "private": "bnVsbA==",
          "create_before_destroy": true
        }
      ]
    },
    {
      "module": "module.wandb_infra.module.app_eks.module.eks",
      "mode": "managed",
      "type": "aws_eks_cluster",
      "name": "this",
      "provider": "provider[\"registry.terraform.io/hashicorp/aws\"]",
      "instances": [
        {
          "index_key": 0,
          "schema_version": 0,
          "attributes": {
            "arn": "arn:aws:eks:us-east-1:571600843687:cluster/wnb-tf",
            "certificate_authority": [
              {
                "data": "LS0tLS1CRUdJTiBDRVJUSUZJQ0FURS0tLS0tCk1JSURCVENDQWUyZ0F3SUJBZ0lJS1JodGRVckwxRVV3RFFZSktvWklodmNOQVFFTEJRQXdGVEVUTUJFR0ExVUUKQXhNS2EzVmlaWEp1WlhSbGN6QWVGdzB5TlRBeE16RXdNekkwTWpWYUZ3MHpOVEF4TWprd016STVNalZhTUJVeApFekFSQmdOVkJBTVRDbXQxWW1WeWJtVjBaWE13Z2dFaU1BMEdDU3FHU0liM0RRRUJBUVVBQTRJQkR3QXdnZ0VLCkFvSUJBUUM5dUJReWJDUDMzQjVGQkhrU1A5a3hINy9CdXNDUzBXSysvSlR5bTFRMktIeU1PMTcrQ3ZvcDFETVkKRUozK25BU2FMSlJNRzhpTTZZek5kM2txK0l6a21FbHR0SjNVbE9lTXJuMlBKUHhMZGt2T0Rxdi9ZOUpLaDJjOQpONmZyMm42Mmg1WU0rN0lpLy85REdnVXArR0cyK09xVEVtaFdyc3pBcitsZjBQcGUxeUJEN0h6Kys2NGRuSThIClVobm5Od2NsNno2T3lJTllDemlxTnlsbm1NTy9RY0o3ZlAwYU1rc1g4RTcrbFdFa3I2dm9DaVYrMlc4ZXVITWEKbVNXeDF3TVVQZEVPNXR6SmZxeEI0a2NNcis3YWt2dlkyYkcyd2RtUXA3bjNic3VVNEJxQ3JCUXA3bjFxUDhTawp5Z09FRm9yUmNGNm5lSis3T1Y0aEtIVHdzT3dMQWdNQkFBR2pXVEJYTUE0R0ExVWREd0VCL3dRRUF3SUNwREFQCkJnTlZIUk1CQWY4RUJUQURBUUgvTUIwR0ExVWREZ1FXQkJUQ3lrcWZPTTBpdEF0QWNiREUzSHdXRWROeFdEQVYKQmdOVkhSRUVEakFNZ2dwcmRXSmxjbTVsZEdWek1BMEdDU3FHU0liM0RRRUJDd1VBQTRJQkFRQ1VxM3RPREJIcApPRXBzZW5lUkpmbDRHWno3bHBweCtWWEdnRjZZZzVmYlFFQndtd2szbjQ2aDVrU0YySUZHRVZvRXBCUDcwZlZGCjh1NzROZHBHZ05tVkl0RTRxMGJzWUE0L21Mb2YwV0RaRXlDS25FanFndXhLQ0Rmem5ta2FGeTNxczQzd2EzRUwKTW1hTW8wbkN1dnc0WEZodHFBaXRsU0F4bFFrVWpxNDY3V29SNEZQc3VjcVMzUTVFUnFvMWNWY2RUSURmYVdBMwpGYzFEQkx1cTgzOW4yUzZwVzdxYTQ1Tkc1bStDU05MT2x6eHpJWE1qZXBzYmZZR252QUw0TEx0dE9URy9FbGRxClVXZ2MyM2ovNEo3Wm9UYndjckhFUzZUSmhGU0ttUTBnUmhnNkVoUFZrY3RZak5KK1BUQjJUUVlsUWxFbno2b1cKRmFnVXFCRFJ5aklMCi0tLS0tRU5EIENFUlRJRklDQVRFLS0tLS0K"
              }
            ],
            "cluster_id": null,
            "created_at": "2025-01-31 03:24:55.97 +0000 UTC",
            "enabled_cluster_log_types": [
              "api",
              "audit",
              "controllerManager",
              "scheduler"
            ],
            "encryption_config": [
              {
                "provider": [
                  {
                    "key_arn": "arn:aws:kms:us-east-1:571600843687:key/ab04a8fa-4c24-4a87-a61a-c4c6e73190b3"
                  }
                ],
                "resources": [
                  "secrets"
                ]
              }
            ],
            "endpoint": "https://D596CA6691F65F0271A4D4050ABF0911.gr7.us-east-1.eks.amazonaws.com",
            "id": "wnb-tf",
            "identity": [
              {
                "oidc": [
                  {
                    "issuer": "https://oidc.eks.us-east-1.amazonaws.com/id/D596CA6691F65F0271A4D4050ABF0911"
                  }
                ]
              }
            ],
            "kubernetes_network_config": [
              {
                "ip_family": "ipv4",
                "service_ipv4_cidr": "172.20.0.0/16",
                "service_ipv6_cidr": ""
              }
            ],
            "name": "wnb-tf",
            "outpost_config": [],
            "platform_version": "eks.2",
            "role_arn": "arn:aws:iam::571600843687:role/wnb-tf20250131024148878600000003",
            "status": "ACTIVE",
            "tags": {
              "GithubOrg": "terraform-aws-wandb",
              "GithubRepo": "wandb",
              "TerraformModule": "terraform-aws-wandb/module/app_eks",
              "TerraformNamespace": "wnb-tf"
            },
            "tags_all": {
              "Enviroment": "dev",
              "Example": "PublicDnsExternal",
              "GithubOrg": "terraform-aws-wandb",
              "GithubRepo": "wandb",
              "TerraformModule": "terraform-aws-wandb/module/app_eks",
              "TerraformNamespace": "wnb-tf"
            },
            "timeouts": {
              "create": "30m",
              "delete": "15m",
              "update": "60m"
            },
            "version": "1.32",
            "vpc_config": [
              {
                "cluster_security_group_id": "sg-00b53196b987a7b1a",
                "endpoint_private_access": true,
                "endpoint_public_access": true,
                "public_access_cidrs": [
                  "0.0.0.0/0"
                ],
                "security_group_ids": [
                  "sg-020b8e2564196924f"
                ],
                "subnet_ids": [
                  "subnet-05024a9be99979c8c",
                  "subnet-0fe7c88ba77ec5d34"
                ],
                "vpc_id": "vpc-054f2a122628623a2"
              }
            ]
          },
          "sensitive_attributes": [],
          "private": "eyJlMmJmYjczMC1lY2FhLTExZTYtOGY4OC0zNDM2M2JjN2M0YzAiOnsiY3JlYXRlIjoxODAwMDAwMDAwMDAwLCJkZWxldGUiOjkwMDAwMDAwMDAwMCwidXBkYXRlIjozNjAwMDAwMDAwMDAwfX0=",
          "dependencies": [
            "module.wandb_infra.module.app_eks.module.eks.aws_cloudwatch_log_group.this",
            "module.wandb_infra.module.app_eks.module.eks.aws_iam_role.cluster",
            "module.wandb_infra.module.app_eks.module.eks.aws_iam_role_policy_attachment.cluster_AmazonEKSClusterPolicy",
            "module.wandb_infra.module.app_eks.module.eks.aws_iam_role_policy_attachment.cluster_AmazonEKSServicePolicy",
            "module.wandb_infra.module.app_eks.module.eks.aws_iam_role_policy_attachment.cluster_AmazonEKSVPCResourceControllerPolicy",
            "module.wandb_infra.module.app_eks.module.eks.aws_security_group.cluster",
            "module.wandb_infra.module.app_eks.module.eks.aws_security_group.workers",
            "module.wandb_infra.module.app_eks.module.eks.aws_security_group_rule.cluster_egress_internet",
            "module.wandb_infra.module.app_eks.module.eks.aws_security_group_rule.cluster_https_worker_ingress",
            "module.wandb_infra.module.app_eks.module.eks.data.aws_iam_policy_document.cluster_assume_role_policy",
            "module.wandb_infra.module.app_eks.module.eks.data.aws_iam_role.custom_cluster_iam_role",
            "module.wandb_infra.module.app_eks.module.eks.data.aws_partition.current",
            "module.wandb_infra.module.kms.aws_kms_key.key",
            "module.wandb_infra.module.kms.data.aws_caller_identity.current",
            "module.wandb_infra.module.networking.data.aws_availability_zones.available",
            "module.wandb_infra.module.networking.module.vpc.aws_subnet.private",
            "module.wandb_infra.module.networking.module.vpc.aws_vpc.this",
            "module.wandb_infra.module.networking.module.vpc.aws_vpc_ipv4_cidr_block_association.this"
          ],
          "create_before_destroy": true
        }
      ]
    },
    {
      "module": "module.wandb_infra.module.app_eks.module.eks",
      "mode": "managed",
      "type": "aws_iam_instance_profile",
      "name": "workers",
      "provider": "provider[\"registry.terraform.io/hashicorp/aws\"]",
      "instances": []
    },
    {
      "module": "module.wandb_infra.module.app_eks.module.eks",
      "mode": "managed",
      "type": "aws_iam_instance_profile",
      "name": "workers_launch_template",
      "provider": "provider[\"registry.terraform.io/hashicorp/aws\"]",
      "instances": []
    },
    {
      "module": "module.wandb_infra.module.app_eks.module.eks",
      "mode": "managed",
      "type": "aws_iam_openid_connect_provider",
      "name": "oidc_provider",
      "provider": "provider[\"registry.terraform.io/hashicorp/aws\"]",
      "instances": []
    },
    {
      "module": "module.wandb_infra.module.app_eks.module.eks",
      "mode": "managed",
      "type": "aws_iam_policy",
      "name": "cluster_deny_log_group",
      "provider": "provider[\"registry.terraform.io/hashicorp/aws\"]",
      "instances": [
        {
          "index_key": 0,
          "schema_version": 0,
          "attributes": {
            "arn": "arn:aws:iam::571600843687:policy/wnb-tf-deny-log-group20250131024149421300000004",
            "description": "Deny CreateLogGroup",
            "id": "arn:aws:iam::571600843687:policy/wnb-tf-deny-log-group20250131024149421300000004",
            "name": "wnb-tf-deny-log-group20250131024149421300000004",
            "name_prefix": "wnb-tf-deny-log-group",
            "path": "/",
            "policy": "{\"Statement\":[{\"Action\":\"logs:CreateLogGroup\",\"Effect\":\"Deny\",\"Resource\":\"*\",\"Sid\":\"\"}],\"Version\":\"2012-10-17\"}",
            "policy_id": "ANPAYKFQQWOT74QVJ7FSY",
            "tags": {
              "GithubOrg": "terraform-aws-wandb",
              "GithubRepo": "wandb",
              "TerraformModule": "terraform-aws-wandb/module/app_eks",
              "TerraformNamespace": "wnb-tf"
            },
            "tags_all": {
              "Enviroment": "dev",
              "Example": "PublicDnsExternal",
              "GithubOrg": "terraform-aws-wandb",
              "GithubRepo": "wandb",
              "TerraformModule": "terraform-aws-wandb/module/app_eks",
              "TerraformNamespace": "wnb-tf"
            }
          },
          "sensitive_attributes": [],
          "private": "bnVsbA==",
          "dependencies": [
            "module.wandb_infra.module.app_eks.module.eks.data.aws_iam_policy_document.cluster_deny_log_group"
          ]
        }
      ]
    },
    {
      "module": "module.wandb_infra.module.app_eks.module.eks",
      "mode": "managed",
      "type": "aws_iam_policy",
      "name": "cluster_elb_sl_role_creation",
      "provider": "provider[\"registry.terraform.io/hashicorp/aws\"]",
      "instances": [
        {
          "index_key": 0,
          "schema_version": 0,
          "attributes": {
            "arn": "arn:aws:iam::571600843687:policy/wnb-tf-elb-sl-role-creation20250131024148875500000001",
            "description": "Permissions for EKS to create AWSServiceRoleForElasticLoadBalancing service-linked role",
            "id": "arn:aws:iam::571600843687:policy/wnb-tf-elb-sl-role-creation20250131024148875500000001",
            "name": "wnb-tf-elb-sl-role-creation20250131024148875500000001",
            "name_prefix": "wnb-tf-elb-sl-role-creation",
            "path": "/",
            "policy": "{\"Statement\":[{\"Action\":[\"ec2:DescribeInternetGateways\",\"ec2:DescribeAddresses\",\"ec2:DescribeAccountAttributes\"],\"Effect\":\"Allow\",\"Resource\":\"*\",\"Sid\":\"\"}],\"Version\":\"2012-10-17\"}",
            "policy_id": "ANPAYKFQQWOTVLUPLP7DF",
            "tags": {
              "GithubOrg": "terraform-aws-wandb",
              "GithubRepo": "wandb",
              "TerraformModule": "terraform-aws-wandb/module/app_eks",
              "TerraformNamespace": "wnb-tf"
            },
            "tags_all": {
              "Enviroment": "dev",
              "Example": "PublicDnsExternal",
              "GithubOrg": "terraform-aws-wandb",
              "GithubRepo": "wandb",
              "TerraformModule": "terraform-aws-wandb/module/app_eks",
              "TerraformNamespace": "wnb-tf"
            }
          },
          "sensitive_attributes": [],
          "private": "bnVsbA==",
          "dependencies": [
            "module.wandb_infra.module.app_eks.module.eks.data.aws_iam_policy_document.cluster_elb_sl_role_creation"
          ]
        }
      ]
    },
    {
      "module": "module.wandb_infra.module.app_eks.module.eks",
      "mode": "managed",
      "type": "aws_iam_role",
      "name": "cluster",
      "provider": "provider[\"registry.terraform.io/hashicorp/aws\"]",
      "instances": [
        {
          "index_key": 0,
          "schema_version": 0,
          "attributes": {
            "arn": "arn:aws:iam::571600843687:role/wnb-tf20250131024148878600000003",
            "assume_role_policy": "{\"Statement\":[{\"Action\":\"sts:AssumeRole\",\"Effect\":\"Allow\",\"Principal\":{\"Service\":\"eks.amazonaws.com\"},\"Sid\":\"EKSClusterAssumeRole\"}],\"Version\":\"2012-10-17\"}",
            "create_date": "2025-01-31T02:41:49Z",
            "description": "",
            "force_detach_policies": true,
            "id": "wnb-tf20250131024148878600000003",
            "inline_policy": [],
            "managed_policy_arns": [
              "arn:aws:iam::571600843687:policy/wnb-tf-deny-log-group20250131024149421300000004",
              "arn:aws:iam::571600843687:policy/wnb-tf-elb-sl-role-creation20250131024148875500000001",
              "arn:aws:iam::aws:policy/AmazonEKSClusterPolicy",
              "arn:aws:iam::aws:policy/AmazonEKSServicePolicy",
              "arn:aws:iam::aws:policy/AmazonEKSVPCResourceController"
            ],
            "max_session_duration": 3600,
            "name": "wnb-tf20250131024148878600000003",
            "name_prefix": "wnb-tf",
            "path": "/",
            "permissions_boundary": null,
            "role_last_used": [
              {
                "last_used_date": "2025-01-31T23:57:19Z",
                "region": "us-east-1"
              }
            ],
            "tags": {
              "GithubOrg": "terraform-aws-wandb",
              "GithubRepo": "wandb",
              "TerraformModule": "terraform-aws-wandb/module/app_eks",
              "TerraformNamespace": "wnb-tf"
            },
            "tags_all": {
              "Enviroment": "dev",
              "Example": "PublicDnsExternal",
              "GithubOrg": "terraform-aws-wandb",
              "GithubRepo": "wandb",
              "TerraformModule": "terraform-aws-wandb/module/app_eks",
              "TerraformNamespace": "wnb-tf"
            },
            "unique_id": "AROAYKFQQWOT5O7ICE4XC"
          },
          "sensitive_attributes": [],
          "private": "bnVsbA==",
          "dependencies": [
            "module.wandb_infra.module.app_eks.module.eks.data.aws_iam_policy_document.cluster_assume_role_policy"
          ],
          "create_before_destroy": true
        }
      ]
    },
    {
      "module": "module.wandb_infra.module.app_eks.module.eks",
      "mode": "managed",
      "type": "aws_iam_role",
      "name": "workers",
      "provider": "provider[\"registry.terraform.io/hashicorp/aws\"]",
      "instances": [
        {
          "index_key": 0,
          "schema_version": 0,
          "attributes": {
            "arn": "arn:aws:iam::571600843687:role/wnb-tf20250131033510144500000005",
            "assume_role_policy": "{\"Statement\":[{\"Action\":\"sts:AssumeRole\",\"Effect\":\"Allow\",\"Principal\":{\"Service\":\"ec2.amazonaws.com\"},\"Sid\":\"EKSWorkerAssumeRole\"}],\"Version\":\"2012-10-17\"}",
            "create_date": "2025-01-31T03:35:10Z",
            "description": "",
            "force_detach_policies": true,
            "id": "wnb-tf20250131033510144500000005",
            "inline_policy": [],
            "managed_policy_arns": [
              "arn:aws:iam::aws:policy/AmazonEC2ContainerRegistryReadOnly",
              "arn:aws:iam::aws:policy/AmazonEKSWorkerNodePolicy",
              "arn:aws:iam::aws:policy/AmazonEKS_CNI_Policy"
            ],
            "max_session_duration": 3600,
            "name": "wnb-tf20250131033510144500000005",
            "name_prefix": "wnb-tf",
            "path": "/",
            "permissions_boundary": null,
            "role_last_used": [
              {
                "last_used_date": "",
                "region": ""
              }
            ],
            "tags": {
              "GithubOrg": "terraform-aws-wandb",
              "GithubRepo": "wandb",
              "TerraformModule": "terraform-aws-wandb/module/app_eks",
              "TerraformNamespace": "wnb-tf"
            },
            "tags_all": {
              "Enviroment": "dev",
              "Example": "PublicDnsExternal",
              "GithubOrg": "terraform-aws-wandb",
              "GithubRepo": "wandb",
              "TerraformModule": "terraform-aws-wandb/module/app_eks",
              "TerraformNamespace": "wnb-tf"
            },
            "unique_id": "AROAYKFQQWOT4W4FJCOQ6"
          },
          "sensitive_attributes": [],
          "private": "bnVsbA==",
          "dependencies": [
            "module.wandb_infra.module.app_eks.module.eks.aws_cloudwatch_log_group.this",
            "module.wandb_infra.module.app_eks.module.eks.aws_eks_cluster.this",
            "module.wandb_infra.module.app_eks.module.eks.aws_iam_role.cluster",
            "module.wandb_infra.module.app_eks.module.eks.aws_iam_role_policy_attachment.cluster_AmazonEKSClusterPolicy",
            "module.wandb_infra.module.app_eks.module.eks.aws_iam_role_policy_attachment.cluster_AmazonEKSServicePolicy",
            "module.wandb_infra.module.app_eks.module.eks.aws_iam_role_policy_attachment.cluster_AmazonEKSVPCResourceControllerPolicy",
            "module.wandb_infra.module.app_eks.module.eks.aws_security_group.cluster",
            "module.wandb_infra.module.app_eks.module.eks.aws_security_group.workers",
            "module.wandb_infra.module.app_eks.module.eks.aws_security_group_rule.cluster_egress_internet",
            "module.wandb_infra.module.app_eks.module.eks.aws_security_group_rule.cluster_https_worker_ingress",
            "module.wandb_infra.module.app_eks.module.eks.data.aws_iam_policy_document.cluster_assume_role_policy",
            "module.wandb_infra.module.app_eks.module.eks.data.aws_iam_policy_document.workers_assume_role_policy",
            "module.wandb_infra.module.app_eks.module.eks.data.aws_iam_role.custom_cluster_iam_role",
            "module.wandb_infra.module.app_eks.module.eks.data.aws_partition.current",
            "module.wandb_infra.module.kms.aws_kms_key.key",
            "module.wandb_infra.module.kms.data.aws_caller_identity.current",
            "module.wandb_infra.module.networking.data.aws_availability_zones.available",
            "module.wandb_infra.module.networking.module.vpc.aws_subnet.private",
            "module.wandb_infra.module.networking.module.vpc.aws_vpc.this",
            "module.wandb_infra.module.networking.module.vpc.aws_vpc_ipv4_cidr_block_association.this"
          ],
          "create_before_destroy": true
        }
      ]
    },
    {
      "module": "module.wandb_infra.module.app_eks.module.eks",
      "mode": "managed",
      "type": "aws_iam_role_policy_attachment",
      "name": "cluster_AmazonEKSClusterPolicy",
      "provider": "provider[\"registry.terraform.io/hashicorp/aws\"]",
      "instances": [
        {
          "index_key": 0,
          "schema_version": 0,
          "attributes": {
            "id": "wnb-tf20250131024148878600000003-2025013102415057660000000c",
            "policy_arn": "arn:aws:iam::aws:policy/AmazonEKSClusterPolicy",
            "role": "wnb-tf20250131024148878600000003"
          },
          "sensitive_attributes": [],
          "private": "bnVsbA==",
          "dependencies": [
            "module.wandb_infra.module.app_eks.module.eks.aws_iam_role.cluster",
            "module.wandb_infra.module.app_eks.module.eks.data.aws_iam_policy_document.cluster_assume_role_policy",
            "module.wandb_infra.module.app_eks.module.eks.data.aws_partition.current"
          ],
          "create_before_destroy": true
        }
      ]
    },
    {
      "module": "module.wandb_infra.module.app_eks.module.eks",
      "mode": "managed",
      "type": "aws_iam_role_policy_attachment",
      "name": "cluster_AmazonEKSServicePolicy",
      "provider": "provider[\"registry.terraform.io/hashicorp/aws\"]",
      "instances": [
        {
          "index_key": 0,
          "schema_version": 0,
          "attributes": {
            "id": "wnb-tf20250131024148878600000003-2025013102415060240000000e",
            "policy_arn": "arn:aws:iam::aws:policy/AmazonEKSServicePolicy",
            "role": "wnb-tf20250131024148878600000003"
          },
          "sensitive_attributes": [],
          "private": "bnVsbA==",
          "dependencies": [
            "module.wandb_infra.module.app_eks.module.eks.aws_iam_role.cluster",
            "module.wandb_infra.module.app_eks.module.eks.data.aws_iam_policy_document.cluster_assume_role_policy",
            "module.wandb_infra.module.app_eks.module.eks.data.aws_partition.current"
          ],
          "create_before_destroy": true
        }
      ]
    },
    {
      "module": "module.wandb_infra.module.app_eks.module.eks",
      "mode": "managed",
      "type": "aws_iam_role_policy_attachment",
      "name": "cluster_AmazonEKSVPCResourceControllerPolicy",
      "provider": "provider[\"registry.terraform.io/hashicorp/aws\"]",
      "instances": [
        {
          "index_key": 0,
          "schema_version": 0,
          "attributes": {
            "id": "wnb-tf20250131024148878600000003-2025013102415058390000000d",
            "policy_arn": "arn:aws:iam::aws:policy/AmazonEKSVPCResourceController",
            "role": "wnb-tf20250131024148878600000003"
          },
          "sensitive_attributes": [],
          "private": "bnVsbA==",
          "dependencies": [
            "module.wandb_infra.module.app_eks.module.eks.aws_iam_role.cluster",
            "module.wandb_infra.module.app_eks.module.eks.data.aws_iam_policy_document.cluster_assume_role_policy",
            "module.wandb_infra.module.app_eks.module.eks.data.aws_partition.current"
          ],
          "create_before_destroy": true
        }
      ]
    },
    {
      "module": "module.wandb_infra.module.app_eks.module.eks",
      "mode": "managed",
      "type": "aws_iam_role_policy_attachment",
      "name": "cluster_deny_log_group",
      "provider": "provider[\"registry.terraform.io/hashicorp/aws\"]",
      "instances": [
        {
          "index_key": 0,
          "schema_version": 0,
          "attributes": {
            "id": "wnb-tf20250131024148878600000003-2025013102415062980000000f",
            "policy_arn": "arn:aws:iam::571600843687:policy/wnb-tf-deny-log-group20250131024149421300000004",
            "role": "wnb-tf20250131024148878600000003"
          },
          "sensitive_attributes": [],
          "private": "bnVsbA==",
          "dependencies": [
            "module.wandb_infra.module.app_eks.module.eks.aws_iam_policy.cluster_deny_log_group",
            "module.wandb_infra.module.app_eks.module.eks.aws_iam_role.cluster",
            "module.wandb_infra.module.app_eks.module.eks.data.aws_iam_policy_document.cluster_assume_role_policy",
            "module.wandb_infra.module.app_eks.module.eks.data.aws_iam_policy_document.cluster_deny_log_group"
          ]
        }
      ]
    },
    {
      "module": "module.wandb_infra.module.app_eks.module.eks",
      "mode": "managed",
      "type": "aws_iam_role_policy_attachment",
      "name": "cluster_elb_sl_role_creation",
      "provider": "provider[\"registry.terraform.io/hashicorp/aws\"]",
      "instances": [
        {
          "index_key": 0,
          "schema_version": 0,
          "attributes": {
            "id": "wnb-tf20250131024148878600000003-20250131024150842000000010",
            "policy_arn": "arn:aws:iam::571600843687:policy/wnb-tf-elb-sl-role-creation20250131024148875500000001",
            "role": "wnb-tf20250131024148878600000003"
          },
          "sensitive_attributes": [],
          "private": "bnVsbA==",
          "dependencies": [
            "module.wandb_infra.module.app_eks.module.eks.aws_iam_policy.cluster_elb_sl_role_creation",
            "module.wandb_infra.module.app_eks.module.eks.aws_iam_role.cluster",
            "module.wandb_infra.module.app_eks.module.eks.data.aws_iam_policy_document.cluster_assume_role_policy",
            "module.wandb_infra.module.app_eks.module.eks.data.aws_iam_policy_document.cluster_elb_sl_role_creation"
          ]
        }
      ]
    },
    {
      "module": "module.wandb_infra.module.app_eks.module.eks",
      "mode": "managed",
      "type": "aws_iam_role_policy_attachment",
      "name": "workers_AmazonEC2ContainerRegistryReadOnly",
      "provider": "provider[\"registry.terraform.io/hashicorp/aws\"]",
      "instances": [
        {
          "index_key": 0,
          "schema_version": 0,
          "attributes": {
            "id": "wnb-tf20250131033510144500000005-20250131033510999600000006",
            "policy_arn": "arn:aws:iam::aws:policy/AmazonEC2ContainerRegistryReadOnly",
            "role": "wnb-tf20250131033510144500000005"
          },
          "sensitive_attributes": [],
          "private": "bnVsbA==",
          "dependencies": [
            "module.wandb_infra.module.app_eks.module.eks.aws_cloudwatch_log_group.this",
            "module.wandb_infra.module.app_eks.module.eks.aws_eks_cluster.this",
            "module.wandb_infra.module.app_eks.module.eks.aws_iam_role.cluster",
            "module.wandb_infra.module.app_eks.module.eks.aws_iam_role.workers",
            "module.wandb_infra.module.app_eks.module.eks.aws_iam_role_policy_attachment.cluster_AmazonEKSClusterPolicy",
            "module.wandb_infra.module.app_eks.module.eks.aws_iam_role_policy_attachment.cluster_AmazonEKSServicePolicy",
            "module.wandb_infra.module.app_eks.module.eks.aws_iam_role_policy_attachment.cluster_AmazonEKSVPCResourceControllerPolicy",
            "module.wandb_infra.module.app_eks.module.eks.aws_security_group.cluster",
            "module.wandb_infra.module.app_eks.module.eks.aws_security_group.workers",
            "module.wandb_infra.module.app_eks.module.eks.aws_security_group_rule.cluster_egress_internet",
            "module.wandb_infra.module.app_eks.module.eks.aws_security_group_rule.cluster_https_worker_ingress",
            "module.wandb_infra.module.app_eks.module.eks.data.aws_iam_policy_document.cluster_assume_role_policy",
            "module.wandb_infra.module.app_eks.module.eks.data.aws_iam_policy_document.workers_assume_role_policy",
            "module.wandb_infra.module.app_eks.module.eks.data.aws_iam_role.custom_cluster_iam_role",
            "module.wandb_infra.module.app_eks.module.eks.data.aws_partition.current",
            "module.wandb_infra.module.kms.aws_kms_key.key",
            "module.wandb_infra.module.kms.data.aws_caller_identity.current",
            "module.wandb_infra.module.networking.data.aws_availability_zones.available",
            "module.wandb_infra.module.networking.module.vpc.aws_subnet.private",
            "module.wandb_infra.module.networking.module.vpc.aws_vpc.this",
            "module.wandb_infra.module.networking.module.vpc.aws_vpc_ipv4_cidr_block_association.this"
          ],
          "create_before_destroy": true
        }
      ]
    },
    {
      "module": "module.wandb_infra.module.app_eks.module.eks",
      "mode": "managed",
      "type": "aws_iam_role_policy_attachment",
      "name": "workers_AmazonEKSWorkerNodePolicy",
      "provider": "provider[\"registry.terraform.io/hashicorp/aws\"]",
      "instances": [
        {
          "index_key": 0,
          "schema_version": 0,
          "attributes": {
            "id": "wnb-tf20250131033510144500000005-20250131033511099200000007",
            "policy_arn": "arn:aws:iam::aws:policy/AmazonEKSWorkerNodePolicy",
            "role": "wnb-tf20250131033510144500000005"
          },
          "sensitive_attributes": [],
          "private": "bnVsbA==",
          "dependencies": [
            "module.wandb_infra.module.app_eks.module.eks.aws_cloudwatch_log_group.this",
            "module.wandb_infra.module.app_eks.module.eks.aws_eks_cluster.this",
            "module.wandb_infra.module.app_eks.module.eks.aws_iam_role.cluster",
            "module.wandb_infra.module.app_eks.module.eks.aws_iam_role.workers",
            "module.wandb_infra.module.app_eks.module.eks.aws_iam_role_policy_attachment.cluster_AmazonEKSClusterPolicy",
            "module.wandb_infra.module.app_eks.module.eks.aws_iam_role_policy_attachment.cluster_AmazonEKSServicePolicy",
            "module.wandb_infra.module.app_eks.module.eks.aws_iam_role_policy_attachment.cluster_AmazonEKSVPCResourceControllerPolicy",
            "module.wandb_infra.module.app_eks.module.eks.aws_security_group.cluster",
            "module.wandb_infra.module.app_eks.module.eks.aws_security_group.workers",
            "module.wandb_infra.module.app_eks.module.eks.aws_security_group_rule.cluster_egress_internet",
            "module.wandb_infra.module.app_eks.module.eks.aws_security_group_rule.cluster_https_worker_ingress",
            "module.wandb_infra.module.app_eks.module.eks.data.aws_iam_policy_document.cluster_assume_role_policy",
            "module.wandb_infra.module.app_eks.module.eks.data.aws_iam_policy_document.workers_assume_role_policy",
            "module.wandb_infra.module.app_eks.module.eks.data.aws_iam_role.custom_cluster_iam_role",
            "module.wandb_infra.module.app_eks.module.eks.data.aws_partition.current",
            "module.wandb_infra.module.kms.aws_kms_key.key",
            "module.wandb_infra.module.kms.data.aws_caller_identity.current",
            "module.wandb_infra.module.networking.data.aws_availability_zones.available",
            "module.wandb_infra.module.networking.module.vpc.aws_subnet.private",
            "module.wandb_infra.module.networking.module.vpc.aws_vpc.this",
            "module.wandb_infra.module.networking.module.vpc.aws_vpc_ipv4_cidr_block_association.this"
          ],
          "create_before_destroy": true
        }
      ]
    },
    {
      "module": "module.wandb_infra.module.app_eks.module.eks",
      "mode": "managed",
      "type": "aws_iam_role_policy_attachment",
      "name": "workers_AmazonEKS_CNI_Policy",
      "provider": "provider[\"registry.terraform.io/hashicorp/aws\"]",
      "instances": [
        {
          "index_key": 0,
          "schema_version": 0,
          "attributes": {
            "id": "wnb-tf20250131033510144500000005-20250131033511118500000008",
            "policy_arn": "arn:aws:iam::aws:policy/AmazonEKS_CNI_Policy",
            "role": "wnb-tf20250131033510144500000005"
          },
          "sensitive_attributes": [],
          "private": "bnVsbA==",
          "dependencies": [
            "module.wandb_infra.module.app_eks.module.eks.aws_cloudwatch_log_group.this",
            "module.wandb_infra.module.app_eks.module.eks.aws_eks_cluster.this",
            "module.wandb_infra.module.app_eks.module.eks.aws_iam_role.cluster",
            "module.wandb_infra.module.app_eks.module.eks.aws_iam_role.workers",
            "module.wandb_infra.module.app_eks.module.eks.aws_iam_role_policy_attachment.cluster_AmazonEKSClusterPolicy",
            "module.wandb_infra.module.app_eks.module.eks.aws_iam_role_policy_attachment.cluster_AmazonEKSServicePolicy",
            "module.wandb_infra.module.app_eks.module.eks.aws_iam_role_policy_attachment.cluster_AmazonEKSVPCResourceControllerPolicy",
            "module.wandb_infra.module.app_eks.module.eks.aws_security_group.cluster",
            "module.wandb_infra.module.app_eks.module.eks.aws_security_group.workers",
            "module.wandb_infra.module.app_eks.module.eks.aws_security_group_rule.cluster_egress_internet",
            "module.wandb_infra.module.app_eks.module.eks.aws_security_group_rule.cluster_https_worker_ingress",
            "module.wandb_infra.module.app_eks.module.eks.data.aws_iam_policy_document.cluster_assume_role_policy",
            "module.wandb_infra.module.app_eks.module.eks.data.aws_iam_policy_document.workers_assume_role_policy",
            "module.wandb_infra.module.app_eks.module.eks.data.aws_iam_role.custom_cluster_iam_role",
            "module.wandb_infra.module.app_eks.module.eks.data.aws_partition.current",
            "module.wandb_infra.module.kms.aws_kms_key.key",
            "module.wandb_infra.module.kms.data.aws_caller_identity.current",
            "module.wandb_infra.module.networking.data.aws_availability_zones.available",
            "module.wandb_infra.module.networking.module.vpc.aws_subnet.private",
            "module.wandb_infra.module.networking.module.vpc.aws_vpc.this",
            "module.wandb_infra.module.networking.module.vpc.aws_vpc_ipv4_cidr_block_association.this"
          ],
          "create_before_destroy": true
        }
      ]
    },
    {
      "module": "module.wandb_infra.module.app_eks.module.eks",
      "mode": "managed",
      "type": "aws_iam_role_policy_attachment",
      "name": "workers_additional_policies",
      "provider": "provider[\"registry.terraform.io/hashicorp/aws\"]",
      "instances": []
    },
    {
      "module": "module.wandb_infra.module.app_eks.module.eks",
      "mode": "managed",
      "type": "aws_launch_configuration",
      "name": "workers",
      "provider": "provider[\"registry.terraform.io/hashicorp/aws\"]",
      "instances": []
    },
    {
      "module": "module.wandb_infra.module.app_eks.module.eks",
      "mode": "managed",
      "type": "aws_launch_template",
      "name": "workers_launch_template",
      "provider": "provider[\"registry.terraform.io/hashicorp/aws\"]",
      "instances": []
    },
    {
      "module": "module.wandb_infra.module.app_eks.module.eks",
      "mode": "managed",
      "type": "aws_security_group",
      "name": "cluster",
      "provider": "provider[\"registry.terraform.io/hashicorp/aws\"]",
      "instances": [
        {
          "index_key": 0,
          "schema_version": 1,
          "attributes": {
            "arn": "arn:aws:ec2:us-east-1:571600843687:security-group/sg-020b8e2564196924f",
            "description": "EKS cluster security group.",
            "egress": [
              {
                "cidr_blocks": [
                  "0.0.0.0/0"
                ],
                "description": "Allow cluster egress access to the Internet.",
                "from_port": 0,
                "ipv6_cidr_blocks": [],
                "prefix_list_ids": [],
                "protocol": "-1",
                "security_groups": [],
                "self": false,
                "to_port": 0
              }
            ],
            "id": "sg-020b8e2564196924f",
            "ingress": [
              {
                "cidr_blocks": [],
                "description": "Allow pods to communicate with the EKS cluster API.",
                "from_port": 443,
                "ipv6_cidr_blocks": [],
                "prefix_list_ids": [],
                "protocol": "tcp",
                "security_groups": [
                  "sg-04b8fb04beeac7ae4"
                ],
                "self": false,
                "to_port": 443
              }
            ],
            "name": "wnb-tf20250131024205645700000011",
            "name_prefix": "wnb-tf",
            "owner_id": "571600843687",
            "revoke_rules_on_delete": false,
            "tags": {
              "GithubOrg": "terraform-aws-wandb",
              "GithubRepo": "wandb",
              "Name": "wnb-tf-eks_cluster_sg",
              "TerraformModule": "terraform-aws-wandb/module/app_eks",
              "TerraformNamespace": "wnb-tf"
            },
            "tags_all": {
              "Enviroment": "dev",
              "Example": "PublicDnsExternal",
              "GithubOrg": "terraform-aws-wandb",
              "GithubRepo": "wandb",
              "Name": "wnb-tf-eks_cluster_sg",
              "TerraformModule": "terraform-aws-wandb/module/app_eks",
              "TerraformNamespace": "wnb-tf"
            },
            "timeouts": null,
            "vpc_id": "vpc-054f2a122628623a2"
          },
          "sensitive_attributes": [],
          "private": "eyJlMmJmYjczMC1lY2FhLTExZTYtOGY4OC0zNDM2M2JjN2M0YzAiOnsiY3JlYXRlIjo2MDAwMDAwMDAwMDAsImRlbGV0ZSI6OTAwMDAwMDAwMDAwfSwic2NoZW1hX3ZlcnNpb24iOiIxIn0=",
          "dependencies": [
            "module.wandb_infra.module.networking.module.vpc.aws_vpc.this"
          ],
          "create_before_destroy": true
        }
      ]
    },
    {
      "module": "module.wandb_infra.module.app_eks.module.eks",
      "mode": "managed",
      "type": "aws_security_group",
      "name": "workers",
      "provider": "provider[\"registry.terraform.io/hashicorp/aws\"]",
      "instances": [
        {
          "index_key": 0,
          "schema_version": 1,
          "attributes": {
            "arn": "arn:aws:ec2:us-east-1:571600843687:security-group/sg-04b8fb04beeac7ae4",
            "description": "Security group for all nodes in the cluster.",
            "egress": [
              {
                "cidr_blocks": [
                  "0.0.0.0/0"
                ],
                "description": "Allow nodes all egress to the Internet.",
                "from_port": 0,
                "ipv6_cidr_blocks": [],
                "prefix_list_ids": [],
                "protocol": "-1",
                "security_groups": [],
                "self": false,
                "to_port": 0
              }
            ],
            "id": "sg-04b8fb04beeac7ae4",
            "ingress": [
              {
                "cidr_blocks": [],
                "description": "Allow node to communicate with each other.",
                "from_port": 0,
                "ipv6_cidr_blocks": [],
                "prefix_list_ids": [],
                "protocol": "-1",
                "security_groups": [],
                "self": true,
                "to_port": 0
              },
              {
                "cidr_blocks": [],
                "description": "Allow pods running extension API servers on port 443 to receive communication from cluster control plane.",
                "from_port": 443,
                "ipv6_cidr_blocks": [],
                "prefix_list_ids": [],
                "protocol": "tcp",
                "security_groups": [
                  "sg-020b8e2564196924f"
                ],
                "self": false,
                "to_port": 443
              },
              {
                "cidr_blocks": [],
                "description": "Allow workers pods to receive communication from the cluster control plane.",
                "from_port": 1025,
                "ipv6_cidr_blocks": [],
                "prefix_list_ids": [],
                "protocol": "tcp",
                "security_groups": [
                  "sg-020b8e2564196924f"
                ],
                "self": false,
                "to_port": 65535
              }
            ],
            "name": "wnb-tf20250131024205978500000012",
            "name_prefix": "wnb-tf",
            "owner_id": "571600843687",
            "revoke_rules_on_delete": false,
            "tags": {
              "GithubOrg": "terraform-aws-wandb",
              "GithubRepo": "wandb",
              "Name": "wnb-tf-eks_worker_sg",
              "TerraformModule": "terraform-aws-wandb/module/app_eks",
              "TerraformNamespace": "wnb-tf",
              "kubernetes.io/cluster/wnb-tf": "owned"
            },
            "tags_all": {
              "Enviroment": "dev",
              "Example": "PublicDnsExternal",
              "GithubOrg": "terraform-aws-wandb",
              "GithubRepo": "wandb",
              "Name": "wnb-tf-eks_worker_sg",
              "TerraformModule": "terraform-aws-wandb/module/app_eks",
              "TerraformNamespace": "wnb-tf",
              "kubernetes.io/cluster/wnb-tf": "owned"
            },
            "timeouts": null,
            "vpc_id": "vpc-054f2a122628623a2"
          },
          "sensitive_attributes": [],
          "private": "eyJlMmJmYjczMC1lY2FhLTExZTYtOGY4OC0zNDM2M2JjN2M0YzAiOnsiY3JlYXRlIjo2MDAwMDAwMDAwMDAsImRlbGV0ZSI6OTAwMDAwMDAwMDAwfSwic2NoZW1hX3ZlcnNpb24iOiIxIn0=",
          "dependencies": [
            "module.wandb_infra.module.networking.module.vpc.aws_vpc.this"
          ],
          "create_before_destroy": true
        }
      ]
    },
    {
      "module": "module.wandb_infra.module.app_eks.module.eks",
      "mode": "managed",
      "type": "aws_security_group_rule",
      "name": "cluster_egress_internet",
      "provider": "provider[\"registry.terraform.io/hashicorp/aws\"]",
      "instances": [
        {
          "index_key": 0,
          "schema_version": 2,
          "attributes": {
            "cidr_blocks": [
              "0.0.0.0/0"
            ],
            "description": "Allow cluster egress access to the Internet.",
            "from_port": 0,
            "id": "sgrule-1124877725",
            "ipv6_cidr_blocks": null,
            "prefix_list_ids": null,
            "protocol": "-1",
            "security_group_id": "sg-020b8e2564196924f",
            "security_group_rule_id": "sgr-0c0b233c78182783e",
            "self": false,
            "source_security_group_id": null,
            "timeouts": null,
            "to_port": 0,
            "type": "egress"
          },
          "sensitive_attributes": [],
          "private": "eyJlMmJmYjczMC1lY2FhLTExZTYtOGY4OC0zNDM2M2JjN2M0YzAiOnsiY3JlYXRlIjozMDAwMDAwMDAwMDB9LCJzY2hlbWFfdmVyc2lvbiI6IjIifQ==",
          "dependencies": [
            "module.wandb_infra.module.app_eks.module.eks.aws_security_group.cluster",
            "module.wandb_infra.module.networking.module.vpc.aws_vpc.this"
          ],
          "create_before_destroy": true
        }
      ]
    },
    {
      "module": "module.wandb_infra.module.app_eks.module.eks",
      "mode": "managed",
      "type": "aws_security_group_rule",
      "name": "cluster_https_worker_ingress",
      "provider": "provider[\"registry.terraform.io/hashicorp/aws\"]",
      "instances": [
        {
          "index_key": 0,
          "schema_version": 2,
          "attributes": {
            "cidr_blocks": null,
            "description": "Allow pods to communicate with the EKS cluster API.",
            "from_port": 443,
            "id": "sgrule-2532450331",
            "ipv6_cidr_blocks": null,
            "prefix_list_ids": null,
            "protocol": "tcp",
            "security_group_id": "sg-020b8e2564196924f",
            "security_group_rule_id": "sgr-02dc8162459267191",
            "self": false,
            "source_security_group_id": "sg-04b8fb04beeac7ae4",
            "timeouts": null,
            "to_port": 443,
            "type": "ingress"
          },
          "sensitive_attributes": [],
          "private": "eyJlMmJmYjczMC1lY2FhLTExZTYtOGY4OC0zNDM2M2JjN2M0YzAiOnsiY3JlYXRlIjozMDAwMDAwMDAwMDB9LCJzY2hlbWFfdmVyc2lvbiI6IjIifQ==",
          "dependencies": [
            "module.wandb_infra.module.app_eks.module.eks.aws_security_group.cluster",
            "module.wandb_infra.module.app_eks.module.eks.aws_security_group.workers",
            "module.wandb_infra.module.networking.module.vpc.aws_vpc.this"
          ],
          "create_before_destroy": true
        }
      ]
    },
    {
      "module": "module.wandb_infra.module.app_eks.module.eks",
      "mode": "managed",
      "type": "aws_security_group_rule",
      "name": "cluster_primary_ingress_workers",
      "provider": "provider[\"registry.terraform.io/hashicorp/aws\"]",
      "instances": []
    },
    {
      "module": "module.wandb_infra.module.app_eks.module.eks",
      "mode": "managed",
      "type": "aws_security_group_rule",
      "name": "cluster_private_access_cidrs_source",
      "provider": "provider[\"registry.terraform.io/hashicorp/aws\"]",
      "instances": []
    },
    {
      "module": "module.wandb_infra.module.app_eks.module.eks",
      "mode": "managed",
      "type": "aws_security_group_rule",
      "name": "cluster_private_access_sg_source",
      "provider": "provider[\"registry.terraform.io/hashicorp/aws\"]",
      "instances": []
    },
    {
      "module": "module.wandb_infra.module.app_eks.module.eks",
      "mode": "managed",
      "type": "aws_security_group_rule",
      "name": "workers_egress_internet",
      "provider": "provider[\"registry.terraform.io/hashicorp/aws\"]",
      "instances": [
        {
          "index_key": 0,
          "schema_version": 2,
          "attributes": {
            "cidr_blocks": [
              "0.0.0.0/0"
            ],
            "description": "Allow nodes all egress to the Internet.",
            "from_port": 0,
            "id": "sgrule-2739223459",
            "ipv6_cidr_blocks": null,
            "prefix_list_ids": null,
            "protocol": "-1",
            "security_group_id": "sg-04b8fb04beeac7ae4",
            "security_group_rule_id": "sgr-010aa71a1dfa109b2",
            "self": false,
            "source_security_group_id": null,
            "timeouts": null,
            "to_port": 0,
            "type": "egress"
          },
          "sensitive_attributes": [],
          "private": "eyJlMmJmYjczMC1lY2FhLTExZTYtOGY4OC0zNDM2M2JjN2M0YzAiOnsiY3JlYXRlIjozMDAwMDAwMDAwMDB9LCJzY2hlbWFfdmVyc2lvbiI6IjIifQ==",
          "dependencies": [
            "module.wandb_infra.module.app_eks.module.eks.aws_security_group.workers",
            "module.wandb_infra.module.networking.module.vpc.aws_vpc.this"
          ],
          "create_before_destroy": true
        }
      ]
    },
    {
      "module": "module.wandb_infra.module.app_eks.module.eks",
      "mode": "managed",
      "type": "aws_security_group_rule",
      "name": "workers_ingress_cluster",
      "provider": "provider[\"registry.terraform.io/hashicorp/aws\"]",
      "instances": [
        {
          "index_key": 0,
          "schema_version": 2,
          "attributes": {
            "cidr_blocks": null,
            "description": "Allow workers pods to receive communication from the cluster control plane.",
            "from_port": 1025,
            "id": "sgrule-4125846843",
            "ipv6_cidr_blocks": null,
            "prefix_list_ids": null,
            "protocol": "tcp",
            "security_group_id": "sg-04b8fb04beeac7ae4",
            "security_group_rule_id": "sgr-036e3ec65bf5c4856",
            "self": false,
            "source_security_group_id": "sg-020b8e2564196924f",
            "timeouts": null,
            "to_port": 65535,
            "type": "ingress"
          },
          "sensitive_attributes": [],
          "private": "eyJlMmJmYjczMC1lY2FhLTExZTYtOGY4OC0zNDM2M2JjN2M0YzAiOnsiY3JlYXRlIjozMDAwMDAwMDAwMDB9LCJzY2hlbWFfdmVyc2lvbiI6IjIifQ==",
          "dependencies": [
            "module.wandb_infra.module.app_eks.module.eks.aws_security_group.cluster",
            "module.wandb_infra.module.app_eks.module.eks.aws_security_group.workers",
            "module.wandb_infra.module.networking.module.vpc.aws_vpc.this"
          ],
          "create_before_destroy": true
        }
      ]
    },
    {
      "module": "module.wandb_infra.module.app_eks.module.eks",
      "mode": "managed",
      "type": "aws_security_group_rule",
      "name": "workers_ingress_cluster_https",
      "provider": "provider[\"registry.terraform.io/hashicorp/aws\"]",
      "instances": [
        {
          "index_key": 0,
          "schema_version": 2,
          "attributes": {
            "cidr_blocks": null,
            "description": "Allow pods running extension API servers on port 443 to receive communication from cluster control plane.",
            "from_port": 443,
            "id": "sgrule-4118924153",
            "ipv6_cidr_blocks": null,
            "prefix_list_ids": null,
            "protocol": "tcp",
            "security_group_id": "sg-04b8fb04beeac7ae4",
            "security_group_rule_id": "sgr-063835340d4b82ee0",
            "self": false,
            "source_security_group_id": "sg-020b8e2564196924f",
            "timeouts": null,
            "to_port": 443,
            "type": "ingress"
          },
          "sensitive_attributes": [],
          "private": "eyJlMmJmYjczMC1lY2FhLTExZTYtOGY4OC0zNDM2M2JjN2M0YzAiOnsiY3JlYXRlIjozMDAwMDAwMDAwMDB9LCJzY2hlbWFfdmVyc2lvbiI6IjIifQ==",
          "dependencies": [
            "module.wandb_infra.module.app_eks.module.eks.aws_security_group.cluster",
            "module.wandb_infra.module.app_eks.module.eks.aws_security_group.workers",
            "module.wandb_infra.module.networking.module.vpc.aws_vpc.this"
          ],
          "create_before_destroy": true
        }
      ]
    },
    {
      "module": "module.wandb_infra.module.app_eks.module.eks",
      "mode": "managed",
      "type": "aws_security_group_rule",
      "name": "workers_ingress_cluster_kubelet",
      "provider": "provider[\"registry.terraform.io/hashicorp/aws\"]",
      "instances": []
    },
    {
      "module": "module.wandb_infra.module.app_eks.module.eks",
      "mode": "managed",
      "type": "aws_security_group_rule",
      "name": "workers_ingress_cluster_primary",
      "provider": "provider[\"registry.terraform.io/hashicorp/aws\"]",
      "instances": []
    },
    {
      "module": "module.wandb_infra.module.app_eks.module.eks",
      "mode": "managed",
      "type": "aws_security_group_rule",
      "name": "workers_ingress_self",
      "provider": "provider[\"registry.terraform.io/hashicorp/aws\"]",
      "instances": [
        {
          "index_key": 0,
          "schema_version": 2,
          "attributes": {
            "cidr_blocks": null,
            "description": "Allow node to communicate with each other.",
            "from_port": 0,
            "id": "sgrule-51442056",
            "ipv6_cidr_blocks": null,
            "prefix_list_ids": null,
            "protocol": "-1",
            "security_group_id": "sg-04b8fb04beeac7ae4",
            "security_group_rule_id": "sgr-074485ef126d1e897",
            "self": false,
            "source_security_group_id": "sg-04b8fb04beeac7ae4",
            "timeouts": null,
            "to_port": 0,
            "type": "ingress"
          },
          "sensitive_attributes": [],
          "private": "eyJlMmJmYjczMC1lY2FhLTExZTYtOGY4OC0zNDM2M2JjN2M0YzAiOnsiY3JlYXRlIjozMDAwMDAwMDAwMDB9LCJzY2hlbWFfdmVyc2lvbiI6IjIifQ==",
          "dependencies": [
            "module.wandb_infra.module.app_eks.module.eks.aws_security_group.workers",
            "module.wandb_infra.module.networking.module.vpc.aws_vpc.this"
          ],
          "create_before_destroy": true
        }
      ]
    },
    {
      "module": "module.wandb_infra.module.app_eks.module.eks",
      "mode": "managed",
      "type": "kubernetes_config_map",
      "name": "aws_auth",
      "provider": "provider[\"registry.terraform.io/hashicorp/kubernetes\"]",
      "instances": [
        {
          "index_key": 0,
          "schema_version": 0,
          "attributes": {
            "binary_data": {},
            "data": {
              "mapAccounts": "[]\n",
              "mapRoles": "- \"groups\":\n  - \"system:bootstrappers\"\n  - \"system:nodes\"\n  \"rolearn\": \"arn:aws:iam::571600843687:role/wnb-tf-node\"\n  \"username\": \"system:node:{{EC2PrivateDNSName}}\"\n",
              "mapUsers": "[]\n"
            },
            "id": "kube-system/aws-auth",
            "immutable": false,
            "metadata": [
              {
                "annotations": {},
                "generate_name": "",
                "generation": 0,
                "labels": {
                  "app.kubernetes.io/managed-by": "Terraform",
                  "terraform.io/module": "terraform-aws-modules.eks.aws"
                },
                "name": "aws-auth",
                "namespace": "kube-system",
                "resource_version": "1014",
                "uid": "1dcf0035-2afa-43f8-a6d2-3a5a7fd06bb7"
              }
            ]
          },
          "sensitive_attributes": [],
          "private": "bnVsbA==",
          "dependencies": [
            "data.aws_eks_cluster.app_cluster",
            "data.aws_eks_cluster_auth.app_cluster",
            "module.wandb_infra.module.app_eks.aws_iam_role.node",
            "module.wandb_infra.module.app_eks.data.aws_iam_policy_document.node_assume",
            "module.wandb_infra.module.app_eks.module.eks.aws_cloudwatch_log_group.this",
            "module.wandb_infra.module.app_eks.module.eks.aws_eks_cluster.this",
            "module.wandb_infra.module.app_eks.module.eks.aws_iam_instance_profile.workers",
            "module.wandb_infra.module.app_eks.module.eks.aws_iam_instance_profile.workers_launch_template",
            "module.wandb_infra.module.app_eks.module.eks.aws_iam_role.cluster",
            "module.wandb_infra.module.app_eks.module.eks.aws_iam_role.workers",
            "module.wandb_infra.module.app_eks.module.eks.aws_iam_role_policy_attachment.cluster_AmazonEKSClusterPolicy",
            "module.wandb_infra.module.app_eks.module.eks.aws_iam_role_policy_attachment.cluster_AmazonEKSServicePolicy",
            "module.wandb_infra.module.app_eks.module.eks.aws_iam_role_policy_attachment.cluster_AmazonEKSVPCResourceControllerPolicy",
            "module.wandb_infra.module.app_eks.module.eks.aws_iam_role_policy_attachment.workers_AmazonEC2ContainerRegistryReadOnly",
            "module.wandb_infra.module.app_eks.module.eks.aws_iam_role_policy_attachment.workers_AmazonEKSWorkerNodePolicy",
            "module.wandb_infra.module.app_eks.module.eks.aws_iam_role_policy_attachment.workers_AmazonEKS_CNI_Policy",
            "module.wandb_infra.module.app_eks.module.eks.aws_security_group.cluster",
            "module.wandb_infra.module.app_eks.module.eks.aws_security_group.workers",
            "module.wandb_infra.module.app_eks.module.eks.aws_security_group_rule.cluster_egress_internet",
            "module.wandb_infra.module.app_eks.module.eks.aws_security_group_rule.cluster_https_worker_ingress",
            "module.wandb_infra.module.app_eks.module.eks.aws_security_group_rule.cluster_private_access_cidrs_source",
            "module.wandb_infra.module.app_eks.module.eks.aws_security_group_rule.cluster_private_access_sg_source",
            "module.wandb_infra.module.app_eks.module.eks.data.aws_ami.eks_worker",
            "module.wandb_infra.module.app_eks.module.eks.data.aws_ami.eks_worker_windows",
            "module.wandb_infra.module.app_eks.module.eks.data.aws_caller_identity.current",
            "module.wandb_infra.module.app_eks.module.eks.data.aws_iam_instance_profile.custom_worker_group_iam_instance_profile",
            "module.wandb_infra.module.app_eks.module.eks.data.aws_iam_instance_profile.custom_worker_group_launch_template_iam_instance_profile",
            "module.wandb_infra.module.app_eks.module.eks.data.aws_iam_policy_document.cluster_assume_role_policy",
            "module.wandb_infra.module.app_eks.module.eks.data.aws_iam_policy_document.workers_assume_role_policy",
            "module.wandb_infra.module.app_eks.module.eks.data.aws_iam_role.custom_cluster_iam_role",
            "module.wandb_infra.module.app_eks.module.eks.data.aws_partition.current",
            "module.wandb_infra.module.app_eks.module.eks.data.http.wait_for_cluster",
            "module.wandb_infra.module.app_eks.module.eks.module.fargate.aws_iam_role.eks_fargate_pod",
            "module.wandb_infra.module.app_eks.module.eks.module.fargate.data.aws_iam_policy_document.eks_fargate_pod_assume_role",
            "module.wandb_infra.module.app_eks.module.eks.module.fargate.data.aws_iam_role.custom_fargate_iam_role",
            "module.wandb_infra.module.kms.aws_kms_key.key",
            "module.wandb_infra.module.kms.data.aws_caller_identity.current",
            "module.wandb_infra.module.networking.data.aws_availability_zones.available",
            "module.wandb_infra.module.networking.module.vpc.aws_subnet.private",
            "module.wandb_infra.module.networking.module.vpc.aws_vpc.this",
            "module.wandb_infra.module.networking.module.vpc.aws_vpc_ipv4_cidr_block_association.this"
          ]
        }
      ]
    },
    {
      "module": "module.wandb_infra.module.app_eks.module.eks",
      "mode": "managed",
      "type": "local_file",
      "name": "kubeconfig",
      "provider": "provider[\"registry.terraform.io/hashicorp/local\"]",
      "instances": [
        {
          "index_key": 0,
          "schema_version": 0,
          "attributes": {
            "content": "apiVersion: v1\npreferences: {}\nkind: Config\n\nclusters:\n- cluster:\n    server: https://D596CA6691F65F0271A4D4050ABF0911.gr7.us-east-1.eks.amazonaws.com\n    certificate-authority-data: LS0tLS1CRUdJTiBDRVJUSUZJQ0FURS0tLS0tCk1JSURCVENDQWUyZ0F3SUJBZ0lJS1JodGRVckwxRVV3RFFZSktvWklodmNOQVFFTEJRQXdGVEVUTUJFR0ExVUUKQXhNS2EzVmlaWEp1WlhSbGN6QWVGdzB5TlRBeE16RXdNekkwTWpWYUZ3MHpOVEF4TWprd016STVNalZhTUJVeApFekFSQmdOVkJBTVRDbXQxWW1WeWJtVjBaWE13Z2dFaU1BMEdDU3FHU0liM0RRRUJBUVVBQTRJQkR3QXdnZ0VLCkFvSUJBUUM5dUJReWJDUDMzQjVGQkhrU1A5a3hINy9CdXNDUzBXSysvSlR5bTFRMktIeU1PMTcrQ3ZvcDFETVkKRUozK25BU2FMSlJNRzhpTTZZek5kM2txK0l6a21FbHR0SjNVbE9lTXJuMlBKUHhMZGt2T0Rxdi9ZOUpLaDJjOQpONmZyMm42Mmg1WU0rN0lpLy85REdnVXArR0cyK09xVEVtaFdyc3pBcitsZjBQcGUxeUJEN0h6Kys2NGRuSThIClVobm5Od2NsNno2T3lJTllDemlxTnlsbm1NTy9RY0o3ZlAwYU1rc1g4RTcrbFdFa3I2dm9DaVYrMlc4ZXVITWEKbVNXeDF3TVVQZEVPNXR6SmZxeEI0a2NNcis3YWt2dlkyYkcyd2RtUXA3bjNic3VVNEJxQ3JCUXA3bjFxUDhTawp5Z09FRm9yUmNGNm5lSis3T1Y0aEtIVHdzT3dMQWdNQkFBR2pXVEJYTUE0R0ExVWREd0VCL3dRRUF3SUNwREFQCkJnTlZIUk1CQWY4RUJUQURBUUgvTUIwR0ExVWREZ1FXQkJUQ3lrcWZPTTBpdEF0QWNiREUzSHdXRWROeFdEQVYKQmdOVkhSRUVEakFNZ2dwcmRXSmxjbTVsZEdWek1BMEdDU3FHU0liM0RRRUJDd1VBQTRJQkFRQ1VxM3RPREJIcApPRXBzZW5lUkpmbDRHWno3bHBweCtWWEdnRjZZZzVmYlFFQndtd2szbjQ2aDVrU0YySUZHRVZvRXBCUDcwZlZGCjh1NzROZHBHZ05tVkl0RTRxMGJzWUE0L21Mb2YwV0RaRXlDS25FanFndXhLQ0Rmem5ta2FGeTNxczQzd2EzRUwKTW1hTW8wbkN1dnc0WEZodHFBaXRsU0F4bFFrVWpxNDY3V29SNEZQc3VjcVMzUTVFUnFvMWNWY2RUSURmYVdBMwpGYzFEQkx1cTgzOW4yUzZwVzdxYTQ1Tkc1bStDU05MT2x6eHpJWE1qZXBzYmZZR252QUw0TEx0dE9URy9FbGRxClVXZ2MyM2ovNEo3Wm9UYndjckhFUzZUSmhGU0ttUTBnUmhnNkVoUFZrY3RZak5KK1BUQjJUUVlsUWxFbno2b1cKRmFnVXFCRFJ5aklMCi0tLS0tRU5EIENFUlRJRklDQVRFLS0tLS0K\n  name: eks_wnb-tf\n\ncontexts:\n- context:\n    cluster: eks_wnb-tf\n    user: eks_wnb-tf\n  name: eks_wnb-tf\n\ncurrent-context: eks_wnb-tf\n\nusers:\n- name: eks_wnb-tf\n  user:\n    exec:\n      apiVersion: client.authentication.k8s.io/v1alpha1\n      command: aws-iam-authenticator\n      args:\n        - \"token\"\n        - \"-i\"\n        - \"wnb-tf\"\n",
            "content_base64": null,
            "content_base64sha256": "SkjpOc1EobE1mh79c0gbcfqJ9wLbogR/wBE5iMSsATY=",
            "content_base64sha512": "oM6v7iv/MG5bN6/VXQBSvRXvEX8LjiO2a+mIy1iU7q4qnlLbNqs7Enxh1qBjfZr/6TjfYeJ33jj6uIbdt2f0Cg==",
            "content_md5": "8ad9a85926f60cc90ed2fa46de2de98d",
            "content_sha1": "832a560665b412206fd5a73a00a17b5edb6a7f6b",
            "content_sha256": "4a48e939cd44a1b1359a1efd73481b71fa89f702dba2047fc0113988c4ac0136",
            "content_sha512": "a0ceafee2bff306e5b37afd55d0052bd15ef117f0b8e23b66be988cb5894eeae2a9e52db36ab3b127c61d6a0637d9affe938df61e277de38fab886ddb767f40a",
            "directory_permission": "0755",
            "file_permission": "0600",
            "filename": "./kubeconfig_wnb-tf",
            "id": "832a560665b412206fd5a73a00a17b5edb6a7f6b",
            "sensitive_content": null,
            "source": null
          },
          "sensitive_attributes": [
            [
              {
                "type": "get_attr",
                "value": "sensitive_content"
              }
            ]
          ],
          "dependencies": [
            "module.wandb_infra.module.app_eks.module.eks.aws_cloudwatch_log_group.this",
            "module.wandb_infra.module.app_eks.module.eks.aws_eks_cluster.this",
            "module.wandb_infra.module.app_eks.module.eks.aws_iam_role.cluster",
            "module.wandb_infra.module.app_eks.module.eks.aws_iam_role_policy_attachment.cluster_AmazonEKSClusterPolicy",
            "module.wandb_infra.module.app_eks.module.eks.aws_iam_role_policy_attachment.cluster_AmazonEKSServicePolicy",
            "module.wandb_infra.module.app_eks.module.eks.aws_iam_role_policy_attachment.cluster_AmazonEKSVPCResourceControllerPolicy",
            "module.wandb_infra.module.app_eks.module.eks.aws_security_group.cluster",
            "module.wandb_infra.module.app_eks.module.eks.aws_security_group.workers",
            "module.wandb_infra.module.app_eks.module.eks.aws_security_group_rule.cluster_egress_internet",
            "module.wandb_infra.module.app_eks.module.eks.aws_security_group_rule.cluster_https_worker_ingress",
            "module.wandb_infra.module.app_eks.module.eks.data.aws_iam_policy_document.cluster_assume_role_policy",
            "module.wandb_infra.module.app_eks.module.eks.data.aws_iam_role.custom_cluster_iam_role",
            "module.wandb_infra.module.app_eks.module.eks.data.aws_partition.current",
            "module.wandb_infra.module.kms.aws_kms_key.key",
            "module.wandb_infra.module.kms.data.aws_caller_identity.current",
            "module.wandb_infra.module.networking.data.aws_availability_zones.available",
            "module.wandb_infra.module.networking.module.vpc.aws_subnet.private",
            "module.wandb_infra.module.networking.module.vpc.aws_vpc.this",
            "module.wandb_infra.module.networking.module.vpc.aws_vpc_ipv4_cidr_block_association.this"
          ]
        }
      ]
    },
    {
      "module": "module.wandb_infra.module.app_eks.module.eks.module.fargate",
      "mode": "data",
      "type": "aws_iam_policy_document",
      "name": "eks_fargate_pod_assume_role",
      "provider": "provider[\"registry.terraform.io/hashicorp/aws\"]",
      "instances": []
    },
    {
      "module": "module.wandb_infra.module.app_eks.module.eks.module.fargate",
      "mode": "data",
      "type": "aws_iam_role",
      "name": "custom_fargate_iam_role",
      "provider": "provider[\"registry.terraform.io/hashicorp/aws\"]",
      "instances": []
    },
    {
      "module": "module.wandb_infra.module.app_eks.module.eks.module.fargate",
      "mode": "data",
      "type": "aws_partition",
      "name": "current",
      "provider": "provider[\"registry.terraform.io/hashicorp/aws\"]",
      "instances": [
        {
          "schema_version": 0,
          "attributes": {
            "dns_suffix": "amazonaws.com",
            "id": "aws",
            "partition": "aws",
            "reverse_dns_prefix": "com.amazonaws"
          },
          "sensitive_attributes": []
        }
      ]
    },
    {
      "module": "module.wandb_infra.module.app_eks.module.eks.module.fargate",
      "mode": "managed",
      "type": "aws_eks_fargate_profile",
      "name": "this",
      "provider": "provider[\"registry.terraform.io/hashicorp/aws\"]",
      "instances": []
    },
    {
      "module": "module.wandb_infra.module.app_eks.module.eks.module.fargate",
      "mode": "managed",
      "type": "aws_iam_role",
      "name": "eks_fargate_pod",
      "provider": "provider[\"registry.terraform.io/hashicorp/aws\"]",
      "instances": []
    },
    {
      "module": "module.wandb_infra.module.app_eks.module.eks.module.fargate",
      "mode": "managed",
      "type": "aws_iam_role_policy_attachment",
      "name": "eks_fargate_pod",
      "provider": "provider[\"registry.terraform.io/hashicorp/aws\"]",
      "instances": []
    },
    {
      "module": "module.wandb_infra.module.app_eks.module.eks.module.node_groups",
      "mode": "data",
      "type": "cloudinit_config",
      "name": "workers_userdata",
      "provider": "provider[\"registry.terraform.io/hashicorp/cloudinit\"]",
      "instances": [
        {
          "index_key": "primary",
          "schema_version": 0,
          "attributes": {
            "base64_encode": true,
            "boundary": "//",
            "gzip": false,
            "id": "3507518246",
            "part": [
              {
                "content": "#!/bin/bash -e\n\n# Set bootstrap env\nprintf '#!/bin/bash\nexport ADDITIONAL_KUBELET_EXTRA_ARGS=\"\"\n' \u003e /etc/profile.d/eks-bootstrap-env.sh\n\n# Source extra environment variables in bootstrap script\nsed -i '/^set -o errexit/a\\\\nsource /etc/profile.d/eks-bootstrap-env.sh' /etc/eks/bootstrap.sh\n\n# Merge ADDITIONAL_KUBELET_EXTRA_ARGS into KUBELET_EXTRA_ARGS\nsed -i 's/^KUBELET_EXTRA_ARGS=\"${KUBELET_EXTRA_ARGS:-}/KUBELET_EXTRA_ARGS=\"${KUBELET_EXTRA_ARGS:-} ${ADDITIONAL_KUBELET_EXTRA_ARGS}/' /etc/eks/bootstrap.sh\n\n# User supplied pre userdata\n\n",
                "content_type": "text/x-shellscript",
                "filename": null,
                "merge_type": null
              }
            ],
            "rendered": "Q29udGVudC1UeXBlOiBtdWx0aXBhcnQvbWl4ZWQ7IGJvdW5kYXJ5PSIvLyIKTUlNRS1WZXJzaW9uOiAxLjANCg0KLS0vLw0KQ29udGVudC1UcmFuc2Zlci1FbmNvZGluZzogN2JpdA0KQ29udGVudC1UeXBlOiB0ZXh0L3gtc2hlbGxzY3JpcHQNCk1pbWUtVmVyc2lvbjogMS4wDQoNCiMhL2Jpbi9iYXNoIC1lCgojIFNldCBib290c3RyYXAgZW52CnByaW50ZiAnIyEvYmluL2Jhc2gKZXhwb3J0IEFERElUSU9OQUxfS1VCRUxFVF9FWFRSQV9BUkdTPSIiCicgPiAvZXRjL3Byb2ZpbGUuZC9la3MtYm9vdHN0cmFwLWVudi5zaAoKIyBTb3VyY2UgZXh0cmEgZW52aXJvbm1lbnQgdmFyaWFibGVzIGluIGJvb3RzdHJhcCBzY3JpcHQKc2VkIC1pICcvXnNldCAtbyBlcnJleGl0L2FcXG5zb3VyY2UgL2V0Yy9wcm9maWxlLmQvZWtzLWJvb3RzdHJhcC1lbnYuc2gnIC9ldGMvZWtzL2Jvb3RzdHJhcC5zaAoKIyBNZXJnZSBBRERJVElPTkFMX0tVQkVMRVRfRVhUUkFfQVJHUyBpbnRvIEtVQkVMRVRfRVhUUkFfQVJHUwpzZWQgLWkgJ3MvXktVQkVMRVRfRVhUUkFfQVJHUz0iJHtLVUJFTEVUX0VYVFJBX0FSR1M6LX0vS1VCRUxFVF9FWFRSQV9BUkdTPSIke0tVQkVMRVRfRVhUUkFfQVJHUzotfSAke0FERElUSU9OQUxfS1VCRUxFVF9FWFRSQV9BUkdTfS8nIC9ldGMvZWtzL2Jvb3RzdHJhcC5zaAoKIyBVc2VyIHN1cHBsaWVkIHByZSB1c2VyZGF0YQoKDQotLS8vLS0NCg=="
          },
          "sensitive_attributes": []
        }
      ]
    },
    {
      "module": "module.wandb_infra.module.app_eks.module.eks.module.node_groups",
      "mode": "managed",
      "type": "aws_eks_node_group",
      "name": "workers",
      "provider": "provider[\"registry.terraform.io/hashicorp/aws\"]",
      "instances": [
        {
          "index_key": "primary",
          "schema_version": 0,
          "attributes": {
            "ami_type": "AL2023_x86_64_STANDARD",
            "arn": "arn:aws:eks:us-east-1:571600843687:nodegroup/wnb-tf/wnb-tf-primary2025013103351184210000000b/58ca5d36-a4bb-6ab0-27e7-a8ff4d4180ed",
            "capacity_type": "ON_DEMAND",
            "cluster_name": "wnb-tf",
            "disk_size": 0,
            "force_update_version": true,
            "id": "wnb-tf:wnb-tf-primary2025013103351184210000000b",
            "instance_types": [
              "m5.large"
            ],
            "labels": {},
            "launch_template": [
              {
                "id": "lt-076ba4f48283934db",
                "name": "wnb-tf-primary20250131033511358900000009",
                "version": "1"
              }
            ],
            "node_group_name": "wnb-tf-primary2025013103351184210000000b",
            "node_group_name_prefix": "wnb-tf-primary",
            "node_role_arn": "arn:aws:iam::571600843687:role/wnb-tf-node",
            "release_version": "1.32.0-20250123",
            "remote_access": [],
            "resources": [
              {
                "autoscaling_groups": [
                  {
                    "name": "eks-wnb-tf-primary2025013103351184210000000b-58ca5d36-a4bb-6ab0-27e7-a8ff4d4180ed"
                  }
                ],
                "remote_access_security_group_id": ""
              }
            ],
            "scaling_config": [
              {
                "desired_size": 2,
                "max_size": 5,
                "min_size": 2
              }
            ],
            "status": "ACTIVE",
            "subnet_ids": [
              "subnet-05024a9be99979c8c",
              "subnet-0fe7c88ba77ec5d34"
            ],
            "tags": {
              "GithubOrg": "terraform-aws-wandb",
              "GithubRepo": "wandb",
              "TerraformModule": "terraform-aws-wandb/module/app_eks",
              "TerraformNamespace": "wnb-tf"
            },
            "tags_all": {
              "Enviroment": "dev",
              "Example": "PublicDnsExternal",
              "GithubOrg": "terraform-aws-wandb",
              "GithubRepo": "wandb",
              "TerraformModule": "terraform-aws-wandb/module/app_eks",
              "TerraformNamespace": "wnb-tf"
            },
            "taint": [],
            "timeouts": {
              "create": null,
              "delete": null,
              "update": null
            },
            "update_config": [
              {
                "max_unavailable": 1,
                "max_unavailable_percentage": 0
              }
            ],
            "version": "1.32"
          },
          "sensitive_attributes": [],
          "private": "eyJlMmJmYjczMC1lY2FhLTExZTYtOGY4OC0zNDM2M2JjN2M0YzAiOnsiY3JlYXRlIjozNjAwMDAwMDAwMDAwLCJkZWxldGUiOjM2MDAwMDAwMDAwMDAsInVwZGF0ZSI6MzYwMDAwMDAwMDAwMH19",
          "dependencies": [
            "module.wandb_infra.module.app_eks.aws_iam_role.node",
            "module.wandb_infra.module.app_eks.aws_security_group.primary_workers",
            "module.wandb_infra.module.app_eks.data.aws_iam_policy_document.node_assume",
            "module.wandb_infra.module.app_eks.module.eks.aws_cloudwatch_log_group.this",
            "module.wandb_infra.module.app_eks.module.eks.aws_eks_cluster.this",
            "module.wandb_infra.module.app_eks.module.eks.aws_iam_role.cluster",
            "module.wandb_infra.module.app_eks.module.eks.aws_iam_role.workers",
            "module.wandb_infra.module.app_eks.module.eks.aws_iam_role_policy_attachment.cluster_AmazonEKSClusterPolicy",
            "module.wandb_infra.module.app_eks.module.eks.aws_iam_role_policy_attachment.cluster_AmazonEKSServicePolicy",
            "module.wandb_infra.module.app_eks.module.eks.aws_iam_role_policy_attachment.cluster_AmazonEKSVPCResourceControllerPolicy",
            "module.wandb_infra.module.app_eks.module.eks.aws_iam_role_policy_attachment.workers_AmazonEC2ContainerRegistryReadOnly",
            "module.wandb_infra.module.app_eks.module.eks.aws_iam_role_policy_attachment.workers_AmazonEKSWorkerNodePolicy",
            "module.wandb_infra.module.app_eks.module.eks.aws_iam_role_policy_attachment.workers_AmazonEKS_CNI_Policy",
            "module.wandb_infra.module.app_eks.module.eks.aws_security_group.cluster",
            "module.wandb_infra.module.app_eks.module.eks.aws_security_group.workers",
            "module.wandb_infra.module.app_eks.module.eks.aws_security_group_rule.cluster_egress_internet",
            "module.wandb_infra.module.app_eks.module.eks.aws_security_group_rule.cluster_https_worker_ingress",
            "module.wandb_infra.module.app_eks.module.eks.data.aws_ami.eks_worker",
            "module.wandb_infra.module.app_eks.module.eks.data.aws_ami.eks_worker_windows",
            "module.wandb_infra.module.app_eks.module.eks.data.aws_iam_policy_document.cluster_assume_role_policy",
            "module.wandb_infra.module.app_eks.module.eks.data.aws_iam_policy_document.workers_assume_role_policy",
            "module.wandb_infra.module.app_eks.module.eks.data.aws_iam_role.custom_cluster_iam_role",
            "module.wandb_infra.module.app_eks.module.eks.data.aws_partition.current",
            "module.wandb_infra.module.app_eks.module.eks.module.node_groups.aws_launch_template.workers",
            "module.wandb_infra.module.app_eks.module.eks.module.node_groups.data.cloudinit_config.workers_userdata",
            "module.wandb_infra.module.kms.aws_kms_key.key",
            "module.wandb_infra.module.kms.data.aws_caller_identity.current",
            "module.wandb_infra.module.networking.data.aws_availability_zones.available",
            "module.wandb_infra.module.networking.module.vpc.aws_subnet.private",
            "module.wandb_infra.module.networking.module.vpc.aws_vpc.this",
            "module.wandb_infra.module.networking.module.vpc.aws_vpc_ipv4_cidr_block_association.this"
          ],
          "create_before_destroy": true
        }
      ]
    },
    {
      "module": "module.wandb_infra.module.app_eks.module.eks.module.node_groups",
      "mode": "managed",
      "type": "aws_launch_template",
      "name": "workers",
      "provider": "provider[\"registry.terraform.io/hashicorp/aws\"]",
      "instances": [
        {
          "index_key": "primary",
          "schema_version": 0,
          "attributes": {
            "arn": "arn:aws:ec2:us-east-1:571600843687:launch-template/lt-076ba4f48283934db",
            "block_device_mappings": [
              {
                "device_name": "/dev/xvda",
                "ebs": [
                  {
                    "delete_on_termination": "true",
                    "encrypted": "true",
                    "iops": 0,
                    "kms_key_id": "arn:aws:kms:us-east-1:571600843687:key/ab04a8fa-4c24-4a87-a61a-c4c6e73190b3",
                    "snapshot_id": "",
                    "throughput": 0,
                    "volume_size": 100,
                    "volume_type": "gp2"
                  }
                ],
                "no_device": "",
                "virtual_name": ""
              }
            ],
            "capacity_reservation_specification": [],
            "cpu_options": [],
            "credit_specification": [],
            "default_version": 1,
            "description": "EKS Managed Node Group custom LT for wnb-tf-primary",
            "disable_api_stop": false,
            "disable_api_termination": false,
            "ebs_optimized": "",
            "elastic_gpu_specifications": [],
            "elastic_inference_accelerator": [],
            "enclave_options": [],
            "hibernation_options": [],
            "iam_instance_profile": [],
            "id": "lt-076ba4f48283934db",
            "image_id": "",
            "instance_initiated_shutdown_behavior": "",
            "instance_market_options": [],
            "instance_requirements": [],
            "instance_type": "",
            "kernel_id": "",
            "key_name": "",
            "latest_version": 1,
            "license_specification": [],
            "maintenance_options": [],
            "metadata_options": [
              {
                "http_endpoint": "enabled",
                "http_protocol_ipv6": "disabled",
                "http_put_response_hop_limit": 2,
                "http_tokens": "required",
                "instance_metadata_tags": "disabled"
              }
            ],
            "monitoring": [
              {
                "enabled": true
              }
            ],
            "name": "wnb-tf-primary20250131033511358900000009",
            "name_prefix": "wnb-tf-primary",
            "network_interfaces": [
              {
                "associate_carrier_ip_address": "",
                "associate_public_ip_address": "false",
                "delete_on_termination": "true",
                "description": "",
                "device_index": 0,
                "interface_type": "",
                "ipv4_address_count": 0,
                "ipv4_addresses": [],
                "ipv4_prefix_count": 0,
                "ipv4_prefixes": [],
                "ipv6_address_count": 0,
                "ipv6_addresses": [],
                "ipv6_prefix_count": 0,
                "ipv6_prefixes": [],
                "network_card_index": 0,
                "network_interface_id": "",
                "private_ip_address": "",
                "security_groups": [
                  "sg-04b8fb04beeac7ae4",
                  "sg-0f135f7cc62eec2ce"
                ],
                "subnet_id": ""
              }
            ],
            "placement": [],
            "private_dns_name_options": [],
            "ram_disk_id": "",
            "security_group_names": [],
            "tag_specifications": [
              {
                "resource_type": "instance",
                "tags": {
                  "GithubOrg": "terraform-aws-wandb",
                  "GithubRepo": "wandb",
                  "Name": "wnb-tf-primary",
                  "TerraformModule": "terraform-aws-wandb/module/app_eks",
                  "TerraformNamespace": "wnb-tf"
                }
              },
              {
                "resource_type": "volume",
                "tags": {
                  "GithubOrg": "terraform-aws-wandb",
                  "GithubRepo": "wandb",
                  "Name": "wnb-tf-primary",
                  "TerraformModule": "terraform-aws-wandb/module/app_eks",
                  "TerraformNamespace": "wnb-tf"
                }
              },
              {
                "resource_type": "network-interface",
                "tags": {
                  "GithubOrg": "terraform-aws-wandb",
                  "GithubRepo": "wandb",
                  "Name": "wnb-tf-primary",
                  "TerraformModule": "terraform-aws-wandb/module/app_eks",
                  "TerraformNamespace": "wnb-tf"
                }
              }
            ],
            "tags": {
              "GithubOrg": "terraform-aws-wandb",
              "GithubRepo": "wandb",
              "TerraformModule": "terraform-aws-wandb/module/app_eks",
              "TerraformNamespace": "wnb-tf"
            },
            "tags_all": {
              "Enviroment": "dev",
              "Example": "PublicDnsExternal",
              "GithubOrg": "terraform-aws-wandb",
              "GithubRepo": "wandb",
              "TerraformModule": "terraform-aws-wandb/module/app_eks",
              "TerraformNamespace": "wnb-tf"
            },
            "update_default_version": true,
            "user_data": "Q29udGVudC1UeXBlOiBtdWx0aXBhcnQvbWl4ZWQ7IGJvdW5kYXJ5PSIvLyIKTUlNRS1WZXJzaW9uOiAxLjANCg0KLS0vLw0KQ29udGVudC1UcmFuc2Zlci1FbmNvZGluZzogN2JpdA0KQ29udGVudC1UeXBlOiB0ZXh0L3gtc2hlbGxzY3JpcHQNCk1pbWUtVmVyc2lvbjogMS4wDQoNCiMhL2Jpbi9iYXNoIC1lCgojIFNldCBib290c3RyYXAgZW52CnByaW50ZiAnIyEvYmluL2Jhc2gKZXhwb3J0IEFERElUSU9OQUxfS1VCRUxFVF9FWFRSQV9BUkdTPSIiCicgPiAvZXRjL3Byb2ZpbGUuZC9la3MtYm9vdHN0cmFwLWVudi5zaAoKIyBTb3VyY2UgZXh0cmEgZW52aXJvbm1lbnQgdmFyaWFibGVzIGluIGJvb3RzdHJhcCBzY3JpcHQKc2VkIC1pICcvXnNldCAtbyBlcnJleGl0L2FcXG5zb3VyY2UgL2V0Yy9wcm9maWxlLmQvZWtzLWJvb3RzdHJhcC1lbnYuc2gnIC9ldGMvZWtzL2Jvb3RzdHJhcC5zaAoKIyBNZXJnZSBBRERJVElPTkFMX0tVQkVMRVRfRVhUUkFfQVJHUyBpbnRvIEtVQkVMRVRfRVhUUkFfQVJHUwpzZWQgLWkgJ3MvXktVQkVMRVRfRVhUUkFfQVJHUz0iJHtLVUJFTEVUX0VYVFJBX0FSR1M6LX0vS1VCRUxFVF9FWFRSQV9BUkdTPSIke0tVQkVMRVRfRVhUUkFfQVJHUzotfSAke0FERElUSU9OQUxfS1VCRUxFVF9FWFRSQV9BUkdTfS8nIC9ldGMvZWtzL2Jvb3RzdHJhcC5zaAoKIyBVc2VyIHN1cHBsaWVkIHByZSB1c2VyZGF0YQoKDQotLS8vLS0NCg==",
            "vpc_security_group_ids": []
          },
          "sensitive_attributes": [],
          "private": "bnVsbA==",
          "dependencies": [
            "module.wandb_infra.module.app_eks.aws_iam_role.node",
            "module.wandb_infra.module.app_eks.aws_security_group.primary_workers",
            "module.wandb_infra.module.app_eks.data.aws_iam_policy_document.node_assume",
            "module.wandb_infra.module.app_eks.module.eks.aws_cloudwatch_log_group.this",
            "module.wandb_infra.module.app_eks.module.eks.aws_eks_cluster.this",
            "module.wandb_infra.module.app_eks.module.eks.aws_iam_role.cluster",
            "module.wandb_infra.module.app_eks.module.eks.aws_iam_role.workers",
            "module.wandb_infra.module.app_eks.module.eks.aws_iam_role_policy_attachment.cluster_AmazonEKSClusterPolicy",
            "module.wandb_infra.module.app_eks.module.eks.aws_iam_role_policy_attachment.cluster_AmazonEKSServicePolicy",
            "module.wandb_infra.module.app_eks.module.eks.aws_iam_role_policy_attachment.cluster_AmazonEKSVPCResourceControllerPolicy",
            "module.wandb_infra.module.app_eks.module.eks.aws_iam_role_policy_attachment.workers_AmazonEC2ContainerRegistryReadOnly",
            "module.wandb_infra.module.app_eks.module.eks.aws_iam_role_policy_attachment.workers_AmazonEKSWorkerNodePolicy",
            "module.wandb_infra.module.app_eks.module.eks.aws_iam_role_policy_attachment.workers_AmazonEKS_CNI_Policy",
            "module.wandb_infra.module.app_eks.module.eks.aws_security_group.cluster",
            "module.wandb_infra.module.app_eks.module.eks.aws_security_group.workers",
            "module.wandb_infra.module.app_eks.module.eks.aws_security_group_rule.cluster_egress_internet",
            "module.wandb_infra.module.app_eks.module.eks.aws_security_group_rule.cluster_https_worker_ingress",
            "module.wandb_infra.module.app_eks.module.eks.data.aws_ami.eks_worker",
            "module.wandb_infra.module.app_eks.module.eks.data.aws_ami.eks_worker_windows",
            "module.wandb_infra.module.app_eks.module.eks.data.aws_iam_policy_document.cluster_assume_role_policy",
            "module.wandb_infra.module.app_eks.module.eks.data.aws_iam_policy_document.workers_assume_role_policy",
            "module.wandb_infra.module.app_eks.module.eks.data.aws_iam_role.custom_cluster_iam_role",
            "module.wandb_infra.module.app_eks.module.eks.data.aws_partition.current",
            "module.wandb_infra.module.app_eks.module.eks.module.node_groups.data.cloudinit_config.workers_userdata",
            "module.wandb_infra.module.kms.aws_kms_key.key",
            "module.wandb_infra.module.kms.data.aws_caller_identity.current",
            "module.wandb_infra.module.networking.data.aws_availability_zones.available",
            "module.wandb_infra.module.networking.module.vpc.aws_subnet.private",
            "module.wandb_infra.module.networking.module.vpc.aws_vpc.this",
            "module.wandb_infra.module.networking.module.vpc.aws_vpc_ipv4_cidr_block_association.this"
          ],
          "create_before_destroy": true
        }
      ]
    },
    {
      "module": "module.wandb_infra.module.app_lb",
      "mode": "managed",
      "type": "aws_lb",
      "name": "alb",
      "provider": "provider[\"registry.terraform.io/hashicorp/aws\"]",
      "instances": [
        {
          "schema_version": 0,
          "attributes": {
            "access_logs": [
              {
                "bucket": "",
                "enabled": false,
                "prefix": ""
              }
            ],
            "arn": "arn:aws:elasticloadbalancing:us-east-1:571600843687:loadbalancer/app/wnb-tf-alb/fcf4fdebaf4b9959",
            "arn_suffix": "app/wnb-tf-alb/fcf4fdebaf4b9959",
            "customer_owned_ipv4_pool": "",
            "desync_mitigation_mode": "defensive",
            "dns_name": "wnb-tf-alb-1018355049.us-east-1.elb.amazonaws.com",
            "drop_invalid_header_fields": false,
            "enable_cross_zone_load_balancing": true,
            "enable_deletion_protection": false,
            "enable_http2": true,
            "enable_tls_version_and_cipher_suite_headers": false,
            "enable_waf_fail_open": false,
            "enable_xff_client_port": false,
            "id": "arn:aws:elasticloadbalancing:us-east-1:571600843687:loadbalancer/app/wnb-tf-alb/fcf4fdebaf4b9959",
            "idle_timeout": 60,
            "internal": false,
            "ip_address_type": "ipv4",
            "load_balancer_type": "application",
            "name": "wnb-tf-alb",
            "name_prefix": null,
            "preserve_host_header": false,
            "security_groups": [
              "sg-02cad8a07776a00a0",
              "sg-0bc7bb590407faacd"
            ],
            "subnet_mapping": [
              {
                "allocation_id": "",
                "ipv6_address": "",
                "outpost_id": "",
                "private_ipv4_address": "",
                "subnet_id": "subnet-05d442d0315350e06"
              },
              {
                "allocation_id": "",
                "ipv6_address": "",
                "outpost_id": "",
                "private_ipv4_address": "",
                "subnet_id": "subnet-0b13a55e8a9768d83"
              }
            ],
            "subnets": [
              "subnet-05d442d0315350e06",
              "subnet-0b13a55e8a9768d83"
            ],
            "tags": {},
            "tags_all": {
              "Enviroment": "dev",
              "Example": "PublicDnsExternal",
              "GithubOrg": "wandb",
              "GithubRepo": "terraform-aws-wandb"
            },
            "timeouts": null,
            "vpc_id": "vpc-054f2a122628623a2",
            "xff_header_processing_mode": "append",
            "zone_id": "Z35SXDOTRQ7X7K"
          },
          "sensitive_attributes": [],
          "private": "eyJlMmJmYjczMC1lY2FhLTExZTYtOGY4OC0zNDM2M2JjN2M0YzAiOnsiY3JlYXRlIjo2MDAwMDAwMDAwMDAsImRlbGV0ZSI6NjAwMDAwMDAwMDAwLCJ1cGRhdGUiOjYwMDAwMDAwMDAwMH19",
          "dependencies": [
            "module.wandb_infra.module.app_lb.aws_security_group.inbound",
            "module.wandb_infra.module.app_lb.aws_security_group.outbound",
            "module.wandb_infra.module.networking.data.aws_availability_zones.available",
            "module.wandb_infra.module.networking.module.vpc.aws_subnet.private",
            "module.wandb_infra.module.networking.module.vpc.aws_subnet.public",
            "module.wandb_infra.module.networking.module.vpc.aws_vpc.this",
            "module.wandb_infra.module.networking.module.vpc.aws_vpc_ipv4_cidr_block_association.this"
          ]
        }
      ]
    },
    {
      "module": "module.wandb_infra.module.app_lb",
      "mode": "managed",
      "type": "aws_lb_listener",
      "name": "http",
      "provider": "provider[\"registry.terraform.io/hashicorp/aws\"]",
      "instances": [
        {
          "schema_version": 0,
          "attributes": {
            "alpn_policy": null,
            "arn": "arn:aws:elasticloadbalancing:us-east-1:571600843687:listener/app/wnb-tf-alb/fcf4fdebaf4b9959/c1d095b606b32144",
            "certificate_arn": null,
            "default_action": [
              {
                "authenticate_cognito": [],
                "authenticate_oidc": [],
                "fixed_response": [],
                "forward": [],
                "order": 1,
                "redirect": [
                  {
                    "host": "#{host}",
                    "path": "/#{path}",
                    "port": "443",
                    "protocol": "HTTPS",
                    "query": "#{query}",
                    "status_code": "HTTP_301"
                  }
                ],
                "target_group_arn": "",
                "type": "redirect"
              }
            ],
            "id": "arn:aws:elasticloadbalancing:us-east-1:571600843687:listener/app/wnb-tf-alb/fcf4fdebaf4b9959/c1d095b606b32144",
            "load_balancer_arn": "arn:aws:elasticloadbalancing:us-east-1:571600843687:loadbalancer/app/wnb-tf-alb/fcf4fdebaf4b9959",
            "port": 80,
            "protocol": "HTTP",
            "ssl_policy": "",
            "tags": {},
            "tags_all": {
              "Enviroment": "dev",
              "Example": "PublicDnsExternal",
              "GithubOrg": "wandb",
              "GithubRepo": "terraform-aws-wandb"
            },
            "timeouts": null
          },
          "sensitive_attributes": [],
          "private": "eyJlMmJmYjczMC1lY2FhLTExZTYtOGY4OC0zNDM2M2JjN2M0YzAiOnsicmVhZCI6NjAwMDAwMDAwMDAwfX0=",
          "dependencies": [
            "module.wandb_infra.module.acm.aws_acm_certificate.this",
            "module.wandb_infra.module.acm.aws_acm_certificate_validation.this",
            "module.wandb_infra.module.acm.aws_route53_record.validation",
            "module.wandb_infra.module.app_lb.aws_lb.alb",
            "module.wandb_infra.module.app_lb.aws_lb_target_group.app",
            "module.wandb_infra.module.app_lb.aws_security_group.inbound",
            "module.wandb_infra.module.app_lb.aws_security_group.outbound",
            "module.wandb_infra.module.networking.data.aws_availability_zones.available",
            "module.wandb_infra.module.networking.module.vpc.aws_subnet.private",
            "module.wandb_infra.module.networking.module.vpc.aws_subnet.public",
            "module.wandb_infra.module.networking.module.vpc.aws_vpc.this",
            "module.wandb_infra.module.networking.module.vpc.aws_vpc_ipv4_cidr_block_association.this"
          ]
        }
      ]
    },
    {
      "module": "module.wandb_infra.module.app_lb",
      "mode": "managed",
      "type": "aws_lb_target_group",
      "name": "app",
      "provider": "provider[\"registry.terraform.io/hashicorp/aws\"]",
      "instances": [
        {
          "schema_version": 0,
          "attributes": {
            "arn": "arn:aws:elasticloadbalancing:us-east-1:571600843687:targetgroup/wnb-tf-tg-app/dbe6bcb05b8c690c",
            "arn_suffix": "targetgroup/wnb-tf-tg-app/dbe6bcb05b8c690c",
            "connection_termination": false,
            "deregistration_delay": "300",
            "health_check": [
              {
                "enabled": true,
                "healthy_threshold": 5,
                "interval": 30,
                "matcher": "200",
                "path": "/healthz",
                "port": "traffic-port",
                "protocol": "HTTP",
                "timeout": 5,
                "unhealthy_threshold": 2
              }
            ],
            "id": "arn:aws:elasticloadbalancing:us-east-1:571600843687:targetgroup/wnb-tf-tg-app/dbe6bcb05b8c690c",
            "ip_address_type": "ipv4",
            "lambda_multi_value_headers_enabled": false,
            "load_balancing_algorithm_type": "round_robin",
            "load_balancing_cross_zone_enabled": "use_load_balancer_configuration",
            "name": "wnb-tf-tg-app",
            "name_prefix": null,
            "port": 32543,
            "preserve_client_ip": null,
            "protocol": "HTTP",
            "protocol_version": "HTTP1",
            "proxy_protocol_v2": false,
            "slow_start": 0,
            "stickiness": [
              {
                "cookie_duration": 86400,
                "cookie_name": "",
                "enabled": false,
                "type": "lb_cookie"
              }
            ],
            "tags": {},
            "tags_all": {
              "Enviroment": "dev",
              "Example": "PublicDnsExternal",
              "GithubOrg": "wandb",
              "GithubRepo": "terraform-aws-wandb"
            },
            "target_failover": [
              {
                "on_deregistration": null,
                "on_unhealthy": null
              }
            ],
            "target_type": "instance",
            "vpc_id": "vpc-054f2a122628623a2"
          },
          "sensitive_attributes": [],
          "private": "bnVsbA==",
          "dependencies": [
            "module.wandb_infra.module.networking.module.vpc.aws_vpc.this"
          ]
        }
      ]
    },
    {
      "module": "module.wandb_infra.module.app_lb",
      "mode": "managed",
      "type": "aws_route53_record",
      "name": "alb",
      "provider": "provider[\"registry.terraform.io/hashicorp/aws\"]",
      "instances": [
        {
          "schema_version": 2,
          "attributes": {
            "alias": [
              {
                "evaluate_target_health": true,
                "name": "wnb-tf-alb-1018355049.us-east-1.elb.amazonaws.com",
                "zone_id": "Z35SXDOTRQ7X7K"
              }
            ],
            "allow_overwrite": null,
            "cidr_routing_policy": [],
            "failover_routing_policy": [],
            "fqdn": "sub.wnb.wnbserver210984.com",
            "geolocation_routing_policy": [],
            "health_check_id": "",
            "id": "Z03463481TCJL2H7MD5P2_sub.wnb.wnbserver210984.com_A",
            "latency_routing_policy": [],
            "multivalue_answer_routing_policy": false,
            "name": "sub.wnb.wnbserver210984.com",
            "records": null,
            "set_identifier": "",
            "ttl": 0,
            "type": "A",
            "weighted_routing_policy": [],
            "zone_id": "Z03463481TCJL2H7MD5P2"
          },
          "sensitive_attributes": [],
          "private": "eyJzY2hlbWFfdmVyc2lvbiI6IjIifQ==",
          "dependencies": [
            "module.wandb_infra.module.app_lb.aws_lb.alb",
            "module.wandb_infra.module.app_lb.aws_security_group.inbound",
            "module.wandb_infra.module.app_lb.aws_security_group.outbound",
            "module.wandb_infra.module.networking.data.aws_availability_zones.available",
            "module.wandb_infra.module.networking.module.vpc.aws_subnet.private",
            "module.wandb_infra.module.networking.module.vpc.aws_subnet.public",
            "module.wandb_infra.module.networking.module.vpc.aws_vpc.this",
            "module.wandb_infra.module.networking.module.vpc.aws_vpc_ipv4_cidr_block_association.this"
          ]
        }
      ]
    },
    {
      "module": "module.wandb_infra.module.app_lb",
      "mode": "managed",
      "type": "aws_route53_record",
      "name": "extra",
      "provider": "provider[\"registry.terraform.io/hashicorp/aws\"]",
      "instances": []
    },
    {
      "module": "module.wandb_infra.module.app_lb",
      "mode": "managed",
      "type": "aws_security_group",
      "name": "inbound",
      "provider": "provider[\"registry.terraform.io/hashicorp/aws\"]",
      "instances": [
        {
          "schema_version": 1,
          "attributes": {
            "arn": "arn:aws:ec2:us-east-1:571600843687:security-group/sg-0bc7bb590407faacd",
            "description": "Allow http(s) traffic to wandb",
            "egress": [],
            "id": "sg-0bc7bb590407faacd",
            "ingress": [
              {
                "cidr_blocks": [
                  "0.0.0.0/0"
                ],
                "description": "Allow HTTP (port 80) traffic inbound to W\u0026B LB",
                "from_port": 80,
                "ipv6_cidr_blocks": [
                  "::/0"
                ],
                "prefix_list_ids": [],
                "protocol": "tcp",
                "security_groups": [],
                "self": false,
                "to_port": 80
              },
              {
                "cidr_blocks": [
                  "0.0.0.0/0"
                ],
                "description": "Allow HTTPS (port 443) traffic inbound to W\u0026B LB",
                "from_port": 443,
                "ipv6_cidr_blocks": [
                  "::/0"
                ],
                "prefix_list_ids": [],
                "protocol": "tcp",
                "security_groups": [],
                "self": false,
                "to_port": 443
              }
            ],
            "name": "wnb-tf-alb-inbound",
            "name_prefix": "",
            "owner_id": "571600843687",
            "revoke_rules_on_delete": false,
            "tags": {},
            "tags_all": {
              "Enviroment": "dev",
              "Example": "PublicDnsExternal",
              "GithubOrg": "wandb",
              "GithubRepo": "terraform-aws-wandb"
            },
            "timeouts": null,
            "vpc_id": "vpc-054f2a122628623a2"
          },
          "sensitive_attributes": [],
          "private": "eyJlMmJmYjczMC1lY2FhLTExZTYtOGY4OC0zNDM2M2JjN2M0YzAiOnsiY3JlYXRlIjo2MDAwMDAwMDAwMDAsImRlbGV0ZSI6OTAwMDAwMDAwMDAwfSwic2NoZW1hX3ZlcnNpb24iOiIxIn0=",
          "dependencies": [
            "module.wandb_infra.module.networking.module.vpc.aws_vpc.this"
          ]
        }
      ]
    },
    {
      "module": "module.wandb_infra.module.app_lb",
      "mode": "managed",
      "type": "aws_security_group",
      "name": "outbound",
      "provider": "provider[\"registry.terraform.io/hashicorp/aws\"]",
      "instances": [
        {
          "schema_version": 1,
          "attributes": {
            "arn": "arn:aws:ec2:us-east-1:571600843687:security-group/sg-02cad8a07776a00a0",
            "description": "Allow all traffic outbound from W\u0026B",
            "egress": [
              {
                "cidr_blocks": [
                  "0.0.0.0/0"
                ],
                "description": "",
                "from_port": 0,
                "ipv6_cidr_blocks": [
                  "::/0"
                ],
                "prefix_list_ids": [],
                "protocol": "-1",
                "security_groups": [],
                "self": false,
                "to_port": 0
              }
            ],
            "id": "sg-02cad8a07776a00a0",
            "ingress": [],
            "name": "wnb-tf-alb-outbound",
            "name_prefix": "",
            "owner_id": "571600843687",
            "revoke_rules_on_delete": false,
            "tags": {},
            "tags_all": {
              "Enviroment": "dev",
              "Example": "PublicDnsExternal",
              "GithubOrg": "wandb",
              "GithubRepo": "terraform-aws-wandb"
            },
            "timeouts": null,
            "vpc_id": "vpc-054f2a122628623a2"
          },
          "sensitive_attributes": [],
          "private": "eyJlMmJmYjczMC1lY2FhLTExZTYtOGY4OC0zNDM2M2JjN2M0YzAiOnsiY3JlYXRlIjo2MDAwMDAwMDAwMDAsImRlbGV0ZSI6OTAwMDAwMDAwMDAwfSwic2NoZW1hX3ZlcnNpb24iOiIxIn0=",
          "dependencies": [
            "module.wandb_infra.module.networking.module.vpc.aws_vpc.this"
          ]
        }
      ]
    },
    {
      "module": "module.wandb_infra.module.database",
      "mode": "managed",
      "type": "aws_db_parameter_group",
      "name": "default",
      "provider": "provider[\"registry.terraform.io/hashicorp/aws\"]",
      "instances": [
        {
          "schema_version": 0,
          "attributes": {
            "arn": "arn:aws:rds:us-east-1:571600843687:pg:wnb-tf-aurora-db-80-parameter-group",
            "description": "Weights \u0026 Biases database parameter group for MySQL 8.0.mysql_aurora.3.03.0",
            "family": "aurora-mysql8.0",
            "id": "wnb-tf-aurora-db-80-parameter-group",
            "name": "wnb-tf-aurora-db-80-parameter-group",
            "name_prefix": null,
            "parameter": [
              {
                "apply_method": "immediate",
                "name": "innodb_lru_scan_depth",
                "value": "128"
              },
              {
                "apply_method": "immediate",
                "name": "long_query_time",
                "value": "4"
              },
              {
                "apply_method": "immediate",
                "name": "max_execution_time",
                "value": "60000"
              },
              {
                "apply_method": "immediate",
                "name": "sort_buffer_size",
                "value": "67108864"
              },
              {
                "apply_method": "pending-reboot",
                "name": "max_prepared_stmt_count",
                "value": "1048576"
              },
              {
                "apply_method": "pending-reboot",
                "name": "performance_schema",
                "value": "1"
              },
              {
                "apply_method": "pending-reboot",
                "name": "slow_query_log",
                "value": "1"
              }
            ],
            "tags": {},
            "tags_all": {
              "Enviroment": "dev",
              "Example": "PublicDnsExternal",
              "GithubOrg": "wandb",
              "GithubRepo": "terraform-aws-wandb"
            }
          },
          "sensitive_attributes": [],
          "private": "bnVsbA==",
          "create_before_destroy": true
        }
      ]
    },
    {
      "module": "module.wandb_infra.module.database",
      "mode": "managed",
      "type": "aws_rds_cluster_parameter_group",
      "name": "default",
      "provider": "provider[\"registry.terraform.io/hashicorp/aws\"]",
      "instances": [
        {
          "schema_version": 0,
          "attributes": {
            "arn": "arn:aws:rds:us-east-1:571600843687:cluster-pg:wnb-tf-aurora-80-cluster-parameter-group",
            "description": "Weights \u0026 Biases cluster parameter group for MySQL 8.0.mysql_aurora.3.03.0",
            "family": "aurora-mysql8.0",
            "id": "wnb-tf-aurora-80-cluster-parameter-group",
            "name": "wnb-tf-aurora-80-cluster-parameter-group",
            "name_prefix": "",
            "parameter": [
              {
                "apply_method": "pending-reboot",
                "name": "binlog_format",
                "value": "ROW"
              },
              {
                "apply_method": "pending-reboot",
                "name": "binlog_row_image",
                "value": "minimal"
              },
              {
                "apply_method": "pending-reboot",
                "name": "innodb_online_alter_log_max_size",
                "value": "268435456"
              }
            ],
            "tags": {},
            "tags_all": {
              "Enviroment": "dev",
              "Example": "PublicDnsExternal",
              "GithubOrg": "wandb",
              "GithubRepo": "terraform-aws-wandb"
            }
          },
          "sensitive_attributes": [],
          "private": "bnVsbA==",
          "create_before_destroy": true
        }
      ]
    },
    {
      "module": "module.wandb_infra.module.database",
      "mode": "managed",
      "type": "random_string",
      "name": "master_password",
      "provider": "provider[\"registry.terraform.io/hashicorp/random\"]",
      "instances": [
        {
          "schema_version": 2,
          "attributes": {
            "id": "rDVAghnjuw82a0gJ6TlH5WsYVTV15WxQ",
            "keepers": null,
            "length": 32,
            "lower": true,
            "min_lower": 0,
            "min_numeric": 0,
            "min_special": 0,
            "min_upper": 0,
            "number": true,
            "numeric": true,
            "override_special": null,
            "result": "rDVAghnjuw82a0gJ6TlH5WsYVTV15WxQ",
            "special": false,
            "upper": true
          },
          "sensitive_attributes": []
        }
      ]
    },
    {
      "module": "module.wandb_infra.module.database.module.aurora",
      "mode": "data",
      "type": "aws_iam_policy_document",
      "name": "monitoring_rds_assume_role",
      "provider": "provider[\"registry.terraform.io/hashicorp/aws\"]",
      "instances": [
        {
          "schema_version": 0,
          "attributes": {
            "id": "1813475199",
            "json": "{\n  \"Version\": \"2012-10-17\",\n  \"Statement\": [\n    {\n      \"Sid\": \"\",\n      \"Effect\": \"Allow\",\n      \"Action\": \"sts:AssumeRole\",\n      \"Principal\": {\n        \"Service\": \"monitoring.rds.amazonaws.com\"\n      }\n    }\n  ]\n}",
            "override_json": null,
            "override_policy_documents": null,
            "policy_id": null,
            "source_json": null,
            "source_policy_documents": null,
            "statement": [
              {
                "actions": [
                  "sts:AssumeRole"
                ],
                "condition": [],
                "effect": "Allow",
                "not_actions": [],
                "not_principals": [],
                "not_resources": [],
                "principals": [
                  {
                    "identifiers": [
                      "monitoring.rds.amazonaws.com"
                    ],
                    "type": "Service"
                  }
                ],
                "resources": [],
                "sid": ""
              }
            ],
            "version": "2012-10-17"
          },
          "sensitive_attributes": []
        }
      ]
    },
    {
      "module": "module.wandb_infra.module.database.module.aurora",
      "mode": "data",
      "type": "aws_partition",
      "name": "current",
      "provider": "provider[\"registry.terraform.io/hashicorp/aws\"]",
      "instances": [
        {
          "schema_version": 0,
          "attributes": {
            "dns_suffix": "amazonaws.com",
            "id": "aws",
            "partition": "aws",
            "reverse_dns_prefix": "com.amazonaws"
          },
          "sensitive_attributes": []
        }
      ]
    },
    {
      "module": "module.wandb_infra.module.database.module.aurora",
      "mode": "managed",
      "type": "aws_appautoscaling_policy",
      "name": "this",
      "provider": "provider[\"registry.terraform.io/hashicorp/aws\"]",
      "instances": []
    },
    {
      "module": "module.wandb_infra.module.database.module.aurora",
      "mode": "managed",
      "type": "aws_appautoscaling_target",
      "name": "this",
      "provider": "provider[\"registry.terraform.io/hashicorp/aws\"]",
      "instances": []
    },
    {
      "module": "module.wandb_infra.module.database.module.aurora",
      "mode": "managed",
      "type": "aws_cloudwatch_log_group",
      "name": "this",
      "provider": "provider[\"registry.terraform.io/hashicorp/aws\"]",
      "instances": []
    },
    {
      "module": "module.wandb_infra.module.database.module.aurora",
      "mode": "managed",
      "type": "aws_db_parameter_group",
      "name": "this",
      "provider": "provider[\"registry.terraform.io/hashicorp/aws\"]",
      "instances": []
    },
    {
      "module": "module.wandb_infra.module.database.module.aurora",
      "mode": "managed",
      "type": "aws_db_subnet_group",
      "name": "this",
      "provider": "provider[\"registry.terraform.io/hashicorp/aws\"]",
      "instances": []
    },
    {
      "module": "module.wandb_infra.module.database.module.aurora",
      "mode": "managed",
      "type": "aws_iam_role",
      "name": "rds_enhanced_monitoring",
      "provider": "provider[\"registry.terraform.io/hashicorp/aws\"]",
      "instances": [
        {
          "index_key": 0,
          "schema_version": 0,
          "attributes": {
            "arn": "arn:aws:iam::571600843687:role/wnb-tf-aurora-monitoring",
            "assume_role_policy": "{\"Statement\":[{\"Action\":\"sts:AssumeRole\",\"Effect\":\"Allow\",\"Principal\":{\"Service\":\"monitoring.rds.amazonaws.com\"},\"Sid\":\"\"}],\"Version\":\"2012-10-17\"}",
            "create_date": "2025-01-31T02:41:49Z",
            "description": "",
            "force_detach_policies": true,
            "id": "wnb-tf-aurora-monitoring",
            "inline_policy": [],
            "managed_policy_arns": [
              "arn:aws:iam::aws:policy/service-role/AmazonRDSEnhancedMonitoringRole"
            ],
            "max_session_duration": 3600,
            "name": "wnb-tf-aurora-monitoring",
            "name_prefix": "",
            "path": "/",
            "permissions_boundary": null,
            "role_last_used": [
              {
                "last_used_date": "2025-01-31T23:57:40Z",
                "region": "us-east-1"
              }
            ],
            "tags": {},
            "tags_all": {
              "Enviroment": "dev",
              "Example": "PublicDnsExternal",
              "GithubOrg": "wandb",
              "GithubRepo": "terraform-aws-wandb"
            },
            "unique_id": "AROAYKFQQWOTTFRQM3PMH"
          },
          "sensitive_attributes": [],
          "private": "bnVsbA==",
          "dependencies": [
            "module.wandb_infra.module.database.module.aurora.data.aws_iam_policy_document.monitoring_rds_assume_role"
          ]
        }
      ]
    },
    {
      "module": "module.wandb_infra.module.database.module.aurora",
      "mode": "managed",
      "type": "aws_iam_role_policy_attachment",
      "name": "rds_enhanced_monitoring",
      "provider": "provider[\"registry.terraform.io/hashicorp/aws\"]",
      "instances": [
        {
          "index_key": 0,
          "schema_version": 0,
          "attributes": {
            "id": "wnb-tf-aurora-monitoring-20250131024150095200000008",
            "policy_arn": "arn:aws:iam::aws:policy/service-role/AmazonRDSEnhancedMonitoringRole",
            "role": "wnb-tf-aurora-monitoring"
          },
          "sensitive_attributes": [],
          "private": "bnVsbA==",
          "dependencies": [
            "module.wandb_infra.module.database.module.aurora.aws_iam_role.rds_enhanced_monitoring",
            "module.wandb_infra.module.database.module.aurora.data.aws_iam_policy_document.monitoring_rds_assume_role",
            "module.wandb_infra.module.database.module.aurora.data.aws_partition.current"
          ]
        }
      ]
    },
    {
      "module": "module.wandb_infra.module.database.module.aurora",
      "mode": "managed",
      "type": "aws_rds_cluster",
      "name": "this",
      "provider": "provider[\"registry.terraform.io/hashicorp/aws\"]",
      "instances": [
        {
          "index_key": 0,
          "schema_version": 0,
          "attributes": {
            "allocated_storage": 1,
            "allow_major_version_upgrade": true,
            "apply_immediately": true,
            "arn": "arn:aws:rds:us-east-1:571600843687:cluster:wnb-tf",
            "availability_zones": [
              "us-east-1a",
              "us-east-1b",
              "us-east-1d"
            ],
            "backtrack_window": 0,
            "backup_retention_period": 30,
            "cluster_identifier": "wnb-tf",
            "cluster_identifier_prefix": null,
            "cluster_members": [
              "wnb-tf-1"
            ],
            "cluster_resource_id": "cluster-BNQZSG4MIDKTIUNINSPW5RDIEU",
            "copy_tags_to_snapshot": false,
            "database_name": "wandb_local",
            "db_cluster_instance_class": "",
            "db_cluster_parameter_group_name": "wnb-tf-aurora-80-cluster-parameter-group",
            "db_instance_parameter_group_name": null,
            "db_subnet_group_name": "wnb-tf-vpc",
            "deletion_protection": true,
            "enable_global_write_forwarding": false,
            "enable_http_endpoint": false,
            "enabled_cloudwatch_logs_exports": [
              "audit",
              "error",
              "general",
              "slowquery"
            ],
            "endpoint": "wnb-tf.cluster-c3ww6aci8whe.us-east-1.rds.amazonaws.com",
            "engine": "aurora-mysql",
            "engine_mode": "provisioned",
            "engine_version": "8.0.mysql_aurora.3.05.2",
            "engine_version_actual": "8.0.mysql_aurora.3.05.2",
            "final_snapshot_identifier": null,
            "global_cluster_identifier": "",
            "hosted_zone_id": "Z2R2ITUGPM61AM",
            "iam_database_authentication_enabled": false,
            "iam_roles": [],
            "id": "wnb-tf",
            "iops": 0,
            "kms_key_id": "arn:aws:kms:us-east-1:571600843687:key/ab04a8fa-4c24-4a87-a61a-c4c6e73190b3",
            "manage_master_user_password": null,
            "master_password": "rDVAghnjuw82a0gJ6TlH5WsYVTV15WxQ",
            "master_user_secret": [],
            "master_user_secret_kms_key_id": null,
            "master_username": "wandb",
            "network_type": "IPV4",
            "port": 3306,
            "preferred_backup_window": "02:00-03:00",
            "preferred_maintenance_window": "sun:05:00-sun:06:00",
            "reader_endpoint": "wnb-tf.cluster-ro-c3ww6aci8whe.us-east-1.rds.amazonaws.com",
            "replication_source_identifier": "",
            "restore_to_point_in_time": [],
            "s3_import": [],
            "scaling_configuration": [],
            "serverlessv2_scaling_configuration": [],
            "skip_final_snapshot": true,
            "snapshot_identifier": null,
            "source_region": null,
            "storage_encrypted": true,
            "storage_type": "",
            "tags": {},
            "tags_all": {
              "Enviroment": "dev",
              "Example": "PublicDnsExternal",
              "GithubOrg": "wandb",
              "GithubRepo": "terraform-aws-wandb"
            },
            "timeouts": {
              "create": null,
              "delete": null,
              "update": null
            },
            "vpc_security_group_ids": [
              "sg-09cf4c02a41879792"
            ]
          },
          "sensitive_attributes": [
            [
              {
                "type": "get_attr",
                "value": "master_password"
              }
            ]
          ],
          "private": "eyJlMmJmYjczMC1lY2FhLTExZTYtOGY4OC0zNDM2M2JjN2M0YzAiOnsiY3JlYXRlIjo3MjAwMDAwMDAwMDAwLCJkZWxldGUiOjcyMDAwMDAwMDAwMDAsInVwZGF0ZSI6NzIwMDAwMDAwMDAwMH19",
          "dependencies": [
            "module.wandb_infra.module.database.aws_rds_cluster_parameter_group.default",
            "module.wandb_infra.module.database.module.aurora.aws_cloudwatch_log_group.this",
            "module.wandb_infra.module.database.module.aurora.aws_db_subnet_group.this",
            "module.wandb_infra.module.database.module.aurora.aws_rds_cluster_parameter_group.this",
            "module.wandb_infra.module.database.module.aurora.aws_security_group.this",
            "module.wandb_infra.module.database.module.aurora.random_id.snapshot_identifier",
            "module.wandb_infra.module.database.module.aurora.random_password.master_password",
            "module.wandb_infra.module.database.random_string.master_password",
            "module.wandb_infra.module.kms.aws_kms_key.key",
            "module.wandb_infra.module.kms.data.aws_caller_identity.current",
            "module.wandb_infra.module.networking.data.aws_availability_zones.available",
            "module.wandb_infra.module.networking.module.vpc.aws_db_subnet_group.database",
            "module.wandb_infra.module.networking.module.vpc.aws_subnet.database",
            "module.wandb_infra.module.networking.module.vpc.aws_vpc.this",
            "module.wandb_infra.module.networking.module.vpc.aws_vpc_ipv4_cidr_block_association.this"
          ]
        }
      ]
    },
    {
      "module": "module.wandb_infra.module.database.module.aurora",
      "mode": "managed",
      "type": "aws_rds_cluster_endpoint",
      "name": "this",
      "provider": "provider[\"registry.terraform.io/hashicorp/aws\"]",
      "instances": []
    },
    {
      "module": "module.wandb_infra.module.database.module.aurora",
      "mode": "managed",
      "type": "aws_rds_cluster_instance",
      "name": "this",
      "provider": "provider[\"registry.terraform.io/hashicorp/aws\"]",
      "instances": [
        {
          "index_key": "1",
          "schema_version": 0,
          "attributes": {
            "apply_immediately": true,
            "arn": "arn:aws:rds:us-east-1:571600843687:db:wnb-tf-1",
            "auto_minor_version_upgrade": true,
            "availability_zone": "us-east-1a",
            "ca_cert_identifier": "rds-ca-rsa2048-g1",
            "cluster_identifier": "wnb-tf",
            "copy_tags_to_snapshot": false,
            "db_parameter_group_name": "wnb-tf-aurora-db-80-parameter-group",
            "db_subnet_group_name": "wnb-tf-vpc",
            "dbi_resource_id": "db-VEBVV6HQD53PHI3MXDOJYSYBSI",
            "endpoint": "wnb-tf-1.c3ww6aci8whe.us-east-1.rds.amazonaws.com",
            "engine": "aurora-mysql",
            "engine_version": "8.0.mysql_aurora.3.05.2",
            "engine_version_actual": "8.0.mysql_aurora.3.05.2",
            "id": "wnb-tf-1",
            "identifier": "wnb-tf-1",
            "identifier_prefix": null,
            "instance_class": "db.r5.large",
            "kms_key_id": "arn:aws:kms:us-east-1:571600843687:key/ab04a8fa-4c24-4a87-a61a-c4c6e73190b3",
            "monitoring_interval": 15,
            "monitoring_role_arn": "arn:aws:iam::571600843687:role/wnb-tf-aurora-monitoring",
            "network_type": "IPV4",
            "performance_insights_enabled": true,
            "performance_insights_kms_key_id": "arn:aws:kms:us-east-1:571600843687:key/ab04a8fa-4c24-4a87-a61a-c4c6e73190b3",
            "performance_insights_retention_period": 7,
            "port": 3306,
            "preferred_backup_window": "02:00-03:00",
            "preferred_maintenance_window": "sun:05:00-sun:06:00",
            "promotion_tier": 0,
            "publicly_accessible": false,
            "storage_encrypted": true,
            "tags": {},
            "tags_all": {
              "Enviroment": "dev",
              "Example": "PublicDnsExternal",
              "GithubOrg": "wandb",
              "GithubRepo": "terraform-aws-wandb"
            },
            "timeouts": {
              "create": null,
              "delete": null,
              "update": null
            },
            "writer": true
          },
          "sensitive_attributes": [],
          "private": "eyJlMmJmYjczMC1lY2FhLTExZTYtOGY4OC0zNDM2M2JjN2M0YzAiOnsiY3JlYXRlIjo1NDAwMDAwMDAwMDAwLCJkZWxldGUiOjU0MDAwMDAwMDAwMDAsInVwZGF0ZSI6NTQwMDAwMDAwMDAwMH19",
          "dependencies": [
            "module.wandb_infra.module.database.aws_db_parameter_group.default",
            "module.wandb_infra.module.database.aws_rds_cluster_parameter_group.default",
            "module.wandb_infra.module.database.module.aurora.aws_cloudwatch_log_group.this",
            "module.wandb_infra.module.database.module.aurora.aws_db_parameter_group.this",
            "module.wandb_infra.module.database.module.aurora.aws_db_subnet_group.this",
            "module.wandb_infra.module.database.module.aurora.aws_iam_role.rds_enhanced_monitoring",
            "module.wandb_infra.module.database.module.aurora.aws_rds_cluster.this",
            "module.wandb_infra.module.database.module.aurora.aws_rds_cluster_parameter_group.this",
            "module.wandb_infra.module.database.module.aurora.aws_security_group.this",
            "module.wandb_infra.module.database.module.aurora.data.aws_iam_policy_document.monitoring_rds_assume_role",
            "module.wandb_infra.module.database.module.aurora.random_id.snapshot_identifier",
            "module.wandb_infra.module.database.module.aurora.random_password.master_password",
            "module.wandb_infra.module.database.random_string.master_password",
            "module.wandb_infra.module.kms.aws_kms_key.key",
            "module.wandb_infra.module.kms.data.aws_caller_identity.current",
            "module.wandb_infra.module.networking.data.aws_availability_zones.available",
            "module.wandb_infra.module.networking.module.vpc.aws_db_subnet_group.database",
            "module.wandb_infra.module.networking.module.vpc.aws_subnet.database",
            "module.wandb_infra.module.networking.module.vpc.aws_vpc.this",
            "module.wandb_infra.module.networking.module.vpc.aws_vpc_ipv4_cidr_block_association.this"
          ]
        }
      ]
    },
    {
      "module": "module.wandb_infra.module.database.module.aurora",
      "mode": "managed",
      "type": "aws_rds_cluster_parameter_group",
      "name": "this",
      "provider": "provider[\"registry.terraform.io/hashicorp/aws\"]",
      "instances": []
    },
    {
      "module": "module.wandb_infra.module.database.module.aurora",
      "mode": "managed",
      "type": "aws_rds_cluster_role_association",
      "name": "this",
      "provider": "provider[\"registry.terraform.io/hashicorp/aws\"]",
      "instances": []
    },
    {
      "module": "module.wandb_infra.module.database.module.aurora",
      "mode": "managed",
      "type": "aws_security_group",
      "name": "this",
      "provider": "provider[\"registry.terraform.io/hashicorp/aws\"]",
      "instances": [
        {
          "index_key": 0,
          "schema_version": 1,
          "attributes": {
            "arn": "arn:aws:ec2:us-east-1:571600843687:security-group/sg-09cf4c02a41879792",
            "description": "Control traffic to/from RDS Aurora wnb-tf",
            "egress": [],
            "id": "sg-09cf4c02a41879792",
            "ingress": [
              {
                "cidr_blocks": [
                  "10.10.10.0/24",
                  "10.10.11.0/24"
                ],
                "description": "From allowed CIDRs",
                "from_port": 3306,
                "ipv6_cidr_blocks": [],
                "prefix_list_ids": [],
                "protocol": "tcp",
                "security_groups": [],
                "self": false,
                "to_port": 3306
              },
              {
                "cidr_blocks": [],
                "description": "Allow inbound traffic from EKS workers to database",
                "from_port": 3306,
                "ipv6_cidr_blocks": [],
                "prefix_list_ids": [],
                "protocol": "tcp",
                "security_groups": [
                  "sg-0f135f7cc62eec2ce"
                ],
                "self": false,
                "to_port": 3306
              }
            ],
            "name": "wnb-tf-20250131024207823600000013",
            "name_prefix": "wnb-tf-",
            "owner_id": "571600843687",
            "revoke_rules_on_delete": false,
            "tags": {
              "Name": "wnb-tf",
              "Namespace": "wnb-tf"
            },
            "tags_all": {
              "Enviroment": "dev",
              "Example": "PublicDnsExternal",
              "GithubOrg": "wandb",
              "GithubRepo": "terraform-aws-wandb",
              "Name": "wnb-tf",
              "Namespace": "wnb-tf"
            },
            "timeouts": null,
            "vpc_id": "vpc-054f2a122628623a2"
          },
          "sensitive_attributes": [],
          "private": "eyJlMmJmYjczMC1lY2FhLTExZTYtOGY4OC0zNDM2M2JjN2M0YzAiOnsiY3JlYXRlIjo2MDAwMDAwMDAwMDAsImRlbGV0ZSI6OTAwMDAwMDAwMDAwfSwic2NoZW1hX3ZlcnNpb24iOiIxIn0=",
          "dependencies": [
            "module.wandb_infra.module.networking.module.vpc.aws_vpc.this"
          ],
          "create_before_destroy": true
        }
      ]
    },
    {
      "module": "module.wandb_infra.module.database.module.aurora",
      "mode": "managed",
      "type": "aws_security_group_rule",
      "name": "cidr_ingress",
      "provider": "provider[\"registry.terraform.io/hashicorp/aws\"]",
      "instances": [
        {
          "index_key": 0,
          "schema_version": 2,
          "attributes": {
            "cidr_blocks": [
              "10.10.10.0/24",
              "10.10.11.0/24"
            ],
            "description": "From allowed CIDRs",
            "from_port": 3306,
            "id": "sgrule-4240941045",
            "ipv6_cidr_blocks": null,
            "prefix_list_ids": null,
            "protocol": "tcp",
            "security_group_id": "sg-09cf4c02a41879792",
            "security_group_rule_id": "",
            "self": false,
            "source_security_group_id": null,
            "timeouts": null,
            "to_port": 3306,
            "type": "ingress"
          },
          "sensitive_attributes": [],
          "private": "eyJlMmJmYjczMC1lY2FhLTExZTYtOGY4OC0zNDM2M2JjN2M0YzAiOnsiY3JlYXRlIjozMDAwMDAwMDAwMDB9LCJzY2hlbWFfdmVyc2lvbiI6IjIifQ==",
          "dependencies": [
            "module.wandb_infra.module.database.module.aurora.aws_security_group.this",
            "module.wandb_infra.module.networking.data.aws_availability_zones.available",
            "module.wandb_infra.module.networking.module.vpc.aws_subnet.private",
            "module.wandb_infra.module.networking.module.vpc.aws_vpc.this",
            "module.wandb_infra.module.networking.module.vpc.aws_vpc_ipv4_cidr_block_association.this"
          ]
        }
      ]
    },
    {
      "module": "module.wandb_infra.module.database.module.aurora",
      "mode": "managed",
      "type": "aws_security_group_rule",
      "name": "default_ingress",
      "provider": "provider[\"registry.terraform.io/hashicorp/aws\"]",
      "instances": []
    },
    {
      "module": "module.wandb_infra.module.database.module.aurora",
      "mode": "managed",
      "type": "aws_security_group_rule",
      "name": "egress",
      "provider": "provider[\"registry.terraform.io/hashicorp/aws\"]",
      "instances": []
    },
    {
      "module": "module.wandb_infra.module.database.module.aurora",
      "mode": "managed",
      "type": "random_id",
      "name": "snapshot_identifier",
      "provider": "provider[\"registry.terraform.io/hashicorp/random\"]",
      "instances": []
    },
    {
      "module": "module.wandb_infra.module.database.module.aurora",
      "mode": "managed",
      "type": "random_password",
      "name": "master_password",
      "provider": "provider[\"registry.terraform.io/hashicorp/random\"]",
      "instances": []
    },
    {
      "module": "module.wandb_infra.module.file_storage[0]",
      "mode": "managed",
      "type": "aws_s3_bucket",
      "name": "file_storage",
      "provider": "provider[\"registry.terraform.io/hashicorp/aws\"]",
      "instances": [
        {
          "schema_version": 0,
          "attributes": {
            "acceleration_status": "",
            "acl": null,
            "arn": "arn:aws:s3:::wnb-tf-file-storage-thankful-jawfish",
            "bucket": "wnb-tf-file-storage-thankful-jawfish",
            "bucket_domain_name": "wnb-tf-file-storage-thankful-jawfish.s3.amazonaws.com",
            "bucket_prefix": "",
            "bucket_regional_domain_name": "wnb-tf-file-storage-thankful-jawfish.s3.amazonaws.com",
            "cors_rule": [
              {
                "allowed_headers": [
                  "*"
                ],
                "allowed_methods": [
                  "GET",
                  "HEAD",
                  "PUT"
                ],
                "allowed_origins": [
                  "*"
                ],
                "expose_headers": [
                  "ETag"
                ],
                "max_age_seconds": 3000
              }
            ],
            "force_destroy": false,
            "grant": [
              {
                "id": "61b7f5fe0f38c17eb965c6be6828764d67ee298102fee762e3159cfb47ffaab4",
                "permissions": [
                  "FULL_CONTROL"
                ],
                "type": "CanonicalUser",
                "uri": ""
              }
            ],
            "hosted_zone_id": "Z3AQBSTGFYJSTF",
            "id": "wnb-tf-file-storage-thankful-jawfish",
            "lifecycle_rule": [],
            "logging": [],
            "object_lock_configuration": [],
            "object_lock_enabled": false,
            "policy": "",
            "region": "us-east-1",
            "replication_configuration": [],
            "request_payer": "BucketOwner",
            "server_side_encryption_configuration": [
              {
                "rule": [
                  {
                    "apply_server_side_encryption_by_default": [
                      {
                        "kms_master_key_id": "arn:aws:kms:us-east-1:571600843687:key/ab04a8fa-4c24-4a87-a61a-c4c6e73190b3",
                        "sse_algorithm": "aws:kms"
                      }
                    ],
                    "bucket_key_enabled": false
                  }
                ]
              }
            ],
            "tags": {},
            "tags_all": {
              "Enviroment": "dev",
              "Example": "PublicDnsExternal",
              "GithubOrg": "wandb",
              "GithubRepo": "terraform-aws-wandb"
            },
            "timeouts": null,
            "versioning": [
              {
                "enabled": false,
                "mfa_delete": false
              }
            ],
            "website": [],
            "website_domain": null,
            "website_endpoint": null
          },
          "sensitive_attributes": [],
          "private": "eyJlMmJmYjczMC1lY2FhLTExZTYtOGY4OC0zNDM2M2JjN2M0YzAiOnsiY3JlYXRlIjoxMjAwMDAwMDAwMDAwLCJkZWxldGUiOjM2MDAwMDAwMDAwMDAsInJlYWQiOjEyMDAwMDAwMDAwMDAsInVwZGF0ZSI6MTIwMDAwMDAwMDAwMH19",
          "dependencies": [
            "module.wandb_infra.module.file_storage.aws_sqs_queue.file_storage",
            "module.wandb_infra.module.file_storage.random_pet.file_storage"
          ]
        }
      ]
    },
    {
      "module": "module.wandb_infra.module.file_storage[0]",
      "mode": "managed",
      "type": "aws_s3_bucket_acl",
      "name": "file_storage",
      "provider": "provider[\"registry.terraform.io/hashicorp/aws\"]",
      "instances": [
        {
          "schema_version": 0,
          "attributes": {
            "access_control_policy": [
              {
                "grant": [
                  {
                    "grantee": [
                      {
                        "display_name": "lalit210984",
                        "email_address": "",
                        "id": "61b7f5fe0f38c17eb965c6be6828764d67ee298102fee762e3159cfb47ffaab4",
                        "type": "CanonicalUser",
                        "uri": ""
                      }
                    ],
                    "permission": "FULL_CONTROL"
                  }
                ],
                "owner": [
                  {
                    "display_name": "lalit210984",
                    "id": "61b7f5fe0f38c17eb965c6be6828764d67ee298102fee762e3159cfb47ffaab4"
                  }
                ]
              }
            ],
            "acl": "private",
            "bucket": "wnb-tf-file-storage-thankful-jawfish",
            "expected_bucket_owner": "",
            "id": "wnb-tf-file-storage-thankful-jawfish,private"
          },
          "sensitive_attributes": [],
          "private": "bnVsbA==",
          "dependencies": [
            "module.wandb_infra.module.file_storage.aws_s3_bucket.file_storage",
            "module.wandb_infra.module.file_storage.aws_s3_bucket_ownership_controls.file_storage",
            "module.wandb_infra.module.file_storage.aws_sqs_queue.file_storage",
            "module.wandb_infra.module.file_storage.random_pet.file_storage"
          ]
        }
      ]
    },
    {
      "module": "module.wandb_infra.module.file_storage[0]",
      "mode": "managed",
      "type": "aws_s3_bucket_cors_configuration",
      "name": "file_storage",
      "provider": "provider[\"registry.terraform.io/hashicorp/aws\"]",
      "instances": [
        {
          "schema_version": 0,
          "attributes": {
            "bucket": "wnb-tf-file-storage-thankful-jawfish",
            "cors_rule": [
              {
                "allowed_headers": [
                  "*"
                ],
                "allowed_methods": [
                  "GET",
                  "HEAD",
                  "PUT"
                ],
                "allowed_origins": [
                  "*"
                ],
                "expose_headers": [
                  "ETag"
                ],
                "id": "",
                "max_age_seconds": 3000
              }
            ],
            "expected_bucket_owner": "",
            "id": "wnb-tf-file-storage-thankful-jawfish"
          },
          "sensitive_attributes": [],
          "private": "bnVsbA==",
          "dependencies": [
            "module.wandb_infra.module.file_storage.aws_s3_bucket.file_storage",
            "module.wandb_infra.module.file_storage.aws_sqs_queue.file_storage",
            "module.wandb_infra.module.file_storage.random_pet.file_storage"
          ]
        }
      ]
    },
    {
      "module": "module.wandb_infra.module.file_storage[0]",
      "mode": "managed",
      "type": "aws_s3_bucket_notification",
      "name": "file_storage",
      "provider": "provider[\"registry.terraform.io/hashicorp/aws\"]",
      "instances": [
        {
          "index_key": 0,
          "schema_version": 0,
          "attributes": {
            "bucket": "wnb-tf-file-storage-thankful-jawfish",
            "eventbridge": false,
            "id": "wnb-tf-file-storage-thankful-jawfish",
            "lambda_function": [],
            "queue": [
              {
                "events": [
                  "s3:ObjectCreated:*"
                ],
                "filter_prefix": "",
                "filter_suffix": "",
                "id": "tf-s3-queue-20250131024241448800000016",
                "queue_arn": "arn:aws:sqs:us-east-1:571600843687:wnb-tf-file-storage-thankful-jawfish"
              }
            ],
            "topic": []
          },
          "sensitive_attributes": [],
          "private": "bnVsbA==",
          "dependencies": [
            "module.wandb_infra.module.file_storage.aws_s3_bucket.file_storage",
            "module.wandb_infra.module.file_storage.aws_sqs_queue.file_storage",
            "module.wandb_infra.module.file_storage.aws_sqs_queue_policy.file_storage",
            "module.wandb_infra.module.file_storage.random_pet.file_storage"
          ]
        }
      ]
    },
    {
      "module": "module.wandb_infra.module.file_storage[0]",
      "mode": "managed",
      "type": "aws_s3_bucket_ownership_controls",
      "name": "file_storage",
      "provider": "provider[\"registry.terraform.io/hashicorp/aws\"]",
      "instances": [
        {
          "schema_version": 0,
          "attributes": {
            "bucket": "wnb-tf-file-storage-thankful-jawfish",
            "id": "wnb-tf-file-storage-thankful-jawfish",
            "rule": [
              {
                "object_ownership": "BucketOwnerPreferred"
              }
            ]
          },
          "sensitive_attributes": [],
          "private": "bnVsbA==",
          "dependencies": [
            "module.wandb_infra.module.file_storage.aws_s3_bucket.file_storage",
            "module.wandb_infra.module.file_storage.aws_sqs_queue.file_storage",
            "module.wandb_infra.module.file_storage.random_pet.file_storage"
          ]
        }
      ]
    },
    {
      "module": "module.wandb_infra.module.file_storage[0]",
      "mode": "managed",
      "type": "aws_s3_bucket_public_access_block",
      "name": "file_storage",
      "provider": "provider[\"registry.terraform.io/hashicorp/aws\"]",
      "instances": [
        {
          "schema_version": 0,
          "attributes": {
            "block_public_acls": true,
            "block_public_policy": true,
            "bucket": "wnb-tf-file-storage-thankful-jawfish",
            "id": "wnb-tf-file-storage-thankful-jawfish",
            "ignore_public_acls": true,
            "restrict_public_buckets": true
          },
          "sensitive_attributes": [],
          "private": "bnVsbA==",
          "dependencies": [
            "module.wandb_infra.module.file_storage.aws_s3_bucket.file_storage",
            "module.wandb_infra.module.file_storage.aws_sqs_queue.file_storage",
            "module.wandb_infra.module.file_storage.random_pet.file_storage"
          ]
        }
      ]
    },
    {
      "module": "module.wandb_infra.module.file_storage[0]",
      "mode": "managed",
      "type": "aws_s3_bucket_server_side_encryption_configuration",
      "name": "file_storage",
      "provider": "provider[\"registry.terraform.io/hashicorp/aws\"]",
      "instances": [
        {
          "schema_version": 0,
          "attributes": {
            "bucket": "wnb-tf-file-storage-thankful-jawfish",
            "expected_bucket_owner": "",
            "id": "wnb-tf-file-storage-thankful-jawfish",
            "rule": [
              {
                "apply_server_side_encryption_by_default": [
                  {
                    "kms_master_key_id": "arn:aws:kms:us-east-1:571600843687:key/ab04a8fa-4c24-4a87-a61a-c4c6e73190b3",
                    "sse_algorithm": "aws:kms"
                  }
                ],
                "bucket_key_enabled": false
              }
            ]
          },
          "sensitive_attributes": [],
          "private": "bnVsbA==",
          "dependencies": [
            "module.wandb_infra.module.file_storage.aws_s3_bucket.file_storage",
            "module.wandb_infra.module.file_storage.aws_sqs_queue.file_storage",
            "module.wandb_infra.module.file_storage.random_pet.file_storage",
            "module.wandb_infra.module.kms.aws_kms_key.key",
            "module.wandb_infra.module.kms.data.aws_caller_identity.current"
          ]
        }
      ]
    },
    {
      "module": "module.wandb_infra.module.file_storage[0]",
      "mode": "managed",
      "type": "aws_sqs_queue",
      "name": "file_storage",
      "provider": "provider[\"registry.terraform.io/hashicorp/aws\"]",
      "instances": [
        {
          "index_key": 0,
          "schema_version": 0,
          "attributes": {
            "arn": "arn:aws:sqs:us-east-1:571600843687:wnb-tf-file-storage-thankful-jawfish",
            "content_based_deduplication": false,
            "deduplication_scope": "",
            "delay_seconds": 0,
            "fifo_queue": false,
            "fifo_throughput_limit": "",
            "id": "https://sqs.us-east-1.amazonaws.com/571600843687/wnb-tf-file-storage-thankful-jawfish",
            "kms_data_key_reuse_period_seconds": 300,
            "kms_master_key_id": "",
            "max_message_size": 262144,
            "message_retention_seconds": 345600,
            "name": "wnb-tf-file-storage-thankful-jawfish",
            "name_prefix": "",
            "policy": "{\"Statement\":[{\"Action\":\"sqs:SendMessage\",\"Condition\":{\"ArnEquals\":{\"aws:SourceArn\":\"arn:aws:s3:::wnb-tf-file-storage-thankful-jawfish\"}},\"Effect\":\"Allow\",\"Principal\":\"*\",\"Resource\":\"arn:aws:sqs:*:*:wnb-tf-file-storage-thankful-jawfish\"}],\"Version\":\"2012-10-17\"}",
            "receive_wait_time_seconds": 10,
            "redrive_allow_policy": "",
            "redrive_policy": "",
            "sqs_managed_sse_enabled": true,
            "tags": {},
            "tags_all": {
              "Enviroment": "dev",
              "Example": "PublicDnsExternal",
              "GithubOrg": "wandb",
              "GithubRepo": "terraform-aws-wandb"
            },
            "url": "https://sqs.us-east-1.amazonaws.com/571600843687/wnb-tf-file-storage-thankful-jawfish",
            "visibility_timeout_seconds": 30
          },
          "sensitive_attributes": [],
          "private": "bnVsbA==",
          "dependencies": [
            "module.wandb_infra.module.file_storage.random_pet.file_storage"
          ]
        }
      ]
    },
    {
      "module": "module.wandb_infra.module.file_storage[0]",
      "mode": "managed",
      "type": "aws_sqs_queue_policy",
      "name": "file_storage",
      "provider": "provider[\"registry.terraform.io/hashicorp/aws\"]",
      "instances": [
        {
          "index_key": 0,
          "schema_version": 1,
          "attributes": {
            "id": "https://sqs.us-east-1.amazonaws.com/571600843687/wnb-tf-file-storage-thankful-jawfish",
            "policy": "{\"Statement\":[{\"Action\":[\"sqs:SendMessage\"],\"Condition\":{\"ArnEquals\":{\"aws:SourceArn\":\"arn:aws:s3:::wnb-tf-file-storage-thankful-jawfish\"}},\"Effect\":\"Allow\",\"Principal\":\"*\",\"Resource\":\"arn:aws:sqs:*:*:wnb-tf-file-storage-thankful-jawfish\"}],\"Version\":\"2012-10-17\"}",
            "queue_url": "https://sqs.us-east-1.amazonaws.com/571600843687/wnb-tf-file-storage-thankful-jawfish"
          },
          "sensitive_attributes": [],
          "private": "eyJzY2hlbWFfdmVyc2lvbiI6IjEifQ==",
          "dependencies": [
            "module.wandb_infra.module.file_storage.aws_s3_bucket.file_storage",
            "module.wandb_infra.module.file_storage.aws_sqs_queue.file_storage",
            "module.wandb_infra.module.file_storage.random_pet.file_storage"
          ]
        }
      ]
    },
    {
      "module": "module.wandb_infra.module.file_storage[0]",
      "mode": "managed",
      "type": "random_pet",
      "name": "file_storage",
      "provider": "provider[\"registry.terraform.io/hashicorp/random\"]",
      "instances": [
        {
          "schema_version": 0,
          "attributes": {
            "id": "thankful-jawfish",
            "keepers": null,
            "length": 2,
            "prefix": null,
            "separator": "-"
          },
          "sensitive_attributes": []
        }
      ]
    },
    {
      "module": "module.wandb_infra.module.kms",
      "mode": "data",
      "type": "aws_caller_identity",
      "name": "current",
      "provider": "provider[\"registry.terraform.io/hashicorp/aws\"]",
      "instances": [
        {
          "schema_version": 0,
          "attributes": {
            "account_id": "571600843687",
            "arn": "arn:aws:iam::571600843687:user/wnbtestuser",
            "id": "571600843687",
            "user_id": "AIDAYKFQQWOTYDKWKC4G5"
          },
          "sensitive_attributes": []
        }
      ]
    },
    {
      "module": "module.wandb_infra.module.kms",
      "mode": "managed",
      "type": "aws_kms_alias",
      "name": "key",
      "provider": "provider[\"registry.terraform.io/hashicorp/aws\"]",
      "instances": [
        {
          "schema_version": 0,
          "attributes": {
            "arn": "arn:aws:kms:us-east-1:571600843687:alias/wnb-tf-kms-alias",
            "id": "alias/wnb-tf-kms-alias",
            "name": "alias/wnb-tf-kms-alias",
            "name_prefix": "",
            "target_key_arn": "arn:aws:kms:us-east-1:571600843687:key/ab04a8fa-4c24-4a87-a61a-c4c6e73190b3",
            "target_key_id": "ab04a8fa-4c24-4a87-a61a-c4c6e73190b3"
          },
          "sensitive_attributes": [],
          "private": "bnVsbA==",
          "dependencies": [
            "module.wandb_infra.module.kms.aws_kms_key.key",
            "module.wandb_infra.module.kms.data.aws_caller_identity.current"
          ]
        }
      ]
    },
    {
      "module": "module.wandb_infra.module.kms",
      "mode": "managed",
      "type": "aws_kms_grant",
      "name": "main",
      "provider": "provider[\"registry.terraform.io/hashicorp/aws\"]",
      "instances": []
    },
    {
      "module": "module.wandb_infra.module.kms",
      "mode": "managed",
      "type": "aws_kms_key",
      "name": "key",
      "provider": "provider[\"registry.terraform.io/hashicorp/aws\"]",
      "instances": [
        {
          "schema_version": 0,
          "attributes": {
            "arn": "arn:aws:kms:us-east-1:571600843687:key/ab04a8fa-4c24-4a87-a61a-c4c6e73190b3",
            "bypass_policy_lockout_safety_check": false,
            "custom_key_store_id": "",
            "customer_master_key_spec": "SYMMETRIC_DEFAULT",
            "deletion_window_in_days": 7,
            "description": "AWS KMS Customer-managed key to encrypt Weights \u0026 Biases resources",
            "enable_key_rotation": false,
            "id": "ab04a8fa-4c24-4a87-a61a-c4c6e73190b3",
            "is_enabled": true,
            "key_id": "ab04a8fa-4c24-4a87-a61a-c4c6e73190b3",
            "key_usage": "ENCRYPT_DECRYPT",
            "multi_region": false,
            "policy": "{\"Statement\":[{\"Action\":\"kms:*\",\"Effect\":\"Allow\",\"Principal\":\"*\",\"Resource\":\"*\",\"Sid\":\"Allow administration of the key\"},{\"Action\":[\"kms:Encrypt\",\"kms:Decrypt\",\"kms:ReEncrypt*\",\"kms:GenerateDataKey*\",\"kms:Describe*\",\"kms:Get*\",\"kms:List*\",\"kms:RevokeGrant\"],\"Effect\":\"Allow\",\"Principal\":\"*\",\"Resource\":\"*\",\"Sid\":\"Allow use of the key and metadata to the account\"},{\"Action\":[\"kms:Encrypt\",\"kms:Decrypt\",\"kms:ReEncrypt*\",\"kms:GenerateDataKey*\",\"kms:CreateGrant\",\"kms:Describe*\"],\"Condition\":{\"StringEquals\":{\"kms:CallerAccount\":\"571600843687\"},\"StringLike\":{\"kms:ViaService\":\"ec2.*.amazonaws.com\"}},\"Effect\":\"Allow\",\"Principal\":\"*\",\"Resource\":\"*\",\"Sid\":\"Allow use for EBS to node groups\"}],\"Version\":\"2012-10-17\"}",
            "tags": {
              "Name": "wandb-kms-key"
            },
            "tags_all": {
              "Enviroment": "dev",
              "Example": "PublicDnsExternal",
              "GithubOrg": "wandb",
              "GithubRepo": "terraform-aws-wandb",
              "Name": "wandb-kms-key"
            }
          },
          "sensitive_attributes": [],
          "private": "bnVsbA==",
          "dependencies": [
            "module.wandb_infra.module.kms.data.aws_caller_identity.current"
          ],
          "create_before_destroy": true
        }
      ]
    },
    {
      "module": "module.wandb_infra.module.networking",
      "mode": "data",
      "type": "aws_availability_zones",
      "name": "available",
      "provider": "provider[\"registry.terraform.io/hashicorp/aws\"]",
      "instances": [
        {
          "schema_version": 0,
          "attributes": {
            "all_availability_zones": null,
            "exclude_names": null,
            "exclude_zone_ids": null,
            "filter": null,
            "group_names": [
              "us-east-1-zg-1"
            ],
            "id": "us-east-1",
            "names": [
              "us-east-1a",
              "us-east-1b",
              "us-east-1c",
              "us-east-1d",
              "us-east-1e",
              "us-east-1f"
            ],
            "state": "available",
            "timeouts": null,
            "zone_ids": [
              "use1-az6",
              "use1-az1",
              "use1-az2",
              "use1-az4",
              "use1-az3",
              "use1-az5"
            ]
          },
          "sensitive_attributes": []
        }
      ]
    },
    {
      "module": "module.wandb_infra.module.networking.module.vpc",
      "mode": "data",
      "type": "aws_iam_policy_document",
      "name": "flow_log_cloudwatch_assume_role",
      "provider": "provider[\"registry.terraform.io/hashicorp/aws\"]",
      "instances": []
    },
    {
      "module": "module.wandb_infra.module.networking.module.vpc",
      "mode": "data",
      "type": "aws_iam_policy_document",
      "name": "vpc_flow_log_cloudwatch",
      "provider": "provider[\"registry.terraform.io/hashicorp/aws\"]",
      "instances": []
    },
    {
      "module": "module.wandb_infra.module.networking.module.vpc",
      "mode": "managed",
      "type": "aws_cloudwatch_log_group",
      "name": "flow_log",
      "provider": "provider[\"registry.terraform.io/hashicorp/aws\"]",
      "instances": []
    },
    {
      "module": "module.wandb_infra.module.networking.module.vpc",
      "mode": "managed",
      "type": "aws_customer_gateway",
      "name": "this",
      "provider": "provider[\"registry.terraform.io/hashicorp/aws\"]",
      "instances": []
    },
    {
      "module": "module.wandb_infra.module.networking.module.vpc",
      "mode": "managed",
      "type": "aws_db_subnet_group",
      "name": "database",
      "provider": "provider[\"registry.terraform.io/hashicorp/aws\"]",
      "instances": [
        {
          "index_key": 0,
          "schema_version": 0,
          "attributes": {
            "arn": "arn:aws:rds:us-east-1:571600843687:subgrp:wnb-tf-vpc",
            "description": "Database subnet group for wnb-tf-vpc",
            "id": "wnb-tf-vpc",
            "name": "wnb-tf-vpc",
            "name_prefix": "",
            "subnet_ids": [
              "subnet-02aed7565796c4208",
              "subnet-094b8337bd7d97d05"
            ],
            "supported_network_types": [
              "IPV4"
            ],
            "tags": {
              "Name": "wnb-tf-vpc"
            },
            "tags_all": {
              "Enviroment": "dev",
              "Example": "PublicDnsExternal",
              "GithubOrg": "wandb",
              "GithubRepo": "terraform-aws-wandb",
              "Name": "wnb-tf-vpc"
            },
            "vpc_id": "vpc-054f2a122628623a2"
          },
          "sensitive_attributes": [],
          "private": "bnVsbA==",
          "dependencies": [
            "module.wandb_infra.module.networking.data.aws_availability_zones.available",
            "module.wandb_infra.module.networking.module.vpc.aws_subnet.database",
            "module.wandb_infra.module.networking.module.vpc.aws_vpc.this",
            "module.wandb_infra.module.networking.module.vpc.aws_vpc_ipv4_cidr_block_association.this"
          ]
        }
      ]
    },
    {
      "module": "module.wandb_infra.module.networking.module.vpc",
      "mode": "managed",
      "type": "aws_default_network_acl",
      "name": "this",
      "provider": "provider[\"registry.terraform.io/hashicorp/aws\"]",
      "instances": [
        {
          "index_key": 0,
          "schema_version": 0,
          "attributes": {
            "arn": "arn:aws:ec2:us-east-1:571600843687:network-acl/acl-02bfa97b51a12d260",
            "default_network_acl_id": "acl-02bfa97b51a12d260",
            "egress": [
              {
                "action": "allow",
                "cidr_block": "",
                "from_port": 0,
                "icmp_code": 0,
                "icmp_type": 0,
                "ipv6_cidr_block": "::/0",
                "protocol": "-1",
                "rule_no": 101,
                "to_port": 0
              },
              {
                "action": "allow",
                "cidr_block": "0.0.0.0/0",
                "from_port": 0,
                "icmp_code": 0,
                "icmp_type": 0,
                "ipv6_cidr_block": "",
                "protocol": "-1",
                "rule_no": 100,
                "to_port": 0
              }
            ],
            "id": "acl-02bfa97b51a12d260",
            "ingress": [
              {
                "action": "allow",
                "cidr_block": "",
                "from_port": 0,
                "icmp_code": 0,
                "icmp_type": 0,
                "ipv6_cidr_block": "::/0",
                "protocol": "-1",
                "rule_no": 101,
                "to_port": 0
              },
              {
                "action": "allow",
                "cidr_block": "0.0.0.0/0",
                "from_port": 0,
                "icmp_code": 0,
                "icmp_type": 0,
                "ipv6_cidr_block": "",
                "protocol": "-1",
                "rule_no": 100,
                "to_port": 0
              }
            ],
            "owner_id": "571600843687",
            "subnet_ids": [
              "subnet-02aed7565796c4208",
              "subnet-05024a9be99979c8c",
              "subnet-05d442d0315350e06",
              "subnet-094b8337bd7d97d05",
              "subnet-09c1f15d5c1a2ce11",
              "subnet-0b13a55e8a9768d83",
              "subnet-0ee1405a13661a6ac",
              "subnet-0fe7c88ba77ec5d34"
            ],
            "tags": {
              "Name": "wnb-tf-vpc-default"
            },
            "tags_all": {
              "Enviroment": "dev",
              "Example": "PublicDnsExternal",
              "GithubOrg": "wandb",
              "GithubRepo": "terraform-aws-wandb",
              "Name": "wnb-tf-vpc-default"
            },
            "vpc_id": "vpc-054f2a122628623a2"
          },
          "sensitive_attributes": [],
          "private": "bnVsbA==",
          "dependencies": [
            "module.wandb_infra.module.networking.module.vpc.aws_vpc.this"
          ]
        }
      ]
    },
    {
      "module": "module.wandb_infra.module.networking.module.vpc",
      "mode": "managed",
      "type": "aws_default_route_table",
      "name": "default",
      "provider": "provider[\"registry.terraform.io/hashicorp/aws\"]",
      "instances": [
        {
          "index_key": 0,
          "schema_version": 0,
          "attributes": {
            "arn": "arn:aws:ec2:us-east-1:571600843687:route-table/rtb-046d92dd72dc515d2",
            "default_route_table_id": "rtb-046d92dd72dc515d2",
            "id": "rtb-046d92dd72dc515d2",
            "owner_id": "571600843687",
            "propagating_vgws": [],
            "route": [],
            "tags": {
              "Name": "wnb-tf-vpc-default"
            },
            "tags_all": {
              "Enviroment": "dev",
              "Example": "PublicDnsExternal",
              "GithubOrg": "wandb",
              "GithubRepo": "terraform-aws-wandb",
              "Name": "wnb-tf-vpc-default"
            },
            "timeouts": {
              "create": "5m",
              "update": "5m"
            },
            "vpc_id": "vpc-054f2a122628623a2"
          },
          "sensitive_attributes": [],
          "private": "eyJlMmJmYjczMC1lY2FhLTExZTYtOGY4OC0zNDM2M2JjN2M0YzAiOnsiY3JlYXRlIjozMDAwMDAwMDAwMDAsInVwZGF0ZSI6MzAwMDAwMDAwMDAwfX0=",
          "dependencies": [
            "module.wandb_infra.module.networking.module.vpc.aws_vpc.this"
          ]
        }
      ]
    },
    {
      "module": "module.wandb_infra.module.networking.module.vpc",
      "mode": "managed",
      "type": "aws_default_security_group",
      "name": "this",
      "provider": "provider[\"registry.terraform.io/hashicorp/aws\"]",
      "instances": [
        {
          "index_key": 0,
          "schema_version": 1,
          "attributes": {
            "arn": "arn:aws:ec2:us-east-1:571600843687:security-group/sg-0993adef8e7663996",
            "description": "default VPC security group",
            "egress": [],
            "id": "sg-0993adef8e7663996",
            "ingress": [],
            "name": "default",
            "name_prefix": "",
            "owner_id": "571600843687",
            "revoke_rules_on_delete": false,
            "tags": {
              "Name": "wnb-tf-vpc-default"
            },
            "tags_all": {
              "Enviroment": "dev",
              "Example": "PublicDnsExternal",
              "GithubOrg": "wandb",
              "GithubRepo": "terraform-aws-wandb",
              "Name": "wnb-tf-vpc-default"
            },
            "vpc_id": "vpc-054f2a122628623a2"
          },
          "sensitive_attributes": [],
          "private": "eyJzY2hlbWFfdmVyc2lvbiI6IjEifQ==",
          "dependencies": [
            "module.wandb_infra.module.networking.module.vpc.aws_vpc.this"
          ]
        }
      ]
    },
    {
      "module": "module.wandb_infra.module.networking.module.vpc",
      "mode": "managed",
      "type": "aws_default_vpc",
      "name": "this",
      "provider": "provider[\"registry.terraform.io/hashicorp/aws\"]",
      "instances": []
    },
    {
      "module": "module.wandb_infra.module.networking.module.vpc",
      "mode": "managed",
      "type": "aws_egress_only_internet_gateway",
      "name": "this",
      "provider": "provider[\"registry.terraform.io/hashicorp/aws\"]",
      "instances": []
    },
    {
      "module": "module.wandb_infra.module.networking.module.vpc",
      "mode": "managed",
      "type": "aws_eip",
      "name": "nat",
      "provider": "provider[\"registry.terraform.io/hashicorp/aws\"]",
      "instances": [
        {
          "index_key": 0,
          "schema_version": 0,
          "attributes": {
            "address": null,
            "allocation_id": "eipalloc-0a56accce68a6fbcf",
            "associate_with_private_ip": null,
            "association_id": "eipassoc-0affc18cb89650b25",
            "carrier_ip": "",
            "customer_owned_ip": "",
            "customer_owned_ipv4_pool": "",
            "domain": "vpc",
            "id": "eipalloc-0a56accce68a6fbcf",
            "instance": "",
            "network_border_group": "us-east-1",
            "network_interface": "eni-08d0bd48d92a44d84",
            "private_dns": "ip-10-10-0-214.ec2.internal",
            "private_ip": "10.10.0.214",
            "public_dns": "ec2-54-165-205-62.compute-1.amazonaws.com",
            "public_ip": "54.165.205.62",
            "public_ipv4_pool": "amazon",
            "tags": {
              "Name": "wnb-tf-vpc-us-east-1a"
            },
            "tags_all": {
              "Enviroment": "dev",
              "Example": "PublicDnsExternal",
              "GithubOrg": "wandb",
              "GithubRepo": "terraform-aws-wandb",
              "Name": "wnb-tf-vpc-us-east-1a"
            },
            "timeouts": null,
            "vpc": true
          },
          "sensitive_attributes": [],
          "private": "eyJlMmJmYjczMC1lY2FhLTExZTYtOGY4OC0zNDM2M2JjN2M0YzAiOnsiZGVsZXRlIjoxODAwMDAwMDAwMDAsInJlYWQiOjkwMDAwMDAwMDAwMCwidXBkYXRlIjozMDAwMDAwMDAwMDB9fQ==",
          "dependencies": [
            "module.wandb_infra.module.networking.data.aws_availability_zones.available"
          ]
        },
        {
          "index_key": 1,
          "schema_version": 0,
          "attributes": {
            "address": null,
            "allocation_id": "eipalloc-0cac78cea18434ead",
            "associate_with_private_ip": null,
            "association_id": "eipassoc-0b28f0165a1e02342",
            "carrier_ip": "",
            "customer_owned_ip": "",
            "customer_owned_ipv4_pool": "",
            "domain": "vpc",
            "id": "eipalloc-0cac78cea18434ead",
            "instance": "",
            "network_border_group": "us-east-1",
            "network_interface": "eni-06efe67c12b8d27bb",
            "private_dns": "ip-10-10-1-71.ec2.internal",
            "private_ip": "10.10.1.71",
            "public_dns": "ec2-100-29-119-206.compute-1.amazonaws.com",
            "public_ip": "100.29.119.206",
            "public_ipv4_pool": "amazon",
            "tags": {
              "Name": "wnb-tf-vpc-us-east-1b"
            },
            "tags_all": {
              "Enviroment": "dev",
              "Example": "PublicDnsExternal",
              "GithubOrg": "wandb",
              "GithubRepo": "terraform-aws-wandb",
              "Name": "wnb-tf-vpc-us-east-1b"
            },
            "timeouts": null,
            "vpc": true
          },
          "sensitive_attributes": [],
          "private": "eyJlMmJmYjczMC1lY2FhLTExZTYtOGY4OC0zNDM2M2JjN2M0YzAiOnsiZGVsZXRlIjoxODAwMDAwMDAwMDAsInJlYWQiOjkwMDAwMDAwMDAwMCwidXBkYXRlIjozMDAwMDAwMDAwMDB9fQ==",
          "dependencies": [
            "module.wandb_infra.module.networking.data.aws_availability_zones.available"
          ]
        }
      ]
    },
    {
      "module": "module.wandb_infra.module.networking.module.vpc",
      "mode": "managed",
      "type": "aws_elasticache_subnet_group",
      "name": "elasticache",
      "provider": "provider[\"registry.terraform.io/hashicorp/aws\"]",
      "instances": [
        {
          "index_key": 0,
          "schema_version": 0,
          "attributes": {
            "arn": "arn:aws:elasticache:us-east-1:571600843687:subnetgroup:wnb-tf-vpc",
            "description": "ElastiCache subnet group for wnb-tf-vpc",
            "id": "wnb-tf-vpc",
            "name": "wnb-tf-vpc",
            "subnet_ids": [
              "subnet-09c1f15d5c1a2ce11",
              "subnet-0ee1405a13661a6ac"
            ],
            "tags": {
              "Name": "wnb-tf-vpc"
            },
            "tags_all": {
              "Enviroment": "dev",
              "Example": "PublicDnsExternal",
              "GithubOrg": "wandb",
              "GithubRepo": "terraform-aws-wandb",
              "Name": "wnb-tf-vpc"
            }
          },
          "sensitive_attributes": [],
          "private": "bnVsbA==",
          "dependencies": [
            "module.wandb_infra.module.networking.data.aws_availability_zones.available",
            "module.wandb_infra.module.networking.module.vpc.aws_subnet.elasticache",
            "module.wandb_infra.module.networking.module.vpc.aws_vpc.this",
            "module.wandb_infra.module.networking.module.vpc.aws_vpc_ipv4_cidr_block_association.this"
          ]
        }
      ]
    },
    {
      "module": "module.wandb_infra.module.networking.module.vpc",
      "mode": "managed",
      "type": "aws_flow_log",
      "name": "this",
      "provider": "provider[\"registry.terraform.io/hashicorp/aws\"]",
      "instances": []
    },
    {
      "module": "module.wandb_infra.module.networking.module.vpc",
      "mode": "managed",
      "type": "aws_iam_policy",
      "name": "vpc_flow_log_cloudwatch",
      "provider": "provider[\"registry.terraform.io/hashicorp/aws\"]",
      "instances": []
    },
    {
      "module": "module.wandb_infra.module.networking.module.vpc",
      "mode": "managed",
      "type": "aws_iam_role",
      "name": "vpc_flow_log_cloudwatch",
      "provider": "provider[\"registry.terraform.io/hashicorp/aws\"]",
      "instances": []
    },
    {
      "module": "module.wandb_infra.module.networking.module.vpc",
      "mode": "managed",
      "type": "aws_iam_role_policy_attachment",
      "name": "vpc_flow_log_cloudwatch",
      "provider": "provider[\"registry.terraform.io/hashicorp/aws\"]",
      "instances": []
    },
    {
      "module": "module.wandb_infra.module.networking.module.vpc",
      "mode": "managed",
      "type": "aws_internet_gateway",
      "name": "this",
      "provider": "provider[\"registry.terraform.io/hashicorp/aws\"]",
      "instances": [
        {
          "index_key": 0,
          "schema_version": 0,
          "attributes": {
            "arn": "arn:aws:ec2:us-east-1:571600843687:internet-gateway/igw-028f185130fab1f29",
            "id": "igw-028f185130fab1f29",
            "owner_id": "571600843687",
            "tags": {
              "Name": "wnb-tf-vpc"
            },
            "tags_all": {
              "Enviroment": "dev",
              "Example": "PublicDnsExternal",
              "GithubOrg": "wandb",
              "GithubRepo": "terraform-aws-wandb",
              "Name": "wnb-tf-vpc"
            },
            "timeouts": null,
            "vpc_id": "vpc-054f2a122628623a2"
          },
          "sensitive_attributes": [],
          "private": "eyJlMmJmYjczMC1lY2FhLTExZTYtOGY4OC0zNDM2M2JjN2M0YzAiOnsiY3JlYXRlIjoxMjAwMDAwMDAwMDAwLCJkZWxldGUiOjEyMDAwMDAwMDAwMDAsInVwZGF0ZSI6MTIwMDAwMDAwMDAwMH19",
          "dependencies": [
            "module.wandb_infra.module.networking.module.vpc.aws_vpc.this",
            "module.wandb_infra.module.networking.module.vpc.aws_vpc_ipv4_cidr_block_association.this"
          ]
        }
      ]
    },
    {
      "module": "module.wandb_infra.module.networking.module.vpc",
      "mode": "managed",
      "type": "aws_nat_gateway",
      "name": "this",
      "provider": "provider[\"registry.terraform.io/hashicorp/aws\"]",
      "instances": [
        {
          "index_key": 0,
          "schema_version": 0,
          "attributes": {
            "allocation_id": "eipalloc-0a56accce68a6fbcf",
            "association_id": "eipassoc-0affc18cb89650b25",
            "connectivity_type": "public",
            "id": "nat-084a18a85e54b0fcd",
            "network_interface_id": "eni-08d0bd48d92a44d84",
            "private_ip": "10.10.0.214",
            "public_ip": "54.165.205.62",
            "subnet_id": "subnet-05d442d0315350e06",
            "tags": {
              "Name": "wnb-tf-vpc-us-east-1a"
            },
            "tags_all": {
              "Enviroment": "dev",
              "Example": "PublicDnsExternal",
              "GithubOrg": "wandb",
              "GithubRepo": "terraform-aws-wandb",
              "Name": "wnb-tf-vpc-us-east-1a"
            }
          },
          "sensitive_attributes": [],
          "private": "bnVsbA==",
          "dependencies": [
            "module.wandb_infra.module.networking.data.aws_availability_zones.available",
            "module.wandb_infra.module.networking.module.vpc.aws_eip.nat",
            "module.wandb_infra.module.networking.module.vpc.aws_internet_gateway.this",
            "module.wandb_infra.module.networking.module.vpc.aws_subnet.public",
            "module.wandb_infra.module.networking.module.vpc.aws_vpc.this",
            "module.wandb_infra.module.networking.module.vpc.aws_vpc_ipv4_cidr_block_association.this"
          ]
        },
        {
          "index_key": 1,
          "schema_version": 0,
          "attributes": {
            "allocation_id": "eipalloc-0cac78cea18434ead",
            "association_id": "eipassoc-0b28f0165a1e02342",
            "connectivity_type": "public",
            "id": "nat-0bf63d89deed4f454",
            "network_interface_id": "eni-06efe67c12b8d27bb",
            "private_ip": "10.10.1.71",
            "public_ip": "100.29.119.206",
            "subnet_id": "subnet-0b13a55e8a9768d83",
            "tags": {
              "Name": "wnb-tf-vpc-us-east-1b"
            },
            "tags_all": {
              "Enviroment": "dev",
              "Example": "PublicDnsExternal",
              "GithubOrg": "wandb",
              "GithubRepo": "terraform-aws-wandb",
              "Name": "wnb-tf-vpc-us-east-1b"
            }
          },
          "sensitive_attributes": [],
          "private": "bnVsbA==",
          "dependencies": [
            "module.wandb_infra.module.networking.data.aws_availability_zones.available",
            "module.wandb_infra.module.networking.module.vpc.aws_eip.nat",
            "module.wandb_infra.module.networking.module.vpc.aws_internet_gateway.this",
            "module.wandb_infra.module.networking.module.vpc.aws_subnet.public",
            "module.wandb_infra.module.networking.module.vpc.aws_vpc.this",
            "module.wandb_infra.module.networking.module.vpc.aws_vpc_ipv4_cidr_block_association.this"
          ]
        }
      ]
    },
    {
      "module": "module.wandb_infra.module.networking.module.vpc",
      "mode": "managed",
      "type": "aws_network_acl",
      "name": "database",
      "provider": "provider[\"registry.terraform.io/hashicorp/aws\"]",
      "instances": []
    },
    {
      "module": "module.wandb_infra.module.networking.module.vpc",
      "mode": "managed",
      "type": "aws_network_acl",
      "name": "elasticache",
      "provider": "provider[\"registry.terraform.io/hashicorp/aws\"]",
      "instances": []
    },
    {
      "module": "module.wandb_infra.module.networking.module.vpc",
      "mode": "managed",
      "type": "aws_network_acl",
      "name": "intra",
      "provider": "provider[\"registry.terraform.io/hashicorp/aws\"]",
      "instances": []
    },
    {
      "module": "module.wandb_infra.module.networking.module.vpc",
      "mode": "managed",
      "type": "aws_network_acl",
      "name": "outpost",
      "provider": "provider[\"registry.terraform.io/hashicorp/aws\"]",
      "instances": []
    },
    {
      "module": "module.wandb_infra.module.networking.module.vpc",
      "mode": "managed",
      "type": "aws_network_acl",
      "name": "private",
      "provider": "provider[\"registry.terraform.io/hashicorp/aws\"]",
      "instances": []
    },
    {
      "module": "module.wandb_infra.module.networking.module.vpc",
      "mode": "managed",
      "type": "aws_network_acl",
      "name": "public",
      "provider": "provider[\"registry.terraform.io/hashicorp/aws\"]",
      "instances": []
    },
    {
      "module": "module.wandb_infra.module.networking.module.vpc",
      "mode": "managed",
      "type": "aws_network_acl",
      "name": "redshift",
      "provider": "provider[\"registry.terraform.io/hashicorp/aws\"]",
      "instances": []
    },
    {
      "module": "module.wandb_infra.module.networking.module.vpc",
      "mode": "managed",
      "type": "aws_network_acl_rule",
      "name": "database_inbound",
      "provider": "provider[\"registry.terraform.io/hashicorp/aws\"]",
      "instances": []
    },
    {
      "module": "module.wandb_infra.module.networking.module.vpc",
      "mode": "managed",
      "type": "aws_network_acl_rule",
      "name": "database_outbound",
      "provider": "provider[\"registry.terraform.io/hashicorp/aws\"]",
      "instances": []
    },
    {
      "module": "module.wandb_infra.module.networking.module.vpc",
      "mode": "managed",
      "type": "aws_network_acl_rule",
      "name": "elasticache_inbound",
      "provider": "provider[\"registry.terraform.io/hashicorp/aws\"]",
      "instances": []
    },
    {
      "module": "module.wandb_infra.module.networking.module.vpc",
      "mode": "managed",
      "type": "aws_network_acl_rule",
      "name": "elasticache_outbound",
      "provider": "provider[\"registry.terraform.io/hashicorp/aws\"]",
      "instances": []
    },
    {
      "module": "module.wandb_infra.module.networking.module.vpc",
      "mode": "managed",
      "type": "aws_network_acl_rule",
      "name": "intra_inbound",
      "provider": "provider[\"registry.terraform.io/hashicorp/aws\"]",
      "instances": []
    },
    {
      "module": "module.wandb_infra.module.networking.module.vpc",
      "mode": "managed",
      "type": "aws_network_acl_rule",
      "name": "intra_outbound",
      "provider": "provider[\"registry.terraform.io/hashicorp/aws\"]",
      "instances": []
    },
    {
      "module": "module.wandb_infra.module.networking.module.vpc",
      "mode": "managed",
      "type": "aws_network_acl_rule",
      "name": "outpost_inbound",
      "provider": "provider[\"registry.terraform.io/hashicorp/aws\"]",
      "instances": []
    },
    {
      "module": "module.wandb_infra.module.networking.module.vpc",
      "mode": "managed",
      "type": "aws_network_acl_rule",
      "name": "outpost_outbound",
      "provider": "provider[\"registry.terraform.io/hashicorp/aws\"]",
      "instances": []
    },
    {
      "module": "module.wandb_infra.module.networking.module.vpc",
      "mode": "managed",
      "type": "aws_network_acl_rule",
      "name": "private_inbound",
      "provider": "provider[\"registry.terraform.io/hashicorp/aws\"]",
      "instances": []
    },
    {
      "module": "module.wandb_infra.module.networking.module.vpc",
      "mode": "managed",
      "type": "aws_network_acl_rule",
      "name": "private_outbound",
      "provider": "provider[\"registry.terraform.io/hashicorp/aws\"]",
      "instances": []
    },
    {
      "module": "module.wandb_infra.module.networking.module.vpc",
      "mode": "managed",
      "type": "aws_network_acl_rule",
      "name": "public_inbound",
      "provider": "provider[\"registry.terraform.io/hashicorp/aws\"]",
      "instances": []
    },
    {
      "module": "module.wandb_infra.module.networking.module.vpc",
      "mode": "managed",
      "type": "aws_network_acl_rule",
      "name": "public_outbound",
      "provider": "provider[\"registry.terraform.io/hashicorp/aws\"]",
      "instances": []
    },
    {
      "module": "module.wandb_infra.module.networking.module.vpc",
      "mode": "managed",
      "type": "aws_network_acl_rule",
      "name": "redshift_inbound",
      "provider": "provider[\"registry.terraform.io/hashicorp/aws\"]",
      "instances": []
    },
    {
      "module": "module.wandb_infra.module.networking.module.vpc",
      "mode": "managed",
      "type": "aws_network_acl_rule",
      "name": "redshift_outbound",
      "provider": "provider[\"registry.terraform.io/hashicorp/aws\"]",
      "instances": []
    },
    {
      "module": "module.wandb_infra.module.networking.module.vpc",
      "mode": "managed",
      "type": "aws_redshift_subnet_group",
      "name": "redshift",
      "provider": "provider[\"registry.terraform.io/hashicorp/aws\"]",
      "instances": []
    },
    {
      "module": "module.wandb_infra.module.networking.module.vpc",
      "mode": "managed",
      "type": "aws_route",
      "name": "database_dns64_nat_gateway",
      "provider": "provider[\"registry.terraform.io/hashicorp/aws\"]",
      "instances": []
    },
    {
      "module": "module.wandb_infra.module.networking.module.vpc",
      "mode": "managed",
      "type": "aws_route",
      "name": "database_internet_gateway",
      "provider": "provider[\"registry.terraform.io/hashicorp/aws\"]",
      "instances": []
    },
    {
      "module": "module.wandb_infra.module.networking.module.vpc",
      "mode": "managed",
      "type": "aws_route",
      "name": "database_ipv6_egress",
      "provider": "provider[\"registry.terraform.io/hashicorp/aws\"]",
      "instances": []
    },
    {
      "module": "module.wandb_infra.module.networking.module.vpc",
      "mode": "managed",
      "type": "aws_route",
      "name": "database_nat_gateway",
      "provider": "provider[\"registry.terraform.io/hashicorp/aws\"]",
      "instances": []
    },
    {
      "module": "module.wandb_infra.module.networking.module.vpc",
      "mode": "managed",
      "type": "aws_route",
      "name": "private_dns64_nat_gateway",
      "provider": "provider[\"registry.terraform.io/hashicorp/aws\"]",
      "instances": []
    },
    {
      "module": "module.wandb_infra.module.networking.module.vpc",
      "mode": "managed",
      "type": "aws_route",
      "name": "private_ipv6_egress",
      "provider": "provider[\"registry.terraform.io/hashicorp/aws\"]",
      "instances": []
    },
    {
      "module": "module.wandb_infra.module.networking.module.vpc",
      "mode": "managed",
      "type": "aws_route",
      "name": "private_nat_gateway",
      "provider": "provider[\"registry.terraform.io/hashicorp/aws\"]",
      "instances": [
        {
          "index_key": 0,
          "schema_version": 0,
          "attributes": {
            "carrier_gateway_id": "",
            "core_network_arn": "",
            "destination_cidr_block": "0.0.0.0/0",
            "destination_ipv6_cidr_block": "",
            "destination_prefix_list_id": "",
            "egress_only_gateway_id": "",
            "gateway_id": "",
            "id": "r-rtb-07e186bdcd9aa381a1080289494",
            "instance_id": "",
            "instance_owner_id": "",
            "local_gateway_id": "",
            "nat_gateway_id": "nat-084a18a85e54b0fcd",
            "network_interface_id": "",
            "origin": "CreateRoute",
            "route_table_id": "rtb-07e186bdcd9aa381a",
            "state": "active",
            "timeouts": {
              "create": "5m",
              "delete": null,
              "update": null
            },
            "transit_gateway_id": "",
            "vpc_endpoint_id": "",
            "vpc_peering_connection_id": ""
          },
          "sensitive_attributes": [],
          "private": "eyJlMmJmYjczMC1lY2FhLTExZTYtOGY4OC0zNDM2M2JjN2M0YzAiOnsiY3JlYXRlIjozMDAwMDAwMDAwMDAsImRlbGV0ZSI6MzAwMDAwMDAwMDAwLCJ1cGRhdGUiOjEyMDAwMDAwMDAwMH19",
          "dependencies": [
            "module.wandb_infra.module.networking.data.aws_availability_zones.available",
            "module.wandb_infra.module.networking.module.vpc.aws_eip.nat",
            "module.wandb_infra.module.networking.module.vpc.aws_internet_gateway.this",
            "module.wandb_infra.module.networking.module.vpc.aws_nat_gateway.this",
            "module.wandb_infra.module.networking.module.vpc.aws_route_table.private",
            "module.wandb_infra.module.networking.module.vpc.aws_subnet.public",
            "module.wandb_infra.module.networking.module.vpc.aws_vpc.this",
            "module.wandb_infra.module.networking.module.vpc.aws_vpc_ipv4_cidr_block_association.this"
          ]
        },
        {
          "index_key": 1,
          "schema_version": 0,
          "attributes": {
            "carrier_gateway_id": "",
            "core_network_arn": "",
            "destination_cidr_block": "0.0.0.0/0",
            "destination_ipv6_cidr_block": "",
            "destination_prefix_list_id": "",
            "egress_only_gateway_id": "",
            "gateway_id": "",
            "id": "r-rtb-014ead80ec3befbac1080289494",
            "instance_id": "",
            "instance_owner_id": "",
            "local_gateway_id": "",
            "nat_gateway_id": "nat-0bf63d89deed4f454",
            "network_interface_id": "",
            "origin": "CreateRoute",
            "route_table_id": "rtb-014ead80ec3befbac",
            "state": "active",
            "timeouts": {
              "create": "5m",
              "delete": null,
              "update": null
            },
            "transit_gateway_id": "",
            "vpc_endpoint_id": "",
            "vpc_peering_connection_id": ""
          },
          "sensitive_attributes": [],
          "private": "eyJlMmJmYjczMC1lY2FhLTExZTYtOGY4OC0zNDM2M2JjN2M0YzAiOnsiY3JlYXRlIjozMDAwMDAwMDAwMDAsImRlbGV0ZSI6MzAwMDAwMDAwMDAwLCJ1cGRhdGUiOjEyMDAwMDAwMDAwMH19",
          "dependencies": [
            "module.wandb_infra.module.networking.data.aws_availability_zones.available",
            "module.wandb_infra.module.networking.module.vpc.aws_eip.nat",
            "module.wandb_infra.module.networking.module.vpc.aws_internet_gateway.this",
            "module.wandb_infra.module.networking.module.vpc.aws_nat_gateway.this",
            "module.wandb_infra.module.networking.module.vpc.aws_route_table.private",
            "module.wandb_infra.module.networking.module.vpc.aws_subnet.public",
            "module.wandb_infra.module.networking.module.vpc.aws_vpc.this",
            "module.wandb_infra.module.networking.module.vpc.aws_vpc_ipv4_cidr_block_association.this"
          ]
        }
      ]
    },
    {
      "module": "module.wandb_infra.module.networking.module.vpc",
      "mode": "managed",
      "type": "aws_route",
      "name": "public_internet_gateway",
      "provider": "provider[\"registry.terraform.io/hashicorp/aws\"]",
      "instances": [
        {
          "index_key": 0,
          "schema_version": 0,
          "attributes": {
            "carrier_gateway_id": "",
            "core_network_arn": "",
            "destination_cidr_block": "0.0.0.0/0",
            "destination_ipv6_cidr_block": "",
            "destination_prefix_list_id": "",
            "egress_only_gateway_id": "",
            "gateway_id": "igw-028f185130fab1f29",
            "id": "r-rtb-046281c71f206e4301080289494",
            "instance_id": "",
            "instance_owner_id": "",
            "local_gateway_id": "",
            "nat_gateway_id": "",
            "network_interface_id": "",
            "origin": "CreateRoute",
            "route_table_id": "rtb-046281c71f206e430",
            "state": "active",
            "timeouts": {
              "create": "5m",
              "delete": null,
              "update": null
            },
            "transit_gateway_id": "",
            "vpc_endpoint_id": "",
            "vpc_peering_connection_id": ""
          },
          "sensitive_attributes": [],
          "private": "eyJlMmJmYjczMC1lY2FhLTExZTYtOGY4OC0zNDM2M2JjN2M0YzAiOnsiY3JlYXRlIjozMDAwMDAwMDAwMDAsImRlbGV0ZSI6MzAwMDAwMDAwMDAwLCJ1cGRhdGUiOjEyMDAwMDAwMDAwMH19",
          "dependencies": [
            "module.wandb_infra.module.networking.module.vpc.aws_internet_gateway.this",
            "module.wandb_infra.module.networking.module.vpc.aws_route_table.public",
            "module.wandb_infra.module.networking.module.vpc.aws_vpc.this",
            "module.wandb_infra.module.networking.module.vpc.aws_vpc_ipv4_cidr_block_association.this"
          ]
        }
      ]
    },
    {
      "module": "module.wandb_infra.module.networking.module.vpc",
      "mode": "managed",
      "type": "aws_route",
      "name": "public_internet_gateway_ipv6",
      "provider": "provider[\"registry.terraform.io/hashicorp/aws\"]",
      "instances": []
    },
    {
      "module": "module.wandb_infra.module.networking.module.vpc",
      "mode": "managed",
      "type": "aws_route_table",
      "name": "database",
      "provider": "provider[\"registry.terraform.io/hashicorp/aws\"]",
      "instances": []
    },
    {
      "module": "module.wandb_infra.module.networking.module.vpc",
      "mode": "managed",
      "type": "aws_route_table",
      "name": "elasticache",
      "provider": "provider[\"registry.terraform.io/hashicorp/aws\"]",
      "instances": []
    },
    {
      "module": "module.wandb_infra.module.networking.module.vpc",
      "mode": "managed",
      "type": "aws_route_table",
      "name": "intra",
      "provider": "provider[\"registry.terraform.io/hashicorp/aws\"]",
      "instances": []
    },
    {
      "module": "module.wandb_infra.module.networking.module.vpc",
      "mode": "managed",
      "type": "aws_route_table",
      "name": "private",
      "provider": "provider[\"registry.terraform.io/hashicorp/aws\"]",
      "instances": [
        {
          "index_key": 0,
          "schema_version": 0,
          "attributes": {
            "arn": "arn:aws:ec2:us-east-1:571600843687:route-table/rtb-07e186bdcd9aa381a",
            "id": "rtb-07e186bdcd9aa381a",
            "owner_id": "571600843687",
            "propagating_vgws": [],
            "route": [
              {
                "carrier_gateway_id": "",
                "cidr_block": "0.0.0.0/0",
                "core_network_arn": "",
                "destination_prefix_list_id": "",
                "egress_only_gateway_id": "",
                "gateway_id": "",
                "instance_id": "",
                "ipv6_cidr_block": "",
                "local_gateway_id": "",
                "nat_gateway_id": "nat-084a18a85e54b0fcd",
                "network_interface_id": "",
                "transit_gateway_id": "",
                "vpc_endpoint_id": "",
                "vpc_peering_connection_id": ""
              }
            ],
            "tags": {
              "Name": "wnb-tf-vpc-private-us-east-1a"
            },
            "tags_all": {
              "Enviroment": "dev",
              "Example": "PublicDnsExternal",
              "GithubOrg": "wandb",
              "GithubRepo": "terraform-aws-wandb",
              "Name": "wnb-tf-vpc-private-us-east-1a"
            },
            "timeouts": null,
            "vpc_id": "vpc-054f2a122628623a2"
          },
          "sensitive_attributes": [],
          "private": "eyJlMmJmYjczMC1lY2FhLTExZTYtOGY4OC0zNDM2M2JjN2M0YzAiOnsiY3JlYXRlIjozMDAwMDAwMDAwMDAsImRlbGV0ZSI6MzAwMDAwMDAwMDAwLCJ1cGRhdGUiOjEyMDAwMDAwMDAwMH19",
          "dependencies": [
            "module.wandb_infra.module.networking.data.aws_availability_zones.available",
            "module.wandb_infra.module.networking.module.vpc.aws_vpc.this",
            "module.wandb_infra.module.networking.module.vpc.aws_vpc_ipv4_cidr_block_association.this"
          ]
        },
        {
          "index_key": 1,
          "schema_version": 0,
          "attributes": {
            "arn": "arn:aws:ec2:us-east-1:571600843687:route-table/rtb-014ead80ec3befbac",
            "id": "rtb-014ead80ec3befbac",
            "owner_id": "571600843687",
            "propagating_vgws": [],
            "route": [
              {
                "carrier_gateway_id": "",
                "cidr_block": "0.0.0.0/0",
                "core_network_arn": "",
                "destination_prefix_list_id": "",
                "egress_only_gateway_id": "",
                "gateway_id": "",
                "instance_id": "",
                "ipv6_cidr_block": "",
                "local_gateway_id": "",
                "nat_gateway_id": "nat-0bf63d89deed4f454",
                "network_interface_id": "",
                "transit_gateway_id": "",
                "vpc_endpoint_id": "",
                "vpc_peering_connection_id": ""
              }
            ],
            "tags": {
              "Name": "wnb-tf-vpc-private-us-east-1b"
            },
            "tags_all": {
              "Enviroment": "dev",
              "Example": "PublicDnsExternal",
              "GithubOrg": "wandb",
              "GithubRepo": "terraform-aws-wandb",
              "Name": "wnb-tf-vpc-private-us-east-1b"
            },
            "timeouts": null,
            "vpc_id": "vpc-054f2a122628623a2"
          },
          "sensitive_attributes": [],
          "private": "eyJlMmJmYjczMC1lY2FhLTExZTYtOGY4OC0zNDM2M2JjN2M0YzAiOnsiY3JlYXRlIjozMDAwMDAwMDAwMDAsImRlbGV0ZSI6MzAwMDAwMDAwMDAwLCJ1cGRhdGUiOjEyMDAwMDAwMDAwMH19",
          "dependencies": [
            "module.wandb_infra.module.networking.data.aws_availability_zones.available",
            "module.wandb_infra.module.networking.module.vpc.aws_vpc.this",
            "module.wandb_infra.module.networking.module.vpc.aws_vpc_ipv4_cidr_block_association.this"
          ]
        }
      ]
    },
    {
      "module": "module.wandb_infra.module.networking.module.vpc",
      "mode": "managed",
      "type": "aws_route_table",
      "name": "public",
      "provider": "provider[\"registry.terraform.io/hashicorp/aws\"]",
      "instances": [
        {
          "index_key": 0,
          "schema_version": 0,
          "attributes": {
            "arn": "arn:aws:ec2:us-east-1:571600843687:route-table/rtb-046281c71f206e430",
            "id": "rtb-046281c71f206e430",
            "owner_id": "571600843687",
            "propagating_vgws": [],
            "route": [
              {
                "carrier_gateway_id": "",
                "cidr_block": "0.0.0.0/0",
                "core_network_arn": "",
                "destination_prefix_list_id": "",
                "egress_only_gateway_id": "",
                "gateway_id": "igw-028f185130fab1f29",
                "instance_id": "",
                "ipv6_cidr_block": "",
                "local_gateway_id": "",
                "nat_gateway_id": "",
                "network_interface_id": "",
                "transit_gateway_id": "",
                "vpc_endpoint_id": "",
                "vpc_peering_connection_id": ""
              }
            ],
            "tags": {
              "Name": "wnb-tf-vpc-public"
            },
            "tags_all": {
              "Enviroment": "dev",
              "Example": "PublicDnsExternal",
              "GithubOrg": "wandb",
              "GithubRepo": "terraform-aws-wandb",
              "Name": "wnb-tf-vpc-public"
            },
            "timeouts": null,
            "vpc_id": "vpc-054f2a122628623a2"
          },
          "sensitive_attributes": [],
          "private": "eyJlMmJmYjczMC1lY2FhLTExZTYtOGY4OC0zNDM2M2JjN2M0YzAiOnsiY3JlYXRlIjozMDAwMDAwMDAwMDAsImRlbGV0ZSI6MzAwMDAwMDAwMDAwLCJ1cGRhdGUiOjEyMDAwMDAwMDAwMH19",
          "dependencies": [
            "module.wandb_infra.module.networking.module.vpc.aws_vpc.this",
            "module.wandb_infra.module.networking.module.vpc.aws_vpc_ipv4_cidr_block_association.this"
          ]
        }
      ]
    },
    {
      "module": "module.wandb_infra.module.networking.module.vpc",
      "mode": "managed",
      "type": "aws_route_table",
      "name": "redshift",
      "provider": "provider[\"registry.terraform.io/hashicorp/aws\"]",
      "instances": []
    },
    {
      "module": "module.wandb_infra.module.networking.module.vpc",
      "mode": "managed",
      "type": "aws_route_table_association",
      "name": "database",
      "provider": "provider[\"registry.terraform.io/hashicorp/aws\"]",
      "instances": [
        {
          "index_key": 0,
          "schema_version": 0,
          "attributes": {
            "gateway_id": "",
            "id": "rtbassoc-0617b0f62ca0dd807",
            "route_table_id": "rtb-07e186bdcd9aa381a",
            "subnet_id": "subnet-02aed7565796c4208",
            "timeouts": null
          },
          "sensitive_attributes": [],
          "private": "eyJlMmJmYjczMC1lY2FhLTExZTYtOGY4OC0zNDM2M2JjN2M0YzAiOnsiY3JlYXRlIjozMDAwMDAwMDAwMDAsImRlbGV0ZSI6MzAwMDAwMDAwMDAwLCJ1cGRhdGUiOjEyMDAwMDAwMDAwMH19",
          "dependencies": [
            "module.wandb_infra.module.networking.data.aws_availability_zones.available",
            "module.wandb_infra.module.networking.module.vpc.aws_route_table.database",
            "module.wandb_infra.module.networking.module.vpc.aws_route_table.private",
            "module.wandb_infra.module.networking.module.vpc.aws_subnet.database",
            "module.wandb_infra.module.networking.module.vpc.aws_vpc.this",
            "module.wandb_infra.module.networking.module.vpc.aws_vpc_ipv4_cidr_block_association.this"
          ]
        },
        {
          "index_key": 1,
          "schema_version": 0,
          "attributes": {
            "gateway_id": "",
            "id": "rtbassoc-08a77328941cd6099",
            "route_table_id": "rtb-014ead80ec3befbac",
            "subnet_id": "subnet-094b8337bd7d97d05",
            "timeouts": null
          },
          "sensitive_attributes": [],
          "private": "eyJlMmJmYjczMC1lY2FhLTExZTYtOGY4OC0zNDM2M2JjN2M0YzAiOnsiY3JlYXRlIjozMDAwMDAwMDAwMDAsImRlbGV0ZSI6MzAwMDAwMDAwMDAwLCJ1cGRhdGUiOjEyMDAwMDAwMDAwMH19",
          "dependencies": [
            "module.wandb_infra.module.networking.data.aws_availability_zones.available",
            "module.wandb_infra.module.networking.module.vpc.aws_route_table.database",
            "module.wandb_infra.module.networking.module.vpc.aws_route_table.private",
            "module.wandb_infra.module.networking.module.vpc.aws_subnet.database",
            "module.wandb_infra.module.networking.module.vpc.aws_vpc.this",
            "module.wandb_infra.module.networking.module.vpc.aws_vpc_ipv4_cidr_block_association.this"
          ]
        }
      ]
    },
    {
      "module": "module.wandb_infra.module.networking.module.vpc",
      "mode": "managed",
      "type": "aws_route_table_association",
      "name": "elasticache",
      "provider": "provider[\"registry.terraform.io/hashicorp/aws\"]",
      "instances": [
        {
          "index_key": 0,
          "schema_version": 0,
          "attributes": {
            "gateway_id": "",
            "id": "rtbassoc-0a9d2885b1e245855",
            "route_table_id": "rtb-07e186bdcd9aa381a",
            "subnet_id": "subnet-09c1f15d5c1a2ce11",
            "timeouts": null
          },
          "sensitive_attributes": [],
          "private": "eyJlMmJmYjczMC1lY2FhLTExZTYtOGY4OC0zNDM2M2JjN2M0YzAiOnsiY3JlYXRlIjozMDAwMDAwMDAwMDAsImRlbGV0ZSI6MzAwMDAwMDAwMDAwLCJ1cGRhdGUiOjEyMDAwMDAwMDAwMH19",
          "dependencies": [
            "module.wandb_infra.module.networking.data.aws_availability_zones.available",
            "module.wandb_infra.module.networking.module.vpc.aws_route_table.elasticache",
            "module.wandb_infra.module.networking.module.vpc.aws_route_table.private",
            "module.wandb_infra.module.networking.module.vpc.aws_subnet.elasticache",
            "module.wandb_infra.module.networking.module.vpc.aws_vpc.this",
            "module.wandb_infra.module.networking.module.vpc.aws_vpc_ipv4_cidr_block_association.this"
          ]
        },
        {
          "index_key": 1,
          "schema_version": 0,
          "attributes": {
            "gateway_id": "",
            "id": "rtbassoc-0c851ff510198a6ba",
            "route_table_id": "rtb-014ead80ec3befbac",
            "subnet_id": "subnet-0ee1405a13661a6ac",
            "timeouts": null
          },
          "sensitive_attributes": [],
          "private": "eyJlMmJmYjczMC1lY2FhLTExZTYtOGY4OC0zNDM2M2JjN2M0YzAiOnsiY3JlYXRlIjozMDAwMDAwMDAwMDAsImRlbGV0ZSI6MzAwMDAwMDAwMDAwLCJ1cGRhdGUiOjEyMDAwMDAwMDAwMH19",
          "dependencies": [
            "module.wandb_infra.module.networking.data.aws_availability_zones.available",
            "module.wandb_infra.module.networking.module.vpc.aws_route_table.elasticache",
            "module.wandb_infra.module.networking.module.vpc.aws_route_table.private",
            "module.wandb_infra.module.networking.module.vpc.aws_subnet.elasticache",
            "module.wandb_infra.module.networking.module.vpc.aws_vpc.this",
            "module.wandb_infra.module.networking.module.vpc.aws_vpc_ipv4_cidr_block_association.this"
          ]
        }
      ]
    },
    {
      "module": "module.wandb_infra.module.networking.module.vpc",
      "mode": "managed",
      "type": "aws_route_table_association",
      "name": "intra",
      "provider": "provider[\"registry.terraform.io/hashicorp/aws\"]",
      "instances": []
    },
    {
      "module": "module.wandb_infra.module.networking.module.vpc",
      "mode": "managed",
      "type": "aws_route_table_association",
      "name": "outpost",
      "provider": "provider[\"registry.terraform.io/hashicorp/aws\"]",
      "instances": []
    },
    {
      "module": "module.wandb_infra.module.networking.module.vpc",
      "mode": "managed",
      "type": "aws_route_table_association",
      "name": "private",
      "provider": "provider[\"registry.terraform.io/hashicorp/aws\"]",
      "instances": [
        {
          "index_key": 0,
          "schema_version": 0,
          "attributes": {
            "gateway_id": "",
            "id": "rtbassoc-0224b03ba333eb2a1",
            "route_table_id": "rtb-07e186bdcd9aa381a",
            "subnet_id": "subnet-0fe7c88ba77ec5d34",
            "timeouts": null
          },
          "sensitive_attributes": [],
          "private": "eyJlMmJmYjczMC1lY2FhLTExZTYtOGY4OC0zNDM2M2JjN2M0YzAiOnsiY3JlYXRlIjozMDAwMDAwMDAwMDAsImRlbGV0ZSI6MzAwMDAwMDAwMDAwLCJ1cGRhdGUiOjEyMDAwMDAwMDAwMH19",
          "dependencies": [
            "module.wandb_infra.module.networking.data.aws_availability_zones.available",
            "module.wandb_infra.module.networking.module.vpc.aws_route_table.private",
            "module.wandb_infra.module.networking.module.vpc.aws_subnet.private",
            "module.wandb_infra.module.networking.module.vpc.aws_vpc.this",
            "module.wandb_infra.module.networking.module.vpc.aws_vpc_ipv4_cidr_block_association.this"
          ]
        },
        {
          "index_key": 1,
          "schema_version": 0,
          "attributes": {
            "gateway_id": "",
            "id": "rtbassoc-0447bffb4e7392330",
            "route_table_id": "rtb-014ead80ec3befbac",
            "subnet_id": "subnet-05024a9be99979c8c",
            "timeouts": null
          },
          "sensitive_attributes": [],
          "private": "eyJlMmJmYjczMC1lY2FhLTExZTYtOGY4OC0zNDM2M2JjN2M0YzAiOnsiY3JlYXRlIjozMDAwMDAwMDAwMDAsImRlbGV0ZSI6MzAwMDAwMDAwMDAwLCJ1cGRhdGUiOjEyMDAwMDAwMDAwMH19",
          "dependencies": [
            "module.wandb_infra.module.networking.data.aws_availability_zones.available",
            "module.wandb_infra.module.networking.module.vpc.aws_route_table.private",
            "module.wandb_infra.module.networking.module.vpc.aws_subnet.private",
            "module.wandb_infra.module.networking.module.vpc.aws_vpc.this",
            "module.wandb_infra.module.networking.module.vpc.aws_vpc_ipv4_cidr_block_association.this"
          ]
        }
      ]
    },
    {
      "module": "module.wandb_infra.module.networking.module.vpc",
      "mode": "managed",
      "type": "aws_route_table_association",
      "name": "public",
      "provider": "provider[\"registry.terraform.io/hashicorp/aws\"]",
      "instances": [
        {
          "index_key": 0,
          "schema_version": 0,
          "attributes": {
            "gateway_id": "",
            "id": "rtbassoc-073c0b6a3a3901354",
            "route_table_id": "rtb-046281c71f206e430",
            "subnet_id": "subnet-05d442d0315350e06",
            "timeouts": null
          },
          "sensitive_attributes": [],
          "private": "eyJlMmJmYjczMC1lY2FhLTExZTYtOGY4OC0zNDM2M2JjN2M0YzAiOnsiY3JlYXRlIjozMDAwMDAwMDAwMDAsImRlbGV0ZSI6MzAwMDAwMDAwMDAwLCJ1cGRhdGUiOjEyMDAwMDAwMDAwMH19",
          "dependencies": [
            "module.wandb_infra.module.networking.data.aws_availability_zones.available",
            "module.wandb_infra.module.networking.module.vpc.aws_route_table.public",
            "module.wandb_infra.module.networking.module.vpc.aws_subnet.public",
            "module.wandb_infra.module.networking.module.vpc.aws_vpc.this",
            "module.wandb_infra.module.networking.module.vpc.aws_vpc_ipv4_cidr_block_association.this"
          ]
        },
        {
          "index_key": 1,
          "schema_version": 0,
          "attributes": {
            "gateway_id": "",
            "id": "rtbassoc-0af8f44457bd0096e",
            "route_table_id": "rtb-046281c71f206e430",
            "subnet_id": "subnet-0b13a55e8a9768d83",
            "timeouts": null
          },
          "sensitive_attributes": [],
          "private": "eyJlMmJmYjczMC1lY2FhLTExZTYtOGY4OC0zNDM2M2JjN2M0YzAiOnsiY3JlYXRlIjozMDAwMDAwMDAwMDAsImRlbGV0ZSI6MzAwMDAwMDAwMDAwLCJ1cGRhdGUiOjEyMDAwMDAwMDAwMH19",
          "dependencies": [
            "module.wandb_infra.module.networking.data.aws_availability_zones.available",
            "module.wandb_infra.module.networking.module.vpc.aws_route_table.public",
            "module.wandb_infra.module.networking.module.vpc.aws_subnet.public",
            "module.wandb_infra.module.networking.module.vpc.aws_vpc.this",
            "module.wandb_infra.module.networking.module.vpc.aws_vpc_ipv4_cidr_block_association.this"
          ]
        }
      ]
    },
    {
      "module": "module.wandb_infra.module.networking.module.vpc",
      "mode": "managed",
      "type": "aws_route_table_association",
      "name": "redshift",
      "provider": "provider[\"registry.terraform.io/hashicorp/aws\"]",
      "instances": []
    },
    {
      "module": "module.wandb_infra.module.networking.module.vpc",
      "mode": "managed",
      "type": "aws_route_table_association",
      "name": "redshift_public",
      "provider": "provider[\"registry.terraform.io/hashicorp/aws\"]",
      "instances": []
    },
    {
      "module": "module.wandb_infra.module.networking.module.vpc",
      "mode": "managed",
      "type": "aws_subnet",
      "name": "database",
      "provider": "provider[\"registry.terraform.io/hashicorp/aws\"]",
      "instances": [
        {
          "index_key": 0,
          "schema_version": 1,
          "attributes": {
            "arn": "arn:aws:ec2:us-east-1:571600843687:subnet/subnet-02aed7565796c4208",
            "assign_ipv6_address_on_creation": false,
            "availability_zone": "us-east-1a",
            "availability_zone_id": "use1-az6",
            "cidr_block": "10.10.20.0/24",
            "customer_owned_ipv4_pool": "",
            "enable_dns64": false,
            "enable_lni_at_device_index": 0,
            "enable_resource_name_dns_a_record_on_launch": false,
            "enable_resource_name_dns_aaaa_record_on_launch": false,
            "id": "subnet-02aed7565796c4208",
            "ipv6_cidr_block": "",
            "ipv6_cidr_block_association_id": "",
            "ipv6_native": false,
            "map_customer_owned_ip_on_launch": false,
            "map_public_ip_on_launch": false,
            "outpost_arn": "",
            "owner_id": "571600843687",
            "private_dns_hostname_type_on_launch": "ip-name",
            "tags": {
              "Name": "wnb-tf-vpc-db-us-east-1a"
            },
            "tags_all": {
              "Enviroment": "dev",
              "Example": "PublicDnsExternal",
              "GithubOrg": "wandb",
              "GithubRepo": "terraform-aws-wandb",
              "Name": "wnb-tf-vpc-db-us-east-1a"
            },
            "timeouts": null,
            "vpc_id": "vpc-054f2a122628623a2"
          },
          "sensitive_attributes": [],
          "private": "eyJlMmJmYjczMC1lY2FhLTExZTYtOGY4OC0zNDM2M2JjN2M0YzAiOnsiY3JlYXRlIjo2MDAwMDAwMDAwMDAsImRlbGV0ZSI6MTIwMDAwMDAwMDAwMH0sInNjaGVtYV92ZXJzaW9uIjoiMSJ9",
          "dependencies": [
            "module.wandb_infra.module.networking.data.aws_availability_zones.available",
            "module.wandb_infra.module.networking.module.vpc.aws_vpc.this",
            "module.wandb_infra.module.networking.module.vpc.aws_vpc_ipv4_cidr_block_association.this"
          ]
        },
        {
          "index_key": 1,
          "schema_version": 1,
          "attributes": {
            "arn": "arn:aws:ec2:us-east-1:571600843687:subnet/subnet-094b8337bd7d97d05",
            "assign_ipv6_address_on_creation": false,
            "availability_zone": "us-east-1b",
            "availability_zone_id": "use1-az1",
            "cidr_block": "10.10.21.0/24",
            "customer_owned_ipv4_pool": "",
            "enable_dns64": false,
            "enable_lni_at_device_index": 0,
            "enable_resource_name_dns_a_record_on_launch": false,
            "enable_resource_name_dns_aaaa_record_on_launch": false,
            "id": "subnet-094b8337bd7d97d05",
            "ipv6_cidr_block": "",
            "ipv6_cidr_block_association_id": "",
            "ipv6_native": false,
            "map_customer_owned_ip_on_launch": false,
            "map_public_ip_on_launch": false,
            "outpost_arn": "",
            "owner_id": "571600843687",
            "private_dns_hostname_type_on_launch": "ip-name",
            "tags": {
              "Name": "wnb-tf-vpc-db-us-east-1b"
            },
            "tags_all": {
              "Enviroment": "dev",
              "Example": "PublicDnsExternal",
              "GithubOrg": "wandb",
              "GithubRepo": "terraform-aws-wandb",
              "Name": "wnb-tf-vpc-db-us-east-1b"
            },
            "timeouts": null,
            "vpc_id": "vpc-054f2a122628623a2"
          },
          "sensitive_attributes": [],
          "private": "eyJlMmJmYjczMC1lY2FhLTExZTYtOGY4OC0zNDM2M2JjN2M0YzAiOnsiY3JlYXRlIjo2MDAwMDAwMDAwMDAsImRlbGV0ZSI6MTIwMDAwMDAwMDAwMH0sInNjaGVtYV92ZXJzaW9uIjoiMSJ9",
          "dependencies": [
            "module.wandb_infra.module.networking.data.aws_availability_zones.available",
            "module.wandb_infra.module.networking.module.vpc.aws_vpc.this",
            "module.wandb_infra.module.networking.module.vpc.aws_vpc_ipv4_cidr_block_association.this"
          ]
        }
      ]
    },
    {
      "module": "module.wandb_infra.module.networking.module.vpc",
      "mode": "managed",
      "type": "aws_subnet",
      "name": "elasticache",
      "provider": "provider[\"registry.terraform.io/hashicorp/aws\"]",
      "instances": [
        {
          "index_key": 0,
          "schema_version": 1,
          "attributes": {
            "arn": "arn:aws:ec2:us-east-1:571600843687:subnet/subnet-09c1f15d5c1a2ce11",
            "assign_ipv6_address_on_creation": false,
            "availability_zone": "us-east-1a",
            "availability_zone_id": "use1-az6",
            "cidr_block": "10.10.30.0/24",
            "customer_owned_ipv4_pool": "",
            "enable_dns64": false,
            "enable_lni_at_device_index": 0,
            "enable_resource_name_dns_a_record_on_launch": false,
            "enable_resource_name_dns_aaaa_record_on_launch": false,
            "id": "subnet-09c1f15d5c1a2ce11",
            "ipv6_cidr_block": "",
            "ipv6_cidr_block_association_id": "",
            "ipv6_native": false,
            "map_customer_owned_ip_on_launch": false,
            "map_public_ip_on_launch": false,
            "outpost_arn": "",
            "owner_id": "571600843687",
            "private_dns_hostname_type_on_launch": "ip-name",
            "tags": {
              "Name": "wnb-tf-vpc-elasticache-us-east-1a"
            },
            "tags_all": {
              "Enviroment": "dev",
              "Example": "PublicDnsExternal",
              "GithubOrg": "wandb",
              "GithubRepo": "terraform-aws-wandb",
              "Name": "wnb-tf-vpc-elasticache-us-east-1a"
            },
            "timeouts": null,
            "vpc_id": "vpc-054f2a122628623a2"
          },
          "sensitive_attributes": [],
          "private": "eyJlMmJmYjczMC1lY2FhLTExZTYtOGY4OC0zNDM2M2JjN2M0YzAiOnsiY3JlYXRlIjo2MDAwMDAwMDAwMDAsImRlbGV0ZSI6MTIwMDAwMDAwMDAwMH0sInNjaGVtYV92ZXJzaW9uIjoiMSJ9",
          "dependencies": [
            "module.wandb_infra.module.networking.data.aws_availability_zones.available",
            "module.wandb_infra.module.networking.module.vpc.aws_vpc.this",
            "module.wandb_infra.module.networking.module.vpc.aws_vpc_ipv4_cidr_block_association.this"
          ]
        },
        {
          "index_key": 1,
          "schema_version": 1,
          "attributes": {
            "arn": "arn:aws:ec2:us-east-1:571600843687:subnet/subnet-0ee1405a13661a6ac",
            "assign_ipv6_address_on_creation": false,
            "availability_zone": "us-east-1b",
            "availability_zone_id": "use1-az1",
            "cidr_block": "10.10.31.0/24",
            "customer_owned_ipv4_pool": "",
            "enable_dns64": false,
            "enable_lni_at_device_index": 0,
            "enable_resource_name_dns_a_record_on_launch": false,
            "enable_resource_name_dns_aaaa_record_on_launch": false,
            "id": "subnet-0ee1405a13661a6ac",
            "ipv6_cidr_block": "",
            "ipv6_cidr_block_association_id": "",
            "ipv6_native": false,
            "map_customer_owned_ip_on_launch": false,
            "map_public_ip_on_launch": false,
            "outpost_arn": "",
            "owner_id": "571600843687",
            "private_dns_hostname_type_on_launch": "ip-name",
            "tags": {
              "Name": "wnb-tf-vpc-elasticache-us-east-1b"
            },
            "tags_all": {
              "Enviroment": "dev",
              "Example": "PublicDnsExternal",
              "GithubOrg": "wandb",
              "GithubRepo": "terraform-aws-wandb",
              "Name": "wnb-tf-vpc-elasticache-us-east-1b"
            },
            "timeouts": null,
            "vpc_id": "vpc-054f2a122628623a2"
          },
          "sensitive_attributes": [],
          "private": "eyJlMmJmYjczMC1lY2FhLTExZTYtOGY4OC0zNDM2M2JjN2M0YzAiOnsiY3JlYXRlIjo2MDAwMDAwMDAwMDAsImRlbGV0ZSI6MTIwMDAwMDAwMDAwMH0sInNjaGVtYV92ZXJzaW9uIjoiMSJ9",
          "dependencies": [
            "module.wandb_infra.module.networking.data.aws_availability_zones.available",
            "module.wandb_infra.module.networking.module.vpc.aws_vpc.this",
            "module.wandb_infra.module.networking.module.vpc.aws_vpc_ipv4_cidr_block_association.this"
          ]
        }
      ]
    },
    {
      "module": "module.wandb_infra.module.networking.module.vpc",
      "mode": "managed",
      "type": "aws_subnet",
      "name": "intra",
      "provider": "provider[\"registry.terraform.io/hashicorp/aws\"]",
      "instances": []
    },
    {
      "module": "module.wandb_infra.module.networking.module.vpc",
      "mode": "managed",
      "type": "aws_subnet",
      "name": "outpost",
      "provider": "provider[\"registry.terraform.io/hashicorp/aws\"]",
      "instances": []
    },
    {
      "module": "module.wandb_infra.module.networking.module.vpc",
      "mode": "managed",
      "type": "aws_subnet",
      "name": "private",
      "provider": "provider[\"registry.terraform.io/hashicorp/aws\"]",
      "instances": [
        {
          "index_key": 0,
          "schema_version": 1,
          "attributes": {
            "arn": "arn:aws:ec2:us-east-1:571600843687:subnet/subnet-0fe7c88ba77ec5d34",
            "assign_ipv6_address_on_creation": false,
            "availability_zone": "us-east-1a",
            "availability_zone_id": "use1-az6",
            "cidr_block": "10.10.10.0/24",
            "customer_owned_ipv4_pool": "",
            "enable_dns64": false,
            "enable_lni_at_device_index": 0,
            "enable_resource_name_dns_a_record_on_launch": false,
            "enable_resource_name_dns_aaaa_record_on_launch": false,
            "id": "subnet-0fe7c88ba77ec5d34",
            "ipv6_cidr_block": "",
            "ipv6_cidr_block_association_id": "",
            "ipv6_native": false,
            "map_customer_owned_ip_on_launch": false,
            "map_public_ip_on_launch": false,
            "outpost_arn": "",
            "owner_id": "571600843687",
            "private_dns_hostname_type_on_launch": "ip-name",
            "tags": {
              "Name": "wnb-tf-vpc-private-us-east-1a"
            },
            "tags_all": {
              "Enviroment": "dev",
              "Example": "PublicDnsExternal",
              "GithubOrg": "wandb",
              "GithubRepo": "terraform-aws-wandb",
              "Name": "wnb-tf-vpc-private-us-east-1a"
            },
            "timeouts": null,
            "vpc_id": "vpc-054f2a122628623a2"
          },
          "sensitive_attributes": [],
          "private": "eyJlMmJmYjczMC1lY2FhLTExZTYtOGY4OC0zNDM2M2JjN2M0YzAiOnsiY3JlYXRlIjo2MDAwMDAwMDAwMDAsImRlbGV0ZSI6MTIwMDAwMDAwMDAwMH0sInNjaGVtYV92ZXJzaW9uIjoiMSJ9",
          "dependencies": [
            "module.wandb_infra.module.networking.data.aws_availability_zones.available",
            "module.wandb_infra.module.networking.module.vpc.aws_vpc.this",
            "module.wandb_infra.module.networking.module.vpc.aws_vpc_ipv4_cidr_block_association.this"
          ],
          "create_before_destroy": true
        },
        {
          "index_key": 1,
          "schema_version": 1,
          "attributes": {
            "arn": "arn:aws:ec2:us-east-1:571600843687:subnet/subnet-05024a9be99979c8c",
            "assign_ipv6_address_on_creation": false,
            "availability_zone": "us-east-1b",
            "availability_zone_id": "use1-az1",
            "cidr_block": "10.10.11.0/24",
            "customer_owned_ipv4_pool": "",
            "enable_dns64": false,
            "enable_lni_at_device_index": 0,
            "enable_resource_name_dns_a_record_on_launch": false,
            "enable_resource_name_dns_aaaa_record_on_launch": false,
            "id": "subnet-05024a9be99979c8c",
            "ipv6_cidr_block": "",
            "ipv6_cidr_block_association_id": "",
            "ipv6_native": false,
            "map_customer_owned_ip_on_launch": false,
            "map_public_ip_on_launch": false,
            "outpost_arn": "",
            "owner_id": "571600843687",
            "private_dns_hostname_type_on_launch": "ip-name",
            "tags": {
              "Name": "wnb-tf-vpc-private-us-east-1b"
            },
            "tags_all": {
              "Enviroment": "dev",
              "Example": "PublicDnsExternal",
              "GithubOrg": "wandb",
              "GithubRepo": "terraform-aws-wandb",
              "Name": "wnb-tf-vpc-private-us-east-1b"
            },
            "timeouts": null,
            "vpc_id": "vpc-054f2a122628623a2"
          },
          "sensitive_attributes": [],
          "private": "eyJlMmJmYjczMC1lY2FhLTExZTYtOGY4OC0zNDM2M2JjN2M0YzAiOnsiY3JlYXRlIjo2MDAwMDAwMDAwMDAsImRlbGV0ZSI6MTIwMDAwMDAwMDAwMH0sInNjaGVtYV92ZXJzaW9uIjoiMSJ9",
          "dependencies": [
            "module.wandb_infra.module.networking.data.aws_availability_zones.available",
            "module.wandb_infra.module.networking.module.vpc.aws_vpc.this",
            "module.wandb_infra.module.networking.module.vpc.aws_vpc_ipv4_cidr_block_association.this"
          ],
          "create_before_destroy": true
        }
      ]
    },
    {
      "module": "module.wandb_infra.module.networking.module.vpc",
      "mode": "managed",
      "type": "aws_subnet",
      "name": "public",
      "provider": "provider[\"registry.terraform.io/hashicorp/aws\"]",
      "instances": [
        {
          "index_key": 0,
          "schema_version": 1,
          "attributes": {
            "arn": "arn:aws:ec2:us-east-1:571600843687:subnet/subnet-05d442d0315350e06",
            "assign_ipv6_address_on_creation": false,
            "availability_zone": "us-east-1a",
            "availability_zone_id": "use1-az6",
            "cidr_block": "10.10.0.0/24",
            "customer_owned_ipv4_pool": "",
            "enable_dns64": false,
            "enable_lni_at_device_index": 0,
            "enable_resource_name_dns_a_record_on_launch": false,
            "enable_resource_name_dns_aaaa_record_on_launch": false,
            "id": "subnet-05d442d0315350e06",
            "ipv6_cidr_block": "",
            "ipv6_cidr_block_association_id": "",
            "ipv6_native": false,
            "map_customer_owned_ip_on_launch": false,
            "map_public_ip_on_launch": true,
            "outpost_arn": "",
            "owner_id": "571600843687",
            "private_dns_hostname_type_on_launch": "ip-name",
            "tags": {
              "Name": "wnb-tf-vpc-public-us-east-1a"
            },
            "tags_all": {
              "Enviroment": "dev",
              "Example": "PublicDnsExternal",
              "GithubOrg": "wandb",
              "GithubRepo": "terraform-aws-wandb",
              "Name": "wnb-tf-vpc-public-us-east-1a"
            },
            "timeouts": null,
            "vpc_id": "vpc-054f2a122628623a2"
          },
          "sensitive_attributes": [],
          "private": "eyJlMmJmYjczMC1lY2FhLTExZTYtOGY4OC0zNDM2M2JjN2M0YzAiOnsiY3JlYXRlIjo2MDAwMDAwMDAwMDAsImRlbGV0ZSI6MTIwMDAwMDAwMDAwMH0sInNjaGVtYV92ZXJzaW9uIjoiMSJ9",
          "dependencies": [
            "module.wandb_infra.module.networking.data.aws_availability_zones.available",
            "module.wandb_infra.module.networking.module.vpc.aws_vpc.this",
            "module.wandb_infra.module.networking.module.vpc.aws_vpc_ipv4_cidr_block_association.this"
          ]
        },
        {
          "index_key": 1,
          "schema_version": 1,
          "attributes": {
            "arn": "arn:aws:ec2:us-east-1:571600843687:subnet/subnet-0b13a55e8a9768d83",
            "assign_ipv6_address_on_creation": false,
            "availability_zone": "us-east-1b",
            "availability_zone_id": "use1-az1",
            "cidr_block": "10.10.1.0/24",
            "customer_owned_ipv4_pool": "",
            "enable_dns64": false,
            "enable_lni_at_device_index": 0,
            "enable_resource_name_dns_a_record_on_launch": false,
            "enable_resource_name_dns_aaaa_record_on_launch": false,
            "id": "subnet-0b13a55e8a9768d83",
            "ipv6_cidr_block": "",
            "ipv6_cidr_block_association_id": "",
            "ipv6_native": false,
            "map_customer_owned_ip_on_launch": false,
            "map_public_ip_on_launch": true,
            "outpost_arn": "",
            "owner_id": "571600843687",
            "private_dns_hostname_type_on_launch": "ip-name",
            "tags": {
              "Name": "wnb-tf-vpc-public-us-east-1b"
            },
            "tags_all": {
              "Enviroment": "dev",
              "Example": "PublicDnsExternal",
              "GithubOrg": "wandb",
              "GithubRepo": "terraform-aws-wandb",
              "Name": "wnb-tf-vpc-public-us-east-1b"
            },
            "timeouts": null,
            "vpc_id": "vpc-054f2a122628623a2"
          },
          "sensitive_attributes": [],
          "private": "eyJlMmJmYjczMC1lY2FhLTExZTYtOGY4OC0zNDM2M2JjN2M0YzAiOnsiY3JlYXRlIjo2MDAwMDAwMDAwMDAsImRlbGV0ZSI6MTIwMDAwMDAwMDAwMH0sInNjaGVtYV92ZXJzaW9uIjoiMSJ9",
          "dependencies": [
            "module.wandb_infra.module.networking.data.aws_availability_zones.available",
            "module.wandb_infra.module.networking.module.vpc.aws_vpc.this",
            "module.wandb_infra.module.networking.module.vpc.aws_vpc_ipv4_cidr_block_association.this"
          ]
        }
      ]
    },
    {
      "module": "module.wandb_infra.module.networking.module.vpc",
      "mode": "managed",
      "type": "aws_subnet",
      "name": "redshift",
      "provider": "provider[\"registry.terraform.io/hashicorp/aws\"]",
      "instances": []
    },
    {
      "module": "module.wandb_infra.module.networking.module.vpc",
      "mode": "managed",
      "type": "aws_vpc",
      "name": "this",
      "provider": "provider[\"registry.terraform.io/hashicorp/aws\"]",
      "instances": [
        {
          "index_key": 0,
          "schema_version": 1,
          "attributes": {
            "arn": "arn:aws:ec2:us-east-1:571600843687:vpc/vpc-054f2a122628623a2",
            "assign_generated_ipv6_cidr_block": false,
            "cidr_block": "10.10.0.0/16",
            "default_network_acl_id": "acl-02bfa97b51a12d260",
            "default_route_table_id": "rtb-046d92dd72dc515d2",
            "default_security_group_id": "sg-0993adef8e7663996",
            "dhcp_options_id": "dopt-013e7df25918f89bd",
            "enable_classiclink": false,
            "enable_classiclink_dns_support": false,
            "enable_dns_hostnames": true,
            "enable_dns_support": true,
            "enable_network_address_usage_metrics": false,
            "id": "vpc-054f2a122628623a2",
            "instance_tenancy": "default",
            "ipv4_ipam_pool_id": null,
            "ipv4_netmask_length": null,
            "ipv6_association_id": "",
            "ipv6_cidr_block": "",
            "ipv6_cidr_block_network_border_group": "",
            "ipv6_ipam_pool_id": "",
            "ipv6_netmask_length": 0,
            "main_route_table_id": "rtb-046d92dd72dc515d2",
            "owner_id": "571600843687",
            "tags": {
              "Name": "wnb-tf-vpc"
            },
            "tags_all": {
              "Enviroment": "dev",
              "Example": "PublicDnsExternal",
              "GithubOrg": "wandb",
              "GithubRepo": "terraform-aws-wandb",
              "Name": "wnb-tf-vpc"
            }
          },
          "sensitive_attributes": [],
          "private": "eyJzY2hlbWFfdmVyc2lvbiI6IjEifQ==",
          "create_before_destroy": true
        }
      ]
    },
    {
      "module": "module.wandb_infra.module.networking.module.vpc",
      "mode": "managed",
      "type": "aws_vpc_dhcp_options",
      "name": "this",
      "provider": "provider[\"registry.terraform.io/hashicorp/aws\"]",
      "instances": []
    },
    {
      "module": "module.wandb_infra.module.networking.module.vpc",
      "mode": "managed",
      "type": "aws_vpc_dhcp_options_association",
      "name": "this",
      "provider": "provider[\"registry.terraform.io/hashicorp/aws\"]",
      "instances": []
    },
    {
      "module": "module.wandb_infra.module.networking.module.vpc",
      "mode": "managed",
      "type": "aws_vpc_ipv4_cidr_block_association",
      "name": "this",
      "provider": "provider[\"registry.terraform.io/hashicorp/aws\"]",
      "instances": []
    },
    {
      "module": "module.wandb_infra.module.networking.module.vpc",
      "mode": "managed",
      "type": "aws_vpn_gateway",
      "name": "this",
      "provider": "provider[\"registry.terraform.io/hashicorp/aws\"]",
      "instances": []
    },
    {
      "module": "module.wandb_infra.module.networking.module.vpc",
      "mode": "managed",
      "type": "aws_vpn_gateway_attachment",
      "name": "this",
      "provider": "provider[\"registry.terraform.io/hashicorp/aws\"]",
      "instances": []
    },
    {
      "module": "module.wandb_infra.module.networking.module.vpc",
      "mode": "managed",
      "type": "aws_vpn_gateway_route_propagation",
      "name": "intra",
      "provider": "provider[\"registry.terraform.io/hashicorp/aws\"]",
      "instances": []
    },
    {
      "module": "module.wandb_infra.module.networking.module.vpc",
      "mode": "managed",
      "type": "aws_vpn_gateway_route_propagation",
      "name": "private",
      "provider": "provider[\"registry.terraform.io/hashicorp/aws\"]",
      "instances": []
    },
    {
      "module": "module.wandb_infra.module.networking.module.vpc",
      "mode": "managed",
      "type": "aws_vpn_gateway_route_propagation",
      "name": "public",
      "provider": "provider[\"registry.terraform.io/hashicorp/aws\"]",
      "instances": []
    },
    {
      "module": "module.wandb_infra.module.redis[0]",
      "mode": "managed",
      "type": "aws_elasticache_replication_group",
      "name": "default",
      "provider": "provider[\"registry.terraform.io/hashicorp/aws\"]",
      "instances": [
        {
          "schema_version": 1,
          "attributes": {
            "apply_immediately": null,
            "arn": "arn:aws:elasticache:us-east-1:571600843687:replicationgroup:wnb-tf-rep-group",
            "at_rest_encryption_enabled": true,
            "auth_token": "",
            "auto_minor_version_upgrade": "true",
            "automatic_failover_enabled": true,
            "availability_zones": null,
            "cluster_enabled": false,
            "cluster_mode": [
              {
                "num_node_groups": 1,
                "replicas_per_node_group": 1
              }
            ],
            "configuration_endpoint_address": null,
            "data_tiering_enabled": false,
            "description": "wnb-tf-rep-group",
            "engine": "redis",
            "engine_version": "6.x",
            "engine_version_actual": "6.2.6",
            "final_snapshot_identifier": null,
            "global_replication_group_id": null,
            "id": "wnb-tf-rep-group",
            "kms_key_id": "arn:aws:kms:us-east-1:571600843687:key/ab04a8fa-4c24-4a87-a61a-c4c6e73190b3",
            "log_delivery_configuration": [],
            "maintenance_window": "sun:03:00-sun:04:00",
            "member_clusters": [
              "wnb-tf-rep-group-001",
              "wnb-tf-rep-group-002"
            ],
            "multi_az_enabled": true,
            "node_type": "cache.t2.medium",
            "notification_topic_arn": null,
            "num_cache_clusters": 2,
            "num_node_groups": 1,
            "number_cache_clusters": 2,
            "parameter_group_name": "default.redis6.x",
            "port": 6379,
            "preferred_cache_cluster_azs": null,
            "primary_endpoint_address": "master.wnb-tf-rep-group.yfa1jk.use1.cache.amazonaws.com",
            "reader_endpoint_address": "replica.wnb-tf-rep-group.yfa1jk.use1.cache.amazonaws.com",
            "replicas_per_node_group": 1,
            "replication_group_description": "wnb-tf-rep-group",
            "replication_group_id": "wnb-tf-rep-group",
            "security_group_ids": [
              "sg-0a52288cc5a749f4f"
            ],
            "security_group_names": [],
            "snapshot_arns": null,
            "snapshot_name": null,
            "snapshot_retention_limit": 1,
            "snapshot_window": "09:00-10:00",
            "subnet_group_name": "wnb-tf-vpc",
            "tags": {},
            "tags_all": {
              "Enviroment": "dev",
              "Example": "PublicDnsExternal",
              "GithubOrg": "wandb",
              "GithubRepo": "terraform-aws-wandb"
            },
            "timeouts": null,
            "transit_encryption_enabled": true,
            "user_group_ids": []
          },
          "sensitive_attributes": [
            [
              {
                "type": "get_attr",
                "value": "auth_token"
              }
            ]
          ],
          "private": "eyJlMmJmYjczMC1lY2FhLTExZTYtOGY4OC0zNDM2M2JjN2M0YzAiOnsiY3JlYXRlIjozNjAwMDAwMDAwMDAwLCJkZWxldGUiOjI0MDAwMDAwMDAwMDAsInVwZGF0ZSI6MjQwMDAwMDAwMDAwMH0sInNjaGVtYV92ZXJzaW9uIjoiMSJ9",
          "dependencies": [
            "module.wandb_infra.module.kms.aws_kms_key.key",
            "module.wandb_infra.module.kms.data.aws_caller_identity.current",
            "module.wandb_infra.module.networking.data.aws_availability_zones.available",
            "module.wandb_infra.module.networking.module.vpc.aws_elasticache_subnet_group.elasticache",
            "module.wandb_infra.module.networking.module.vpc.aws_subnet.elasticache",
            "module.wandb_infra.module.networking.module.vpc.aws_vpc.this",
            "module.wandb_infra.module.networking.module.vpc.aws_vpc_ipv4_cidr_block_association.this",
            "module.wandb_infra.module.redis.aws_security_group.redis"
          ]
        }
      ]
    },
    {
      "module": "module.wandb_infra.module.redis[0]",
      "mode": "managed",
      "type": "aws_security_group",
      "name": "redis",
      "provider": "provider[\"registry.terraform.io/hashicorp/aws\"]",
      "instances": [
        {
          "schema_version": 1,
          "attributes": {
            "arn": "arn:aws:ec2:us-east-1:571600843687:security-group/sg-0a52288cc5a749f4f",
            "description": "Managed by Terraform",
            "egress": [
              {
                "cidr_blocks": [
                  "10.10.30.0/24",
                  "10.10.31.0/24"
                ],
                "description": "",
                "from_port": 6379,
                "ipv6_cidr_blocks": [],
                "prefix_list_ids": [],
                "protocol": "tcp",
                "security_groups": [],
                "self": false,
                "to_port": 6379
              }
            ],
            "id": "sg-0a52288cc5a749f4f",
            "ingress": [
              {
                "cidr_blocks": [
                  "10.10.30.0/24",
                  "10.10.31.0/24"
                ],
                "description": "",
                "from_port": 6379,
                "ipv6_cidr_blocks": [],
                "prefix_list_ids": [],
                "protocol": "tcp",
                "security_groups": [],
                "self": false,
                "to_port": 6379
              },
              {
                "cidr_blocks": [],
                "description": "Allow inbound traffic from EKS workers to elasticache",
                "from_port": 6379,
                "ipv6_cidr_blocks": [],
                "prefix_list_ids": [],
                "protocol": "tcp",
                "security_groups": [
                  "sg-0f135f7cc62eec2ce"
                ],
                "self": false,
                "to_port": 6379
              }
            ],
            "name": "wnb-tf-elasticache-security-group",
            "name_prefix": "",
            "owner_id": "571600843687",
            "revoke_rules_on_delete": false,
            "tags": {},
            "tags_all": {
              "Enviroment": "dev",
              "Example": "PublicDnsExternal",
              "GithubOrg": "wandb",
              "GithubRepo": "terraform-aws-wandb"
            },
            "timeouts": null,
            "vpc_id": "vpc-054f2a122628623a2"
          },
          "sensitive_attributes": [],
          "private": "eyJlMmJmYjczMC1lY2FhLTExZTYtOGY4OC0zNDM2M2JjN2M0YzAiOnsiY3JlYXRlIjo2MDAwMDAwMDAwMDAsImRlbGV0ZSI6OTAwMDAwMDAwMDAwfSwic2NoZW1hX3ZlcnNpb24iOiIxIn0=",
          "dependencies": [
            "module.wandb_infra.module.networking.module.vpc.aws_vpc.this"
          ]
        }
      ]
    },
    {
      "module": "module.wandb_infra.module.redis[0]",
      "mode": "managed",
      "type": "aws_security_group_rule",
      "name": "egress",
      "provider": "provider[\"registry.terraform.io/hashicorp/aws\"]",
      "instances": [
        {
          "schema_version": 2,
          "attributes": {
            "cidr_blocks": [
              "10.10.30.0/24",
              "10.10.31.0/24"
            ],
            "description": "",
            "from_port": 6379,
            "id": "sgrule-3341008902",
            "ipv6_cidr_blocks": null,
            "prefix_list_ids": null,
            "protocol": "tcp",
            "security_group_id": "sg-0a52288cc5a749f4f",
            "security_group_rule_id": "",
            "self": false,
            "source_security_group_id": null,
            "timeouts": null,
            "to_port": 6379,
            "type": "egress"
          },
          "sensitive_attributes": [],
          "private": "eyJlMmJmYjczMC1lY2FhLTExZTYtOGY4OC0zNDM2M2JjN2M0YzAiOnsiY3JlYXRlIjozMDAwMDAwMDAwMDB9LCJzY2hlbWFfdmVyc2lvbiI6IjIifQ==",
          "dependencies": [
            "module.wandb_infra.module.networking.data.aws_availability_zones.available",
            "module.wandb_infra.module.networking.module.vpc.aws_subnet.elasticache",
            "module.wandb_infra.module.networking.module.vpc.aws_vpc.this",
            "module.wandb_infra.module.networking.module.vpc.aws_vpc_ipv4_cidr_block_association.this",
            "module.wandb_infra.module.redis.aws_security_group.redis"
          ]
        }
      ]
    },
    {
      "module": "module.wandb_infra.module.redis[0]",
      "mode": "managed",
      "type": "aws_security_group_rule",
      "name": "ingress",
      "provider": "provider[\"registry.terraform.io/hashicorp/aws\"]",
      "instances": [
        {
          "schema_version": 2,
          "attributes": {
            "cidr_blocks": [
              "10.10.30.0/24",
              "10.10.31.0/24"
            ],
            "description": "",
            "from_port": 6379,
            "id": "sgrule-1526233406",
            "ipv6_cidr_blocks": null,
            "prefix_list_ids": null,
            "protocol": "tcp",
            "security_group_id": "sg-0a52288cc5a749f4f",
            "security_group_rule_id": "",
            "self": false,
            "source_security_group_id": null,
            "timeouts": null,
            "to_port": 6379,
            "type": "ingress"
          },
          "sensitive_attributes": [],
          "private": "eyJlMmJmYjczMC1lY2FhLTExZTYtOGY4OC0zNDM2M2JjN2M0YzAiOnsiY3JlYXRlIjozMDAwMDAwMDAwMDB9LCJzY2hlbWFfdmVyc2lvbiI6IjIifQ==",
          "dependencies": [
            "module.wandb_infra.module.networking.data.aws_availability_zones.available",
            "module.wandb_infra.module.networking.module.vpc.aws_subnet.elasticache",
            "module.wandb_infra.module.networking.module.vpc.aws_vpc.this",
            "module.wandb_infra.module.networking.module.vpc.aws_vpc_ipv4_cidr_block_association.this",
            "module.wandb_infra.module.redis.aws_security_group.redis"
          ]
        }
      ]
    }
  ],
  "check_results": [
    {
      "object_kind": "var",
      "config_addr": "module.wandb_infra.module.acm.var.validation_method",
      "status": "pass",
      "objects": [
        {
          "object_addr": "module.wandb_infra.module.acm.var.validation_method",
          "status": "pass"
        }
      ]
    },
    {
      "object_kind": "var",
      "config_addr": "module.wandb_app.var.oidc_auth_method",
      "status": "unknown",
      "objects": [
        {
          "object_addr": "module.wandb_app.var.oidc_auth_method",
          "status": "unknown"
        }
      ]
    },
    {
      "object_kind": "var",
      "config_addr": "module.wandb_infra.module.app_lb.var.load_balancing_scheme",
      "status": "pass",
      "objects": [
        {
          "object_addr": "module.wandb_infra.module.app_lb.var.load_balancing_scheme",
          "status": "pass"
        }
      ]
    }
  ]
}
